{
  "version": 4,
  "terraform_version": "1.15.1",
  "serial": 16,
  "lineage": "4407f87f-ee70-15cf-6c55-98fd4ab42f2b",
  "outputs": {},
  "resources": [
    {
      "mode": "managed",
      "type": "local_file",
      "name": "kp_private",
      "provider": "provider[\"registry.terraform.io/hashicorp/local\"]",
      "instances": [
        {
          "schema_version": 0,
          "attributes": {
            "content": "-----BEGIN RSA PRIVATE KEY-----\nMIIEogIBAAKCAQEApIiBNqUHDlttHlyEt6VZCG7Hb8t3iNOWpJHkP8FOeRLkSpEJ\nedfm3aTkF96a/1+dlgZxzSk8oKlbWuXwQ7vY/1yzLGdpkN2GSXTL2DH2cA9YFjv/\nncv/yZ0WIzDw6ROcRM9cKVLTzXVW/bXxT+0wdR8wJtKoNCDvpPZCwH37krAI8A/s\nwagyoYKCOisZ2jIKxjpSIKBGb3PpGVo2bbShyb7gvDYlnkIINY7JiaSHdDvxaUZv\nnWlMooBI1X29r2p0JAZURr8ZwPTW5RtlpTCL7JS2sN+vuFCTimflIsPCjRoU/vs2\njfUIqYGYD+Mdk7xb/YJwWryLMCRHWgPX28vcTQIDAQABAoIBAEIRPjF/GtI9DBgA\n9pn3n0Svlw3hGeKrc/YpTwn6yVP8rgbzLmbqtx2RNLYRARRChLjVZaUIRfwNhU1+\nv3ezWnNP+fJ+o/kzutSMPb5WcaqVvr1O4lmurMt8dIM1B8fPxBQtX8iIJdx+navK\n/1ck2yxslZ1BQaGNCC2pZSx+aiKAQEWxtfGJt0Y6mXPa8zncIlWYD/5Elwz+ZKHt\nL/uHhO7BxJ/dDPY4XX4T/wJa1FJs8N5ZWSIvaK6aKLrc+fErZEXqBjWglgKeteYe\n+dIp5GozhBJ+VojBTSJESOKS/pBed07qXXSKR442oF82+G1UWf7iaeAPF/5ISsAs\nqk9KH1ECgYEA2K/1pYrUID1I5YOsAfnRFI2AGNQA38gq7+zOVZ6tAjC7Xl6wZNgy\nyFcN5hDmVA7rcO92UOom1V0KHw8ZR+w+Kpb1iPBRnm2TCtLtldExvEhKEw+UZ+nu\n9rUHpV1lPaEoGg96KlnMvoOXIAlWkKjQHXbucwegBpaF9nK7ArmKlQMCgYEAwmI/\ncT8Az/hECyjGsyBRH3N/6y5OBhkgaVpxyevyLbhPtE/jGBk9ZsvFwG2ioBBbozEk\nrhgnAVlvPk92MibkA6cnKtSNWpvUHVl052+5BHGrCkxne0GZtHUETxz/3/swR+2o\nsfB0IKnYHcV+vYP0dg9jOc7rQVjnz2ab9nFRwG8CgYBp2IIIzCjUWrtaCZijGnGs\nNXaGKkEHDxMSQb2Ei079i+pqrZxClm0v+X47jLPGCceuUfqcidRQUvNXupthy5+O\nVFE6BBIKboHuPpx5m0dNLo6oguq+W8Iz1rgWaenDUg5xtG+7ckQWJ9dRed5EKYIH\ncooFvIrJzQtBGEgLi7CLGwKBgGwJgStnEgOFAASXyEA8wPnTDxDerpzzEDGeBEpv\nKi5BF4OnNxfox1i//wwho1aFYPlF0hY09FDqrUqbjZz4QpjJKZrDgkEPBQi+9JvB\nW7rdlmvl5Un7PvuuYhO6kXiiusXvkGg9tb2FyMlbQEMC+Tc4/DRgDh9G06hRZnPF\nreNfAoGAZ3MkSnTI8iLpYPYlHIMk9aeN0SkgrwyyoXFPlmX4Vli3FIx1RHKlML3w\nKlgrgXZXfR3zNcSigxD6dfRGuu9sfKbLKUIZ3KrtU54pkDVzOPvld0caCpz4gFm2\nBUJn5Xxtd3WQ+stt69/njjxAW/QSnaU5DMI370WchXg+ypYzX/k=\n-----END RSA PRIVATE KEY-----\n",
            "content_base64": null,
            "content_base64sha256": "1vfV/lA7i3k5FslRKEEdiUG+zglFlF6djov/L0PX5Pg=",
            "content_base64sha512": "xGTlOOzKyVfWGOElwuIKAVW8i+2/zolyfPIOxs4MpZYKyWcOYFh0eGWLQomTHSJijJqCxn6yVmTCb6w6jLKOpQ==",
            "content_md5": "3f65de998edfc782ac50972dff5fdb23",
            "content_sha1": "f4422522991c3f130014b3cd5d1f1776699f86f0",
            "content_sha256": "d6f7d5fe503b8b793916c95128411d8941bece0945945e9d8e8bff2f43d7e4f8",
            "content_sha512": "c464e538eccac957d618e125c2e20a0155bc8bedbfce89727cf20ec6ce0ca5960ac9670e60587478658b4289931d22628c9a82c67eb25664c26fac3a8cb28ea5",
            "directory_permission": "0777",
            "file_permission": "0600",
            "filename": "./kp.pem",
            "id": "f4422522991c3f130014b3cd5d1f1776699f86f0",
            "sensitive_content": null,
            "source": null
          },
          "sensitive_attributes": [
            [
              {
                "type": "get_attr",
                "value": "content"
              }
            ],
            [
              {
                "type": "get_attr",
                "value": "sensitive_content"
              }
            ]
          ],
          "identity_schema_version": 0,
          "dependencies": [
            "tls_private_key.kp"
          ]
        }
      ]
    },
    {
      "mode": "managed",
      "type": "tls_private_key",
      "name": "kp",
      "provider": "provider[\"registry.terraform.io/hashicorp/tls\"]",
      "instances": [
        {
          "schema_version": 1,
          "attributes": {
            "algorithm": "RSA",
            "ecdsa_curve": "P224",
            "id": "05e7512e47ee03151d70a0e7c8c4b8a3267edc3f",
            "private_key_openssh": "-----BEGIN OPENSSH PRIVATE KEY-----\nb3BlbnNzaC1rZXktdjEAAAAABG5vbmUAAAAEbm9uZQAAAAAAAAABAAABFwAAAAdz\nc2gtcnNhAAAAAwEAAQAAAQEApIiBNqUHDlttHlyEt6VZCG7Hb8t3iNOWpJHkP8FO\neRLkSpEJedfm3aTkF96a/1+dlgZxzSk8oKlbWuXwQ7vY/1yzLGdpkN2GSXTL2DH2\ncA9YFjv/ncv/yZ0WIzDw6ROcRM9cKVLTzXVW/bXxT+0wdR8wJtKoNCDvpPZCwH37\nkrAI8A/swagyoYKCOisZ2jIKxjpSIKBGb3PpGVo2bbShyb7gvDYlnkIINY7JiaSH\ndDvxaUZvnWlMooBI1X29r2p0JAZURr8ZwPTW5RtlpTCL7JS2sN+vuFCTimflIsPC\njRoU/vs2jfUIqYGYD+Mdk7xb/YJwWryLMCRHWgPX28vcTQAAA7iuqYCVrqmAlQAA\nAAdzc2gtcnNhAAABAQCkiIE2pQcOW20eXIS3pVkIbsdvy3eI05akkeQ/wU55EuRK\nkQl51+bdpOQX3pr/X52WBnHNKTygqVta5fBDu9j/XLMsZ2mQ3YZJdMvYMfZwD1gW\nO/+dy//JnRYjMPDpE5xEz1wpUtPNdVb9tfFP7TB1HzAm0qg0IO+k9kLAffuSsAjw\nD+zBqDKhgoI6KxnaMgrGOlIgoEZvc+kZWjZttKHJvuC8NiWeQgg1jsmJpId0O/Fp\nRm+daUyigEjVfb2vanQkBlRGvxnA9NblG2WlMIvslLaw36+4UJOKZ+Uiw8KNGhT+\n+zaN9QipgZgP4x2TvFv9gnBavIswJEdaA9fby9xNAAAAAwEAAQAAAQBCET4xfxrS\nPQwYAPaZ959Er5cN4Rniq3P2KU8J+slT/K4G8y5m6rcdkTS2EQEUQoS41WWlCEX8\nDYVNfr93s1pzT/nyfqP5M7rUjD2+VnGqlb69TuJZrqzLfHSDNQfHz8QULV/IiCXc\nfp2ryv9XJNssbJWdQUGhjQgtqWUsfmoigEBFsbXxibdGOplz2vM53CJVmA/+RJcM\n/mSh7S/7h4TuwcSf3Qz2OF1+E/8CWtRSbPDeWVkiL2iumii63PnxK2RF6gY1oJYC\nnrXmHvnSKeRqM4QSflaIwU0iREjikv6QXndO6l10ikeONqBfNvhtVFn+4mngDxf+\nSErALKpPSh9RAAAAgGdzJEp0yPIi6WD2JRyDJPWnjdEpIK8MsqFxT5Zl+FZYtxSM\ndURypTC98CpYK4F2V30d8zXEooMQ+nX0RrrvbHymyylCGdyq7VOeKZA1czj75XdH\nGgqc+IBZtgVCZ+V8bXd1kPrLbevf5448QFv0Ep2lOQzCN+9FnIV4PsqWM1/5AAAA\ngQDYr/WlitQgPUjlg6wB+dEUjYAY1ADfyCrv7M5Vnq0CMLteXrBk2DLIVw3mEOZU\nDutw73ZQ6ibVXQofDxlH7D4qlvWI8FGebZMK0u2V0TG8SEoTD5Rn6e72tQelXWU9\noSgaD3oqWcy+g5cgCVaQqNAddu5zB6AGloX2crsCuYqVAwAAAIEAwmI/cT8Az/hE\nCyjGsyBRH3N/6y5OBhkgaVpxyevyLbhPtE/jGBk9ZsvFwG2ioBBbozEkrhgnAVlv\nPk92MibkA6cnKtSNWpvUHVl052+5BHGrCkxne0GZtHUETxz/3/swR+2osfB0IKnY\nHcV+vYP0dg9jOc7rQVjnz2ab9nFRwG8AAAAAAQID\n-----END OPENSSH PRIVATE KEY-----\n",
            "private_key_pem": "-----BEGIN RSA PRIVATE KEY-----\nMIIEogIBAAKCAQEApIiBNqUHDlttHlyEt6VZCG7Hb8t3iNOWpJHkP8FOeRLkSpEJ\nedfm3aTkF96a/1+dlgZxzSk8oKlbWuXwQ7vY/1yzLGdpkN2GSXTL2DH2cA9YFjv/\nncv/yZ0WIzDw6ROcRM9cKVLTzXVW/bXxT+0wdR8wJtKoNCDvpPZCwH37krAI8A/s\nwagyoYKCOisZ2jIKxjpSIKBGb3PpGVo2bbShyb7gvDYlnkIINY7JiaSHdDvxaUZv\nnWlMooBI1X29r2p0JAZURr8ZwPTW5RtlpTCL7JS2sN+vuFCTimflIsPCjRoU/vs2\njfUIqYGYD+Mdk7xb/YJwWryLMCRHWgPX28vcTQIDAQABAoIBAEIRPjF/GtI9DBgA\n9pn3n0Svlw3hGeKrc/YpTwn6yVP8rgbzLmbqtx2RNLYRARRChLjVZaUIRfwNhU1+\nv3ezWnNP+fJ+o/kzutSMPb5WcaqVvr1O4lmurMt8dIM1B8fPxBQtX8iIJdx+navK\n/1ck2yxslZ1BQaGNCC2pZSx+aiKAQEWxtfGJt0Y6mXPa8zncIlWYD/5Elwz+ZKHt\nL/uHhO7BxJ/dDPY4XX4T/wJa1FJs8N5ZWSIvaK6aKLrc+fErZEXqBjWglgKeteYe\n+dIp5GozhBJ+VojBTSJESOKS/pBed07qXXSKR442oF82+G1UWf7iaeAPF/5ISsAs\nqk9KH1ECgYEA2K/1pYrUID1I5YOsAfnRFI2AGNQA38gq7+zOVZ6tAjC7Xl6wZNgy\nyFcN5hDmVA7rcO92UOom1V0KHw8ZR+w+Kpb1iPBRnm2TCtLtldExvEhKEw+UZ+nu\n9rUHpV1lPaEoGg96KlnMvoOXIAlWkKjQHXbucwegBpaF9nK7ArmKlQMCgYEAwmI/\ncT8Az/hECyjGsyBRH3N/6y5OBhkgaVpxyevyLbhPtE/jGBk9ZsvFwG2ioBBbozEk\nrhgnAVlvPk92MibkA6cnKtSNWpvUHVl052+5BHGrCkxne0GZtHUETxz/3/swR+2o\nsfB0IKnYHcV+vYP0dg9jOc7rQVjnz2ab9nFRwG8CgYBp2IIIzCjUWrtaCZijGnGs\nNXaGKkEHDxMSQb2Ei079i+pqrZxClm0v+X47jLPGCceuUfqcidRQUvNXupthy5+O\nVFE6BBIKboHuPpx5m0dNLo6oguq+W8Iz1rgWaenDUg5xtG+7ckQWJ9dRed5EKYIH\ncooFvIrJzQtBGEgLi7CLGwKBgGwJgStnEgOFAASXyEA8wPnTDxDerpzzEDGeBEpv\nKi5BF4OnNxfox1i//wwho1aFYPlF0hY09FDqrUqbjZz4QpjJKZrDgkEPBQi+9JvB\nW7rdlmvl5Un7PvuuYhO6kXiiusXvkGg9tb2FyMlbQEMC+Tc4/DRgDh9G06hRZnPF\nreNfAoGAZ3MkSnTI8iLpYPYlHIMk9aeN0SkgrwyyoXFPlmX4Vli3FIx1RHKlML3w\nKlgrgXZXfR3zNcSigxD6dfRGuu9sfKbLKUIZ3KrtU54pkDVzOPvld0caCpz4gFm2\nBUJn5Xxtd3WQ+stt69/njjxAW/QSnaU5DMI370WchXg+ypYzX/k=\n-----END RSA PRIVATE KEY-----\n",
            "private_key_pem_pkcs8": "-----BEGIN PRIVATE KEY-----\nMIIEvAIBADANBgkqhkiG9w0BAQEFAASCBKYwggSiAgEAAoIBAQCkiIE2pQcOW20e\nXIS3pVkIbsdvy3eI05akkeQ/wU55EuRKkQl51+bdpOQX3pr/X52WBnHNKTygqVta\n5fBDu9j/XLMsZ2mQ3YZJdMvYMfZwD1gWO/+dy//JnRYjMPDpE5xEz1wpUtPNdVb9\ntfFP7TB1HzAm0qg0IO+k9kLAffuSsAjwD+zBqDKhgoI6KxnaMgrGOlIgoEZvc+kZ\nWjZttKHJvuC8NiWeQgg1jsmJpId0O/FpRm+daUyigEjVfb2vanQkBlRGvxnA9Nbl\nG2WlMIvslLaw36+4UJOKZ+Uiw8KNGhT++zaN9QipgZgP4x2TvFv9gnBavIswJEda\nA9fby9xNAgMBAAECggEAQhE+MX8a0j0MGAD2mfefRK+XDeEZ4qtz9ilPCfrJU/yu\nBvMuZuq3HZE0thEBFEKEuNVlpQhF/A2FTX6/d7Nac0/58n6j+TO61Iw9vlZxqpW+\nvU7iWa6sy3x0gzUHx8/EFC1fyIgl3H6dq8r/VyTbLGyVnUFBoY0ILallLH5qIoBA\nRbG18Ym3RjqZc9rzOdwiVZgP/kSXDP5koe0v+4eE7sHEn90M9jhdfhP/AlrUUmzw\n3llZIi9orpooutz58StkReoGNaCWAp615h750inkajOEEn5WiMFNIkRI4pL+kF53\nTupddIpHjjagXzb4bVRZ/uJp4A8X/khKwCyqT0ofUQKBgQDYr/WlitQgPUjlg6wB\n+dEUjYAY1ADfyCrv7M5Vnq0CMLteXrBk2DLIVw3mEOZUDutw73ZQ6ibVXQofDxlH\n7D4qlvWI8FGebZMK0u2V0TG8SEoTD5Rn6e72tQelXWU9oSgaD3oqWcy+g5cgCVaQ\nqNAddu5zB6AGloX2crsCuYqVAwKBgQDCYj9xPwDP+EQLKMazIFEfc3/rLk4GGSBp\nWnHJ6/ItuE+0T+MYGT1my8XAbaKgEFujMSSuGCcBWW8+T3YyJuQDpycq1I1am9Qd\nWXTnb7kEcasKTGd7QZm0dQRPHP/f+zBH7aix8HQgqdgdxX69g/R2D2M5zutBWOfP\nZpv2cVHAbwKBgGnYggjMKNRau1oJmKMacaw1doYqQQcPExJBvYSLTv2L6mqtnEKW\nbS/5fjuMs8YJx65R+pyJ1FBS81e6m2HLn45UUToEEgpuge4+nHmbR00ujqiC6r5b\nwjPWuBZp6cNSDnG0b7tyRBYn11F53kQpggdyigW8isnNC0EYSAuLsIsbAoGAbAmB\nK2cSA4UABJfIQDzA+dMPEN6unPMQMZ4ESm8qLkEXg6c3F+jHWL//DCGjVoVg+UXS\nFjT0UOqtSpuNnPhCmMkpmsOCQQ8FCL70m8Fbut2Wa+XlSfs++65iE7qReKK6xe+Q\naD21vYXIyVtAQwL5Nzj8NGAOH0bTqFFmc8Wt418CgYBncyRKdMjyIulg9iUcgyT1\np43RKSCvDLKhcU+WZfhWWLcUjHVEcqUwvfAqWCuBdld9HfM1xKKDEPp19Ea672x8\npsspQhncqu1TnimQNXM4++V3RxoKnPiAWbYFQmflfG13dZD6y23r3+eOPEBb9BKd\npTkMwjfvRZyFeD7KljNf+Q==\n-----END PRIVATE KEY-----\n",
            "public_key_fingerprint_md5": "a8:e8:c8:d2:fc:ee:54:33:d6:ee:65:db:86:2a:65:05",
            "public_key_fingerprint_sha256": "SHA256:uDz4xzOtyt3cwQ9uD37W2gpFoX1y0O5CfjEFMRzKjRU",
            "public_key_openssh": "ssh-rsa AAAAB3NzaC1yc2EAAAADAQABAAABAQCkiIE2pQcOW20eXIS3pVkIbsdvy3eI05akkeQ/wU55EuRKkQl51+bdpOQX3pr/X52WBnHNKTygqVta5fBDu9j/XLMsZ2mQ3YZJdMvYMfZwD1gWO/+dy//JnRYjMPDpE5xEz1wpUtPNdVb9tfFP7TB1HzAm0qg0IO+k9kLAffuSsAjwD+zBqDKhgoI6KxnaMgrGOlIgoEZvc+kZWjZttKHJvuC8NiWeQgg1jsmJpId0O/FpRm+daUyigEjVfb2vanQkBlRGvxnA9NblG2WlMIvslLaw36+4UJOKZ+Uiw8KNGhT++zaN9QipgZgP4x2TvFv9gnBavIswJEdaA9fby9xN\n",
            "public_key_pem": "-----BEGIN PUBLIC KEY-----\nMIIBIjANBgkqhkiG9w0BAQEFAAOCAQ8AMIIBCgKCAQEApIiBNqUHDlttHlyEt6VZ\nCG7Hb8t3iNOWpJHkP8FOeRLkSpEJedfm3aTkF96a/1+dlgZxzSk8oKlbWuXwQ7vY\n/1yzLGdpkN2GSXTL2DH2cA9YFjv/ncv/yZ0WIzDw6ROcRM9cKVLTzXVW/bXxT+0w\ndR8wJtKoNCDvpPZCwH37krAI8A/swagyoYKCOisZ2jIKxjpSIKBGb3PpGVo2bbSh\nyb7gvDYlnkIINY7JiaSHdDvxaUZvnWlMooBI1X29r2p0JAZURr8ZwPTW5RtlpTCL\n7JS2sN+vuFCTimflIsPCjRoU/vs2jfUIqYGYD+Mdk7xb/YJwWryLMCRHWgPX28vc\nTQIDAQAB\n-----END PUBLIC KEY-----\n",
            "rsa_bits": 2048
          },
          "sensitive_attributes": [
            [
              {
                "type": "get_attr",
                "value": "private_key_openssh"
              }
            ],
            [
              {
                "type": "get_attr",
                "value": "private_key_pem"
              }
            ],
            [
              {
                "type": "get_attr",
                "value": "private_key_pem_pkcs8"
              }
            ]
          ],
          "identity_schema_version": 0
        }
      ]
    },
    {
      "module": "module.networking",
      "mode": "managed",
      "type": "aws_eip",
      "name": "eip",
      "provider": "provider[\"registry.terraform.io/hashicorp/aws\"]",
      "instances": [
        {
          "schema_version": 0,
          "attributes": {
            "address": null,
            "allocation_id": "eipalloc-0745e79d8ca053229",
            "associate_with_private_ip": null,
            "association_id": "",
            "carrier_ip": "",
            "customer_owned_ip": "",
            "customer_owned_ipv4_pool": "",
            "domain": "vpc",
            "id": "eipalloc-0745e79d8ca053229",
            "instance": "",
            "network_border_group": "us-east-1",
            "network_interface": "",
            "private_dns": null,
            "private_ip": "",
            "public_dns": "ec2-34-192-168-79.compute-1.amazonaws.com",
            "public_ip": "34.192.168.79",
            "public_ipv4_pool": "amazon",
            "tags": {
              "Name": "nat-eip"
            },
            "tags_all": {
              "Name": "nat-eip"
            },
            "timeouts": null,
            "vpc": true
          },
          "sensitive_attributes": [],
          "identity_schema_version": 0,
          "private": "eyJlMmJmYjczMC1lY2FhLTExZTYtOGY4OC0zNDM2M2JjN2M0YzAiOnsiZGVsZXRlIjoxODAwMDAwMDAwMDAsInJlYWQiOjkwMDAwMDAwMDAwMCwidXBkYXRlIjozMDAwMDAwMDAwMDB9fQ=="
        }
      ]
    },
    {
      "module": "module.networking",
      "mode": "managed",
      "type": "aws_internet_gateway",
      "name": "igw",
      "provider": "provider[\"registry.terraform.io/hashicorp/aws\"]",
      "instances": [
        {
          "schema_version": 0,
          "attributes": {
            "arn": "arn:aws:ec2:us-east-1:211945238188:internet-gateway/igw-01f456d73ecf36d18",
            "id": "igw-01f456d73ecf36d18",
            "owner_id": "211945238188",
            "tags": {
              "Name": "main-igw"
            },
            "tags_all": {
              "Name": "main-igw"
            },
            "timeouts": null,
            "vpc_id": "vpc-09d37ecf9ab7f3925"
          },
          "sensitive_attributes": [],
          "identity_schema_version": 0,
          "private": "eyJlMmJmYjczMC1lY2FhLTExZTYtOGY4OC0zNDM2M2JjN2M0YzAiOnsiY3JlYXRlIjoxMjAwMDAwMDAwMDAwLCJkZWxldGUiOjEyMDAwMDAwMDAwMDAsInVwZGF0ZSI6MTIwMDAwMDAwMDAwMH19",
          "dependencies": [
            "module.networking.aws_vpc.vpc"
          ]
        }
      ]
    },
    {
      "module": "module.networking",
      "mode": "managed",
      "type": "aws_nat_gateway",
      "name": "ngw",
      "provider": "provider[\"registry.terraform.io/hashicorp/aws\"]",
      "instances": [
        {
          "schema_version": 0,
          "attributes": {
            "allocation_id": "eipalloc-0745e79d8ca053229",
            "association_id": "eipassoc-0623644fd7a883067",
            "connectivity_type": "public",
            "id": "nat-09c480dd68c60e744",
            "network_interface_id": "eni-0850e93fdffa9723b",
            "private_ip": "10.0.1.33",
            "public_ip": "34.192.168.79",
            "secondary_allocation_ids": null,
            "secondary_private_ip_address_count": 0,
            "secondary_private_ip_addresses": [],
            "subnet_id": "subnet-01ea0629510f9420c",
            "tags": null,
            "tags_all": {},
            "timeouts": null
          },
          "sensitive_attributes": [],
          "identity_schema_version": 0,
          "private": "eyJlMmJmYjczMC1lY2FhLTExZTYtOGY4OC0zNDM2M2JjN2M0YzAiOnsiY3JlYXRlIjo2MDAwMDAwMDAwMDAsImRlbGV0ZSI6MTgwMDAwMDAwMDAwMCwidXBkYXRlIjo2MDAwMDAwMDAwMDB9fQ==",
          "dependencies": [
            "module.networking.aws_eip.eip",
            "module.networking.aws_subnet.public_subnet",
            "module.networking.aws_vpc.vpc"
          ]
        }
      ]
    },
    {
      "module": "module.networking",
      "mode": "managed",
      "type": "aws_route_table",
      "name": "private_rt",
      "provider": "provider[\"registry.terraform.io/hashicorp/aws\"]",
      "instances": [
        {
          "schema_version": 0,
          "attributes": {
            "arn": "arn:aws:ec2:us-east-1:211945238188:route-table/rtb-0016465ce5a3810b5",
            "id": "rtb-0016465ce5a3810b5",
            "owner_id": "211945238188",
            "propagating_vgws": [],
            "route": [
              {
                "carrier_gateway_id": "",
                "cidr_block": "0.0.0.0/0",
                "core_network_arn": "",
                "destination_prefix_list_id": "",
                "egress_only_gateway_id": "",
                "gateway_id": "",
                "ipv6_cidr_block": "",
                "local_gateway_id": "",
                "nat_gateway_id": "nat-09c480dd68c60e744",
                "network_interface_id": "",
                "transit_gateway_id": "",
                "vpc_endpoint_id": "",
                "vpc_peering_connection_id": ""
              }
            ],
            "tags": {
              "Name": "private-rt"
            },
            "tags_all": {
              "Name": "private-rt"
            },
            "timeouts": null,
            "vpc_id": "vpc-09d37ecf9ab7f3925"
          },
          "sensitive_attributes": [],
          "identity_schema_version": 0,
          "private": "eyJlMmJmYjczMC1lY2FhLTExZTYtOGY4OC0zNDM2M2JjN2M0YzAiOnsiY3JlYXRlIjozMDAwMDAwMDAwMDAsImRlbGV0ZSI6MzAwMDAwMDAwMDAwLCJ1cGRhdGUiOjEyMDAwMDAwMDAwMH19",
          "dependencies": [
            "module.networking.aws_eip.eip",
            "module.networking.aws_nat_gateway.ngw",
            "module.networking.aws_subnet.public_subnet",
            "module.networking.aws_vpc.vpc"
          ]
        }
      ]
    },
    {
      "module": "module.networking",
      "mode": "managed",
      "type": "aws_route_table",
      "name": "public_rt",
      "provider": "provider[\"registry.terraform.io/hashicorp/aws\"]",
      "instances": [
        {
          "schema_version": 0,
          "attributes": {
            "arn": "arn:aws:ec2:us-east-1:211945238188:route-table/rtb-02bf0b0d750fb9e9a",
            "id": "rtb-02bf0b0d750fb9e9a",
            "owner_id": "211945238188",
            "propagating_vgws": [],
            "route": [
              {
                "carrier_gateway_id": "",
                "cidr_block": "0.0.0.0/0",
                "core_network_arn": "",
                "destination_prefix_list_id": "",
                "egress_only_gateway_id": "",
                "gateway_id": "igw-01f456d73ecf36d18",
                "ipv6_cidr_block": "",
                "local_gateway_id": "",
                "nat_gateway_id": "",
                "network_interface_id": "",
                "transit_gateway_id": "",
                "vpc_endpoint_id": "",
                "vpc_peering_connection_id": ""
              }
            ],
            "tags": {
              "Name": "public-rt"
            },
            "tags_all": {
              "Name": "public-rt"
            },
            "timeouts": null,
            "vpc_id": "vpc-09d37ecf9ab7f3925"
          },
          "sensitive_attributes": [],
          "identity_schema_version": 0,
          "private": "eyJlMmJmYjczMC1lY2FhLTExZTYtOGY4OC0zNDM2M2JjN2M0YzAiOnsiY3JlYXRlIjozMDAwMDAwMDAwMDAsImRlbGV0ZSI6MzAwMDAwMDAwMDAwLCJ1cGRhdGUiOjEyMDAwMDAwMDAwMH19",
          "dependencies": [
            "module.networking.aws_internet_gateway.igw",
            "module.networking.aws_vpc.vpc"
          ]
        }
      ]
    },
    {
      "module": "module.networking",
      "mode": "managed",
      "type": "aws_route_table_association",
      "name": "private_rta",
      "provider": "provider[\"registry.terraform.io/hashicorp/aws\"]",
      "instances": [
        {
          "schema_version": 0,
          "attributes": {
            "gateway_id": "",
            "id": "rtbassoc-03a995109583c8aa9",
            "route_table_id": "rtb-0016465ce5a3810b5",
            "subnet_id": "subnet-0788c59f7ea0e1560",
            "timeouts": null
          },
          "sensitive_attributes": [],
          "identity_schema_version": 0,
          "private": "eyJlMmJmYjczMC1lY2FhLTExZTYtOGY4OC0zNDM2M2JjN2M0YzAiOnsiY3JlYXRlIjozMDAwMDAwMDAwMDAsImRlbGV0ZSI6MzAwMDAwMDAwMDAwLCJ1cGRhdGUiOjEyMDAwMDAwMDAwMH19",
          "dependencies": [
            "module.networking.aws_eip.eip",
            "module.networking.aws_nat_gateway.ngw",
            "module.networking.aws_route_table.private_rt",
            "module.networking.aws_subnet.private_subnet",
            "module.networking.aws_subnet.public_subnet",
            "module.networking.aws_vpc.vpc"
          ]
        }
      ]
    },
    {
      "module": "module.networking",
      "mode": "managed",
      "type": "aws_route_table_association",
      "name": "public_rta",
      "provider": "provider[\"registry.terraform.io/hashicorp/aws\"]",
      "instances": [
        {
          "schema_version": 0,
          "attributes": {
            "gateway_id": "",
            "id": "rtbassoc-0c39172920d2f8bdc",
            "route_table_id": "rtb-02bf0b0d750fb9e9a",
            "subnet_id": "subnet-01ea0629510f9420c",
            "timeouts": null
          },
          "sensitive_attributes": [],
          "identity_schema_version": 0,
          "private": "eyJlMmJmYjczMC1lY2FhLTExZTYtOGY4OC0zNDM2M2JjN2M0YzAiOnsiY3JlYXRlIjozMDAwMDAwMDAwMDAsImRlbGV0ZSI6MzAwMDAwMDAwMDAwLCJ1cGRhdGUiOjEyMDAwMDAwMDAwMH19",
          "dependencies": [
            "module.networking.aws_internet_gateway.igw",
            "module.networking.aws_route_table.public_rt",
            "module.networking.aws_subnet.public_subnet",
            "module.networking.aws_vpc.vpc"
          ]
        }
      ]
    },
    {
      "module": "module.networking",
      "mode": "managed",
      "type": "aws_subnet",
      "name": "private_subnet",
      "provider": "provider[\"registry.terraform.io/hashicorp/aws\"]",
      "instances": [
        {
          "schema_version": 1,
          "attributes": {
            "arn": "arn:aws:ec2:us-east-1:211945238188:subnet/subnet-0788c59f7ea0e1560",
            "assign_ipv6_address_on_creation": false,
            "availability_zone": "us-east-1c",
            "availability_zone_id": "use1-az4",
            "cidr_block": "10.0.2.0/24",
            "customer_owned_ipv4_pool": "",
            "enable_dns64": false,
            "enable_lni_at_device_index": 0,
            "enable_resource_name_dns_a_record_on_launch": false,
            "enable_resource_name_dns_aaaa_record_on_launch": false,
            "id": "subnet-0788c59f7ea0e1560",
            "ipv6_cidr_block": "",
            "ipv6_cidr_block_association_id": "",
            "ipv6_native": false,
            "map_customer_owned_ip_on_launch": false,
            "map_public_ip_on_launch": false,
            "outpost_arn": "",
            "owner_id": "211945238188",
            "private_dns_hostname_type_on_launch": "ip-name",
            "tags": {
              "Name": "private-subnet"
            },
            "tags_all": {
              "Name": "private-subnet"
            },
            "timeouts": null,
            "vpc_id": "vpc-09d37ecf9ab7f3925"
          },
          "sensitive_attributes": [],
          "identity_schema_version": 0,
          "private": "eyJlMmJmYjczMC1lY2FhLTExZTYtOGY4OC0zNDM2M2JjN2M0YzAiOnsiY3JlYXRlIjo2MDAwMDAwMDAwMDAsImRlbGV0ZSI6MTIwMDAwMDAwMDAwMH0sInNjaGVtYV92ZXJzaW9uIjoiMSJ9",
          "dependencies": [
            "module.networking.aws_vpc.vpc"
          ]
        }
      ]
    },
    {
      "module": "module.networking",
      "mode": "managed",
      "type": "aws_subnet",
      "name": "public_subnet",
      "provider": "provider[\"registry.terraform.io/hashicorp/aws\"]",
      "instances": [
        {
          "schema_version": 1,
          "attributes": {
            "arn": "arn:aws:ec2:us-east-1:211945238188:subnet/subnet-01ea0629510f9420c",
            "assign_ipv6_address_on_creation": false,
            "availability_zone": "us-east-1c",
            "availability_zone_id": "use1-az4",
            "cidr_block": "10.0.1.0/24",
            "customer_owned_ipv4_pool": "",
            "enable_dns64": false,
            "enable_lni_at_device_index": 0,
            "enable_resource_name_dns_a_record_on_launch": false,
            "enable_resource_name_dns_aaaa_record_on_launch": false,
            "id": "subnet-01ea0629510f9420c",
            "ipv6_cidr_block": "",
            "ipv6_cidr_block_association_id": "",
            "ipv6_native": false,
            "map_customer_owned_ip_on_launch": false,
            "map_public_ip_on_launch": true,
            "outpost_arn": "",
            "owner_id": "211945238188",
            "private_dns_hostname_type_on_launch": "ip-name",
            "tags": {
              "Name": "public-subnet"
            },
            "tags_all": {
              "Name": "public-subnet"
            },
            "timeouts": null,
            "vpc_id": "vpc-09d37ecf9ab7f3925"
          },
          "sensitive_attributes": [],
          "identity_schema_version": 0,
          "private": "eyJlMmJmYjczMC1lY2FhLTExZTYtOGY4OC0zNDM2M2JjN2M0YzAiOnsiY3JlYXRlIjo2MDAwMDAwMDAwMDAsImRlbGV0ZSI6MTIwMDAwMDAwMDAwMH0sInNjaGVtYV92ZXJzaW9uIjoiMSJ9",
          "dependencies": [
            "module.networking.aws_vpc.vpc"
          ]
        }
      ]
    },
    {
      "module": "module.networking",
      "mode": "managed",
      "type": "aws_vpc",
      "name": "vpc",
      "provider": "provider[\"registry.terraform.io/hashicorp/aws\"]",
      "instances": [
        {
          "schema_version": 1,
          "attributes": {
            "arn": "arn:aws:ec2:us-east-1:211945238188:vpc/vpc-09d37ecf9ab7f3925",
            "assign_generated_ipv6_cidr_block": false,
            "cidr_block": "10.0.0.0/16",
            "default_network_acl_id": "acl-02d9ba1a8d6bd2a63",
            "default_route_table_id": "rtb-0f98fed462e68eff1",
            "default_security_group_id": "sg-0f1c6297cfadd9e7b",
            "dhcp_options_id": "dopt-01c65b9cb0d88c459",
            "enable_dns_hostnames": true,
            "enable_dns_support": true,
            "enable_network_address_usage_metrics": false,
            "id": "vpc-09d37ecf9ab7f3925",
            "instance_tenancy": "default",
            "ipv4_ipam_pool_id": null,
            "ipv4_netmask_length": null,
            "ipv6_association_id": "",
            "ipv6_cidr_block": "",
            "ipv6_cidr_block_network_border_group": "",
            "ipv6_ipam_pool_id": "",
            "ipv6_netmask_length": 0,
            "main_route_table_id": "rtb-0f98fed462e68eff1",
            "owner_id": "211945238188",
            "tags": {
              "Name": "main-vpc"
            },
            "tags_all": {
              "Name": "main-vpc"
            }
          },
          "sensitive_attributes": [],
          "identity_schema_version": 0,
          "private": "eyJzY2hlbWFfdmVyc2lvbiI6IjEifQ=="
        }
      ]
    },
    {
      "module": "module.production",
      "mode": "managed",
      "type": "aws_security_group",
      "name": "private_sg",
      "provider": "provider[\"registry.terraform.io/hashicorp/aws\"]",
      "instances": [
        {
          "schema_version": 1,
          "attributes": {
            "arn": "arn:aws:ec2:us-east-1:211945238188:security-group/sg-04953fe988a7299a3",
            "description": "Managed by Terraform",
            "egress": [
              {
                "cidr_blocks": [
                  "0.0.0.0/0"
                ],
                "description": "",
                "from_port": 0,
                "ipv6_cidr_blocks": [],
                "prefix_list_ids": [],
                "protocol": "-1",
                "security_groups": [],
                "self": false,
                "to_port": 0
              }
            ],
            "id": "sg-04953fe988a7299a3",
            "ingress": [
              {
                "cidr_blocks": [],
                "description": "",
                "from_port": 22,
                "ipv6_cidr_blocks": [],
                "prefix_list_ids": [],
                "protocol": "tcp",
                "security_groups": [
                  "sg-0d334f2224b899b2c"
                ],
                "self": false,
                "to_port": 22
              }
            ],
            "name": "private_sg",
            "name_prefix": "",
            "owner_id": "211945238188",
            "revoke_rules_on_delete": false,
            "tags": {
              "Name": "private-ec2-sg"
            },
            "tags_all": {
              "Name": "private-ec2-sg"
            },
            "timeouts": null,
            "vpc_id": "vpc-09d37ecf9ab7f3925"
          },
          "sensitive_attributes": [],
          "identity_schema_version": 0,
          "private": "eyJlMmJmYjczMC1lY2FhLTExZTYtOGY4OC0zNDM2M2JjN2M0YzAiOnsiY3JlYXRlIjo2MDAwMDAwMDAwMDAsImRlbGV0ZSI6OTAwMDAwMDAwMDAwfSwic2NoZW1hX3ZlcnNpb24iOiIxIn0=",
          "dependencies": [
            "module.networking.aws_vpc.vpc",
            "module.production.aws_security_group.public_sg"
          ]
        }
      ]
    },
    {
      "module": "module.production",
      "mode": "managed",
      "type": "aws_security_group",
      "name": "public_sg",
      "provider": "provider[\"registry.terraform.io/hashicorp/aws\"]",
      "instances": [
        {
          "schema_version": 1,
          "attributes": {
            "arn": "arn:aws:ec2:us-east-1:211945238188:security-group/sg-0d334f2224b899b2c",
            "description": "Managed by Terraform",
            "egress": [
              {
                "cidr_blocks": [
                  "0.0.0.0/0"
                ],
                "description": "",
                "from_port": 0,
                "ipv6_cidr_blocks": [],
                "prefix_list_ids": [],
                "protocol": "-1",
                "security_groups": [],
                "self": false,
                "to_port": 0
              }
            ],
            "id": "sg-0d334f2224b899b2c",
            "ingress": [
              {
                "cidr_blocks": [
                  "0.0.0.0/0"
                ],
                "description": "",
                "from_port": 22,
                "ipv6_cidr_blocks": [],
                "prefix_list_ids": [],
                "protocol": "tcp",
                "security_groups": [],
                "self": false,
                "to_port": 22
              }
            ],
            "name": "public_sg",
            "name_prefix": "",
            "owner_id": "211945238188",
            "revoke_rules_on_delete": false,
            "tags": {
              "Name": "bastion-sg"
            },
            "tags_all": {
              "Name": "bastion-sg"
            },
            "timeouts": null,
            "vpc_id": "vpc-09d37ecf9ab7f3925"
          },
          "sensitive_attributes": [],
          "identity_schema_version": 0,
          "private": "eyJlMmJmYjczMC1lY2FhLTExZTYtOGY4OC0zNDM2M2JjN2M0YzAiOnsiY3JlYXRlIjo2MDAwMDAwMDAwMDAsImRlbGV0ZSI6OTAwMDAwMDAwMDAwfSwic2NoZW1hX3ZlcnNpb24iOiIxIn0=",
          "dependencies": [
            "module.networking.aws_vpc.vpc"
          ]
        }
      ]
    }
  ],
  "check_results": null
}
