{
  "version": 4,
  "terraform_version": "1.15.1",
  "serial": 19,
  "lineage": "f971b680-caae-4d0a-8c8f-7b2843f5474a",
  "outputs": {
    "bastion_public_ip": {
      "value": "54.209.61.186",
      "type": "string"
    },
    "ec2_private_ip": {
      "value": "10.0.2.115",
      "type": "string"
    }
  },
  "resources": [
    {
      "mode": "managed",
      "type": "aws_key_pair",
      "name": "kp_public",
      "provider": "provider[\"registry.terraform.io/hashicorp/aws\"]",
      "instances": [
        {
          "schema_version": 1,
          "attributes": {
            "arn": "arn:aws:ec2:us-east-1:211945238188:key-pair/terraform-kp",
            "fingerprint": "5e:27:cc:a0:e6:40:85:b6:c0:6c:5d:20:e3:86:1c:ad",
            "id": "terraform-kp",
            "key_name": "terraform-kp",
            "key_name_prefix": "",
            "key_pair_id": "key-0334f20987cdc6945",
            "key_type": "rsa",
            "public_key": "ssh-rsa AAAAB3NzaC1yc2EAAAADAQABAAABAQDtcNQzSGi3hUDna52m5PBKYsF2qEzZ6MBCxuC9x87U6UYpCPLZV87PGF/7VintkIO02JWDufueIflBErxu1p977CG9tggABDB/W7AJplScELDMZnZoA1sv8NpRyCCTfhv0TIMOjmhEm6iFckocgJUgvnJx4KV1hTLETDTJo51NcEBDlm+sXiZC3GHEjXT+07a2FfXvY7Usw5b3O4FqqPlVvmTYmWwvbwBJbzq0s05nzD720B4pw+m7dKeXI27TQ87N31idMTOhGyYWdEqq2U9bw6UddIRySqB4/W49bSX16TUqlsPI9ruvn5bGiiRbqlO+HWVm8UgiMzZ0MwD58CkT",
            "tags": null,
            "tags_all": {}
          },
          "sensitive_attributes": [],
          "identity_schema_version": 0,
          "private": "eyJzY2hlbWFfdmVyc2lvbiI6IjEifQ==",
          "dependencies": [
            "tls_private_key.kp"
          ]
        }
      ]
    },
    {
      "mode": "managed",
      "type": "local_file",
      "name": "kp_private",
      "provider": "provider[\"registry.terraform.io/hashicorp/local\"]",
      "instances": [
        {
          "schema_version": 0,
          "attributes": {
            "content": "-----BEGIN RSA PRIVATE KEY-----\nMIIEpAIBAAKCAQEA7XDUM0hot4VA52udpuTwSmLBdqhM2ejAQsbgvcfO1OlGKQjy\n2VfOzxhf+1Yp7ZCDtNiVg7n7niH5QRK8btafe+whvbYIAAQwf1uwCaZUnBCwzGZ2\naANbL/DaUcggk34b9EyDDo5oRJuohXJKHICVIL5yceCldYUyxEw0yaOdTXBAQ5Zv\nrF4mQtxhxI10/tO2thX172O1LMOW9zuBaqj5Vb5k2JlsL28ASW86tLNOZ8w+9tAe\nKcPpu3SnlyNu00POzd9YnTEzoRsmFnRKqtlPW8OlHXSEckqgeP1uPW0l9ek1KpbD\nyPa7r5+WxookW6pTvh1lZvFIIjM2dDMA+fApEwIDAQABAoIBAQDG0cyOKJqu2WDQ\npzc6kcd3shvnXOQFL7UV9Wwo3c+eTrsWD00ymyksFnAAiFTRfUobu6PuymQcNLx/\nNc4dTY/7920FaxBl2xw0+LR+UA3XJM62STHqxKythxN4mYhVmKqVtR+kp7A9is3g\n+COAnFbDNVWlb4N81Yz9/AXTtjI4rSGm5wYmQFdzpO+G1BM+R0EgvPq2/Mes2tB4\n09uMw33LGrnoE+SgGAwwYrQyGylh4d1GE66kQpOhdBxO91q0BrGsHl9pZR08QXaS\nY5/Sx5lziXKKW1dCQvgn3r3VArK7WS9lP33mBuQigINPmDDfdgO+iFecDcWytXpI\n6inldv5BAoGBAO2rHgjbGpEuOZWi9zE3YsdH32i9tXc2JzlVit/utPdpNCj8se2r\nZpmmrlXrCrhwuktBWKJBqEBFN7lQli+qAX55dfVpk+gWlKaNMReR4L0WXJRwpDea\nmJZuoj/+BE0RyqaTF+v/Rvy6i8uJq7JX8NhF0hMTsylebldxDkp1mrszAoGBAP/B\nNztNHesv1LiflJ9SrKeIroJj35zy2mwkL7/rly5iE4rwzLWTmMHhdeuNhnpVkUNf\nejbes9MhGnZcqlIGSdvETQuYK5VTSe3Njo6BgtvhEGYYrFXBKGugvKSMS5XEOaz7\nakifNUyAETvTll1XSyGcTFG4tqZ+o01PJwhG7dqhAoGAfybLPMWr4vwuBqZXRVdy\nW1dSaQEFsq+gMIZZdBCLdMouA7edoZ/PlmicYI8M/zwgDt75AmXKFAh0FYrNrtZv\nUjC9MPy5CrP591kWaJu89qyd/zR8RttIw0KRP1cxCeJ43sFXTQUX/2H2JICVAScX\nTT2ddGNXuMwykEmF8cQVcg0CgYB7aDkFZU2leVv0hhQJ2LO011AVXKm+qrRYcBGW\nUtCNMgfqCA1PJFwWWXsz4QNdrkI8typapZUxsAx7xnTsxVoIMC1ZBeEp2ZmXpJNA\nEiAZhv0JtqgZbO3bGSFNaODj8F5AKMR9LE1kj3tBWfR5L7DyE+ADotSHfB3CJQpZ\nhRgqYQKBgQC12pJ1+gsMKRWXVAZ5z7F2oV/nKdW/oRpGV1vvQHeKZyYgxQVMubJu\nU9V810NipLcAeIHbibS7jjAhUcY3QGrYISTCJ2CmXslKYsA7FUSFGRdFwl/LuUFq\npCQj2KHoKrXxMUfuTrpm2sb5hBgbz1upmA00d0/3FRj5XUdyZUUs6A==\n-----END RSA PRIVATE KEY-----\n",
            "content_base64": null,
            "content_base64sha256": "4woaWeSl0BIR/drVPF2OtehstazrXWA2o4Ln+oIkMzc=",
            "content_base64sha512": "0aT/Yn3OmdMmWBu79o1YjfINDCHGdA5kM0q59lI6cOkj2HTQV0CZv9X0WPXK3yG0OHeVfeYSgrz21fPFiEuDaQ==",
            "content_md5": "22a7b8d03d10d5ba20268c46ff38a34f",
            "content_sha1": "8666aa57587409c30006648430fbd2f450f03154",
            "content_sha256": "e30a1a59e4a5d01211fddad53c5d8eb5e86cb5aceb5d6036a382e7fa82243337",
            "content_sha512": "d1a4ff627dce99d326581bbbf68d588df20d0c21c6740e64334ab9f6523a70e923d874d0574099bfd5f458f5cadf21b43877957de61282bcf6d5f3c5884b8369",
            "directory_permission": "0777",
            "file_permission": "0600",
            "filename": "./kp.pem",
            "id": "8666aa57587409c30006648430fbd2f450f03154",
            "sensitive_content": null,
            "source": null
          },
          "sensitive_attributes": [
            [
              {
                "type": "get_attr",
                "value": "content"
              }
            ],
            [
              {
                "type": "get_attr",
                "value": "sensitive_content"
              }
            ]
          ],
          "identity_schema_version": 0,
          "dependencies": [
            "tls_private_key.kp"
          ]
        }
      ]
    },
    {
      "mode": "managed",
      "type": "tls_private_key",
      "name": "kp",
      "provider": "provider[\"registry.terraform.io/hashicorp/tls\"]",
      "instances": [
        {
          "schema_version": 1,
          "attributes": {
            "algorithm": "RSA",
            "ecdsa_curve": "P224",
            "id": "7203e1598458b0a6dd55b63397a0c9eeb0c6aac6",
            "private_key_openssh": "-----BEGIN OPENSSH PRIVATE KEY-----\nb3BlbnNzaC1rZXktdjEAAAAABG5vbmUAAAAEbm9uZQAAAAAAAAABAAABFwAAAAdz\nc2gtcnNhAAAAAwEAAQAAAQEA7XDUM0hot4VA52udpuTwSmLBdqhM2ejAQsbgvcfO\n1OlGKQjy2VfOzxhf+1Yp7ZCDtNiVg7n7niH5QRK8btafe+whvbYIAAQwf1uwCaZU\nnBCwzGZ2aANbL/DaUcggk34b9EyDDo5oRJuohXJKHICVIL5yceCldYUyxEw0yaOd\nTXBAQ5ZvrF4mQtxhxI10/tO2thX172O1LMOW9zuBaqj5Vb5k2JlsL28ASW86tLNO\nZ8w+9tAeKcPpu3SnlyNu00POzd9YnTEzoRsmFnRKqtlPW8OlHXSEckqgeP1uPW0l\n9ek1KpbDyPa7r5+WxookW6pTvh1lZvFIIjM2dDMA+fApEwAAA7hAHV8lQB1fJQAA\nAAdzc2gtcnNhAAABAQDtcNQzSGi3hUDna52m5PBKYsF2qEzZ6MBCxuC9x87U6UYp\nCPLZV87PGF/7VintkIO02JWDufueIflBErxu1p977CG9tggABDB/W7AJplScELDM\nZnZoA1sv8NpRyCCTfhv0TIMOjmhEm6iFckocgJUgvnJx4KV1hTLETDTJo51NcEBD\nlm+sXiZC3GHEjXT+07a2FfXvY7Usw5b3O4FqqPlVvmTYmWwvbwBJbzq0s05nzD72\n0B4pw+m7dKeXI27TQ87N31idMTOhGyYWdEqq2U9bw6UddIRySqB4/W49bSX16TUq\nlsPI9ruvn5bGiiRbqlO+HWVm8UgiMzZ0MwD58CkTAAAAAwEAAQAAAQEAxtHMjiia\nrtlg0Kc3OpHHd7Ib51zkBS+1FfVsKN3Pnk67Fg9NMpspLBZwAIhU0X1KG7uj7spk\nHDS8fzXOHU2P+/dtBWsQZdscNPi0flAN1yTOtkkx6sSsrYcTeJmIVZiqlbUfpKew\nPYrN4PgjgJxWwzVVpW+DfNWM/fwF07YyOK0hpucGJkBXc6TvhtQTPkdBILz6tvzH\nrNrQeNPbjMN9yxq56BPkoBgMMGK0MhspYeHdRhOupEKToXQcTvdatAaxrB5faWUd\nPEF2kmOf0seZc4lyiltXQkL4J9691QKyu1kvZT995gbkIoCDT5gw33YDvohXnA3F\nsrV6SOop5Xb+QQAAAIEAtdqSdfoLDCkVl1QGec+xdqFf5ynVv6EaRldb70B3imcm\nIMUFTLmyblPVfNdDYqS3AHiB24m0u44wIVHGN0Bq2CEkwidgpl7JSmLAOxVEhRkX\nRcJfy7lBaqQkI9ih6Cq18TFH7k66ZtrG+YQYG89bqZgNNHdP9xUY+V1HcmVFLOgA\nAACBAO2rHgjbGpEuOZWi9zE3YsdH32i9tXc2JzlVit/utPdpNCj8se2rZpmmrlXr\nCrhwuktBWKJBqEBFN7lQli+qAX55dfVpk+gWlKaNMReR4L0WXJRwpDeamJZuoj/+\nBE0RyqaTF+v/Rvy6i8uJq7JX8NhF0hMTsylebldxDkp1mrszAAAAgQD/wTc7TR3r\nL9S4n5SfUqyniK6CY9+c8tpsJC+/65cuYhOK8My1k5jB4XXrjYZ6VZFDX3o23rPT\nIRp2XKpSBknbxE0LmCuVU0ntzY6OgYLb4RBmGKxVwShroLykjEuVxDms+2pInzVM\ngBE705ZdV0shnExRuLamfqNNTycIRu3aoQAAAAAB\n-----END OPENSSH PRIVATE KEY-----\n",
            "private_key_pem": "-----BEGIN RSA PRIVATE KEY-----\nMIIEpAIBAAKCAQEA7XDUM0hot4VA52udpuTwSmLBdqhM2ejAQsbgvcfO1OlGKQjy\n2VfOzxhf+1Yp7ZCDtNiVg7n7niH5QRK8btafe+whvbYIAAQwf1uwCaZUnBCwzGZ2\naANbL/DaUcggk34b9EyDDo5oRJuohXJKHICVIL5yceCldYUyxEw0yaOdTXBAQ5Zv\nrF4mQtxhxI10/tO2thX172O1LMOW9zuBaqj5Vb5k2JlsL28ASW86tLNOZ8w+9tAe\nKcPpu3SnlyNu00POzd9YnTEzoRsmFnRKqtlPW8OlHXSEckqgeP1uPW0l9ek1KpbD\nyPa7r5+WxookW6pTvh1lZvFIIjM2dDMA+fApEwIDAQABAoIBAQDG0cyOKJqu2WDQ\npzc6kcd3shvnXOQFL7UV9Wwo3c+eTrsWD00ymyksFnAAiFTRfUobu6PuymQcNLx/\nNc4dTY/7920FaxBl2xw0+LR+UA3XJM62STHqxKythxN4mYhVmKqVtR+kp7A9is3g\n+COAnFbDNVWlb4N81Yz9/AXTtjI4rSGm5wYmQFdzpO+G1BM+R0EgvPq2/Mes2tB4\n09uMw33LGrnoE+SgGAwwYrQyGylh4d1GE66kQpOhdBxO91q0BrGsHl9pZR08QXaS\nY5/Sx5lziXKKW1dCQvgn3r3VArK7WS9lP33mBuQigINPmDDfdgO+iFecDcWytXpI\n6inldv5BAoGBAO2rHgjbGpEuOZWi9zE3YsdH32i9tXc2JzlVit/utPdpNCj8se2r\nZpmmrlXrCrhwuktBWKJBqEBFN7lQli+qAX55dfVpk+gWlKaNMReR4L0WXJRwpDea\nmJZuoj/+BE0RyqaTF+v/Rvy6i8uJq7JX8NhF0hMTsylebldxDkp1mrszAoGBAP/B\nNztNHesv1LiflJ9SrKeIroJj35zy2mwkL7/rly5iE4rwzLWTmMHhdeuNhnpVkUNf\nejbes9MhGnZcqlIGSdvETQuYK5VTSe3Njo6BgtvhEGYYrFXBKGugvKSMS5XEOaz7\nakifNUyAETvTll1XSyGcTFG4tqZ+o01PJwhG7dqhAoGAfybLPMWr4vwuBqZXRVdy\nW1dSaQEFsq+gMIZZdBCLdMouA7edoZ/PlmicYI8M/zwgDt75AmXKFAh0FYrNrtZv\nUjC9MPy5CrP591kWaJu89qyd/zR8RttIw0KRP1cxCeJ43sFXTQUX/2H2JICVAScX\nTT2ddGNXuMwykEmF8cQVcg0CgYB7aDkFZU2leVv0hhQJ2LO011AVXKm+qrRYcBGW\nUtCNMgfqCA1PJFwWWXsz4QNdrkI8typapZUxsAx7xnTsxVoIMC1ZBeEp2ZmXpJNA\nEiAZhv0JtqgZbO3bGSFNaODj8F5AKMR9LE1kj3tBWfR5L7DyE+ADotSHfB3CJQpZ\nhRgqYQKBgQC12pJ1+gsMKRWXVAZ5z7F2oV/nKdW/oRpGV1vvQHeKZyYgxQVMubJu\nU9V810NipLcAeIHbibS7jjAhUcY3QGrYISTCJ2CmXslKYsA7FUSFGRdFwl/LuUFq\npCQj2KHoKrXxMUfuTrpm2sb5hBgbz1upmA00d0/3FRj5XUdyZUUs6A==\n-----END RSA PRIVATE KEY-----\n",
            "private_key_pem_pkcs8": "-----BEGIN PRIVATE KEY-----\nMIIEvgIBADANBgkqhkiG9w0BAQEFAASCBKgwggSkAgEAAoIBAQDtcNQzSGi3hUDn\na52m5PBKYsF2qEzZ6MBCxuC9x87U6UYpCPLZV87PGF/7VintkIO02JWDufueIflB\nErxu1p977CG9tggABDB/W7AJplScELDMZnZoA1sv8NpRyCCTfhv0TIMOjmhEm6iF\nckocgJUgvnJx4KV1hTLETDTJo51NcEBDlm+sXiZC3GHEjXT+07a2FfXvY7Usw5b3\nO4FqqPlVvmTYmWwvbwBJbzq0s05nzD720B4pw+m7dKeXI27TQ87N31idMTOhGyYW\ndEqq2U9bw6UddIRySqB4/W49bSX16TUqlsPI9ruvn5bGiiRbqlO+HWVm8UgiMzZ0\nMwD58CkTAgMBAAECggEBAMbRzI4omq7ZYNCnNzqRx3eyG+dc5AUvtRX1bCjdz55O\nuxYPTTKbKSwWcACIVNF9Shu7o+7KZBw0vH81zh1Nj/v3bQVrEGXbHDT4tH5QDdck\nzrZJMerErK2HE3iZiFWYqpW1H6SnsD2KzeD4I4CcVsM1VaVvg3zVjP38BdO2Mjit\nIabnBiZAV3Ok74bUEz5HQSC8+rb8x6za0HjT24zDfcsauegT5KAYDDBitDIbKWHh\n3UYTrqRCk6F0HE73WrQGsaweX2llHTxBdpJjn9LHmXOJcopbV0JC+CfevdUCsrtZ\nL2U/feYG5CKAg0+YMN92A76IV5wNxbK1ekjqKeV2/kECgYEA7aseCNsakS45laL3\nMTdix0ffaL21dzYnOVWK3+6092k0KPyx7atmmaauVesKuHC6S0FYokGoQEU3uVCW\nL6oBfnl19WmT6BaUpo0xF5HgvRZclHCkN5qYlm6iP/4ETRHKppMX6/9G/LqLy4mr\nslfw2EXSExOzKV5uV3EOSnWauzMCgYEA/8E3O00d6y/UuJ+Un1Ksp4iugmPfnPLa\nbCQvv+uXLmITivDMtZOYweF1642GelWRQ196Nt6z0yEadlyqUgZJ28RNC5grlVNJ\n7c2OjoGC2+EQZhisVcEoa6C8pIxLlcQ5rPtqSJ81TIARO9OWXVdLIZxMUbi2pn6j\nTU8nCEbt2qECgYB/Jss8xavi/C4GpldFV3JbV1JpAQWyr6Awhll0EIt0yi4Dt52h\nn8+WaJxgjwz/PCAO3vkCZcoUCHQVis2u1m9SML0w/LkKs/n3WRZom7z2rJ3/NHxG\n20jDQpE/VzEJ4njewVdNBRf/YfYkgJUBJxdNPZ10Y1e4zDKQSYXxxBVyDQKBgHto\nOQVlTaV5W/SGFAnYs7TXUBVcqb6qtFhwEZZS0I0yB+oIDU8kXBZZezPhA12uQjy3\nKlqllTGwDHvGdOzFWggwLVkF4SnZmZekk0ASIBmG/Qm2qBls7dsZIU1o4OPwXkAo\nxH0sTWSPe0FZ9HkvsPIT4AOi1Id8HcIlClmFGCphAoGBALXaknX6CwwpFZdUBnnP\nsXahX+cp1b+hGkZXW+9Ad4pnJiDFBUy5sm5T1XzXQ2KktwB4gduJtLuOMCFRxjdA\natghJMInYKZeyUpiwDsVRIUZF0XCX8u5QWqkJCPYoegqtfExR+5OumbaxvmEGBvP\nW6mYDTR3T/cVGPldR3JlRSzo\n-----END PRIVATE KEY-----\n",
            "public_key_fingerprint_md5": "f5:31:94:f9:ed:38:25:55:ff:e0:5b:cb:78:c2:e8:70",
            "public_key_fingerprint_sha256": "SHA256:6Z/C4SphaasgFPiEBR56KSgwQdUwtYOtdAp/qs7ABl8",
            "public_key_openssh": "ssh-rsa AAAAB3NzaC1yc2EAAAADAQABAAABAQDtcNQzSGi3hUDna52m5PBKYsF2qEzZ6MBCxuC9x87U6UYpCPLZV87PGF/7VintkIO02JWDufueIflBErxu1p977CG9tggABDB/W7AJplScELDMZnZoA1sv8NpRyCCTfhv0TIMOjmhEm6iFckocgJUgvnJx4KV1hTLETDTJo51NcEBDlm+sXiZC3GHEjXT+07a2FfXvY7Usw5b3O4FqqPlVvmTYmWwvbwBJbzq0s05nzD720B4pw+m7dKeXI27TQ87N31idMTOhGyYWdEqq2U9bw6UddIRySqB4/W49bSX16TUqlsPI9ruvn5bGiiRbqlO+HWVm8UgiMzZ0MwD58CkT\n",
            "public_key_pem": "-----BEGIN PUBLIC KEY-----\nMIIBIjANBgkqhkiG9w0BAQEFAAOCAQ8AMIIBCgKCAQEA7XDUM0hot4VA52udpuTw\nSmLBdqhM2ejAQsbgvcfO1OlGKQjy2VfOzxhf+1Yp7ZCDtNiVg7n7niH5QRK8btaf\ne+whvbYIAAQwf1uwCaZUnBCwzGZ2aANbL/DaUcggk34b9EyDDo5oRJuohXJKHICV\nIL5yceCldYUyxEw0yaOdTXBAQ5ZvrF4mQtxhxI10/tO2thX172O1LMOW9zuBaqj5\nVb5k2JlsL28ASW86tLNOZ8w+9tAeKcPpu3SnlyNu00POzd9YnTEzoRsmFnRKqtlP\nW8OlHXSEckqgeP1uPW0l9ek1KpbDyPa7r5+WxookW6pTvh1lZvFIIjM2dDMA+fAp\nEwIDAQAB\n-----END PUBLIC KEY-----\n",
            "rsa_bits": 2048
          },
          "sensitive_attributes": [
            [
              {
                "type": "get_attr",
                "value": "private_key_openssh"
              }
            ],
            [
              {
                "type": "get_attr",
                "value": "private_key_pem"
              }
            ],
            [
              {
                "type": "get_attr",
                "value": "private_key_pem_pkcs8"
              }
            ]
          ],
          "identity_schema_version": 0
        }
      ]
    },
    {
      "module": "module.networking",
      "mode": "managed",
      "type": "aws_eip",
      "name": "eip",
      "provider": "provider[\"registry.terraform.io/hashicorp/aws\"]",
      "instances": [
        {
          "schema_version": 0,
          "attributes": {
            "address": null,
            "allocation_id": "eipalloc-08b8a76f4ced17c08",
            "associate_with_private_ip": null,
            "association_id": "",
            "carrier_ip": "",
            "customer_owned_ip": "",
            "customer_owned_ipv4_pool": "",
            "domain": "vpc",
            "id": "eipalloc-08b8a76f4ced17c08",
            "instance": "",
            "network_border_group": "us-east-1",
            "network_interface": "",
            "private_dns": null,
            "private_ip": "",
            "public_dns": "ec2-18-214-192-224.compute-1.amazonaws.com",
            "public_ip": "18.214.192.224",
            "public_ipv4_pool": "amazon",
            "tags": {
              "Name": "nat-eip"
            },
            "tags_all": {
              "Name": "nat-eip"
            },
            "timeouts": null,
            "vpc": true
          },
          "sensitive_attributes": [],
          "identity_schema_version": 0,
          "private": "eyJlMmJmYjczMC1lY2FhLTExZTYtOGY4OC0zNDM2M2JjN2M0YzAiOnsiZGVsZXRlIjoxODAwMDAwMDAwMDAsInJlYWQiOjkwMDAwMDAwMDAwMCwidXBkYXRlIjozMDAwMDAwMDAwMDB9fQ=="
        }
      ]
    },
    {
      "module": "module.networking",
      "mode": "managed",
      "type": "aws_internet_gateway",
      "name": "igw",
      "provider": "provider[\"registry.terraform.io/hashicorp/aws\"]",
      "instances": [
        {
          "schema_version": 0,
          "attributes": {
            "arn": "arn:aws:ec2:us-east-1:211945238188:internet-gateway/igw-0d59d9df05972ded6",
            "id": "igw-0d59d9df05972ded6",
            "owner_id": "211945238188",
            "tags": {
              "Name": "main-igw"
            },
            "tags_all": {
              "Name": "main-igw"
            },
            "timeouts": null,
            "vpc_id": "vpc-09f0648b84c53f9cd"
          },
          "sensitive_attributes": [],
          "identity_schema_version": 0,
          "private": "eyJlMmJmYjczMC1lY2FhLTExZTYtOGY4OC0zNDM2M2JjN2M0YzAiOnsiY3JlYXRlIjoxMjAwMDAwMDAwMDAwLCJkZWxldGUiOjEyMDAwMDAwMDAwMDAsInVwZGF0ZSI6MTIwMDAwMDAwMDAwMH19",
          "dependencies": [
            "module.networking.aws_vpc.vpc"
          ]
        }
      ]
    },
    {
      "module": "module.networking",
      "mode": "managed",
      "type": "aws_nat_gateway",
      "name": "ngw",
      "provider": "provider[\"registry.terraform.io/hashicorp/aws\"]",
      "instances": [
        {
          "schema_version": 0,
          "attributes": {
            "allocation_id": "eipalloc-08b8a76f4ced17c08",
            "association_id": "eipassoc-0635b622af54ebb76",
            "connectivity_type": "public",
            "id": "nat-0ffc0b0575466e624",
            "network_interface_id": "eni-05f54156c3e320321",
            "private_ip": "10.0.1.129",
            "public_ip": "18.214.192.224",
            "secondary_allocation_ids": null,
            "secondary_private_ip_address_count": 0,
            "secondary_private_ip_addresses": [],
            "subnet_id": "subnet-03b3af3c775611d8b",
            "tags": null,
            "tags_all": {},
            "timeouts": null
          },
          "sensitive_attributes": [],
          "identity_schema_version": 0,
          "private": "eyJlMmJmYjczMC1lY2FhLTExZTYtOGY4OC0zNDM2M2JjN2M0YzAiOnsiY3JlYXRlIjo2MDAwMDAwMDAwMDAsImRlbGV0ZSI6MTgwMDAwMDAwMDAwMCwidXBkYXRlIjo2MDAwMDAwMDAwMDB9fQ==",
          "dependencies": [
            "module.networking.aws_eip.eip",
            "module.networking.aws_subnet.public_subnet",
            "module.networking.aws_vpc.vpc"
          ]
        }
      ]
    },
    {
      "module": "module.networking",
      "mode": "managed",
      "type": "aws_route_table",
      "name": "private_rt",
      "provider": "provider[\"registry.terraform.io/hashicorp/aws\"]",
      "instances": [
        {
          "schema_version": 0,
          "attributes": {
            "arn": "arn:aws:ec2:us-east-1:211945238188:route-table/rtb-068ad17ad65f802b8",
            "id": "rtb-068ad17ad65f802b8",
            "owner_id": "211945238188",
            "propagating_vgws": [],
            "route": [
              {
                "carrier_gateway_id": "",
                "cidr_block": "0.0.0.0/0",
                "core_network_arn": "",
                "destination_prefix_list_id": "",
                "egress_only_gateway_id": "",
                "gateway_id": "",
                "ipv6_cidr_block": "",
                "local_gateway_id": "",
                "nat_gateway_id": "nat-0ffc0b0575466e624",
                "network_interface_id": "",
                "transit_gateway_id": "",
                "vpc_endpoint_id": "",
                "vpc_peering_connection_id": ""
              }
            ],
            "tags": {
              "Name": "private-rt"
            },
            "tags_all": {
              "Name": "private-rt"
            },
            "timeouts": null,
            "vpc_id": "vpc-09f0648b84c53f9cd"
          },
          "sensitive_attributes": [],
          "identity_schema_version": 0,
          "private": "eyJlMmJmYjczMC1lY2FhLTExZTYtOGY4OC0zNDM2M2JjN2M0YzAiOnsiY3JlYXRlIjozMDAwMDAwMDAwMDAsImRlbGV0ZSI6MzAwMDAwMDAwMDAwLCJ1cGRhdGUiOjEyMDAwMDAwMDAwMH19",
          "dependencies": [
            "module.networking.aws_eip.eip",
            "module.networking.aws_nat_gateway.ngw",
            "module.networking.aws_subnet.public_subnet",
            "module.networking.aws_vpc.vpc"
          ]
        }
      ]
    },
    {
      "module": "module.networking",
      "mode": "managed",
      "type": "aws_route_table",
      "name": "public_rt",
      "provider": "provider[\"registry.terraform.io/hashicorp/aws\"]",
      "instances": [
        {
          "schema_version": 0,
          "attributes": {
            "arn": "arn:aws:ec2:us-east-1:211945238188:route-table/rtb-02eae5543b93c4b1f",
            "id": "rtb-02eae5543b93c4b1f",
            "owner_id": "211945238188",
            "propagating_vgws": [],
            "route": [
              {
                "carrier_gateway_id": "",
                "cidr_block": "0.0.0.0/0",
                "core_network_arn": "",
                "destination_prefix_list_id": "",
                "egress_only_gateway_id": "",
                "gateway_id": "igw-0d59d9df05972ded6",
                "ipv6_cidr_block": "",
                "local_gateway_id": "",
                "nat_gateway_id": "",
                "network_interface_id": "",
                "transit_gateway_id": "",
                "vpc_endpoint_id": "",
                "vpc_peering_connection_id": ""
              }
            ],
            "tags": {
              "Name": "public-rt"
            },
            "tags_all": {
              "Name": "public-rt"
            },
            "timeouts": null,
            "vpc_id": "vpc-09f0648b84c53f9cd"
          },
          "sensitive_attributes": [],
          "identity_schema_version": 0,
          "private": "eyJlMmJmYjczMC1lY2FhLTExZTYtOGY4OC0zNDM2M2JjN2M0YzAiOnsiY3JlYXRlIjozMDAwMDAwMDAwMDAsImRlbGV0ZSI6MzAwMDAwMDAwMDAwLCJ1cGRhdGUiOjEyMDAwMDAwMDAwMH19",
          "dependencies": [
            "module.networking.aws_internet_gateway.igw",
            "module.networking.aws_vpc.vpc"
          ]
        }
      ]
    },
    {
      "module": "module.networking",
      "mode": "managed",
      "type": "aws_route_table_association",
      "name": "private_rta",
      "provider": "provider[\"registry.terraform.io/hashicorp/aws\"]",
      "instances": [
        {
          "schema_version": 0,
          "attributes": {
            "gateway_id": "",
            "id": "rtbassoc-07afba66d53b3a2dd",
            "route_table_id": "rtb-068ad17ad65f802b8",
            "subnet_id": "subnet-071e1da5ab5bd91c0",
            "timeouts": null
          },
          "sensitive_attributes": [],
          "identity_schema_version": 0,
          "private": "eyJlMmJmYjczMC1lY2FhLTExZTYtOGY4OC0zNDM2M2JjN2M0YzAiOnsiY3JlYXRlIjozMDAwMDAwMDAwMDAsImRlbGV0ZSI6MzAwMDAwMDAwMDAwLCJ1cGRhdGUiOjEyMDAwMDAwMDAwMH19",
          "dependencies": [
            "module.networking.aws_eip.eip",
            "module.networking.aws_nat_gateway.ngw",
            "module.networking.aws_route_table.private_rt",
            "module.networking.aws_subnet.private_subnet",
            "module.networking.aws_subnet.public_subnet",
            "module.networking.aws_vpc.vpc"
          ]
        }
      ]
    },
    {
      "module": "module.networking",
      "mode": "managed",
      "type": "aws_route_table_association",
      "name": "public_rta",
      "provider": "provider[\"registry.terraform.io/hashicorp/aws\"]",
      "instances": [
        {
          "schema_version": 0,
          "attributes": {
            "gateway_id": "",
            "id": "rtbassoc-0ee10f15fa48b5e92",
            "route_table_id": "rtb-02eae5543b93c4b1f",
            "subnet_id": "subnet-03b3af3c775611d8b",
            "timeouts": null
          },
          "sensitive_attributes": [],
          "identity_schema_version": 0,
          "private": "eyJlMmJmYjczMC1lY2FhLTExZTYtOGY4OC0zNDM2M2JjN2M0YzAiOnsiY3JlYXRlIjozMDAwMDAwMDAwMDAsImRlbGV0ZSI6MzAwMDAwMDAwMDAwLCJ1cGRhdGUiOjEyMDAwMDAwMDAwMH19",
          "dependencies": [
            "module.networking.aws_internet_gateway.igw",
            "module.networking.aws_route_table.public_rt",
            "module.networking.aws_subnet.public_subnet",
            "module.networking.aws_vpc.vpc"
          ]
        }
      ]
    },
    {
      "module": "module.networking",
      "mode": "managed",
      "type": "aws_subnet",
      "name": "private_subnet",
      "provider": "provider[\"registry.terraform.io/hashicorp/aws\"]",
      "instances": [
        {
          "schema_version": 1,
          "attributes": {
            "arn": "arn:aws:ec2:us-east-1:211945238188:subnet/subnet-071e1da5ab5bd91c0",
            "assign_ipv6_address_on_creation": false,
            "availability_zone": "us-east-1c",
            "availability_zone_id": "use1-az4",
            "cidr_block": "10.0.2.0/24",
            "customer_owned_ipv4_pool": "",
            "enable_dns64": false,
            "enable_lni_at_device_index": 0,
            "enable_resource_name_dns_a_record_on_launch": false,
            "enable_resource_name_dns_aaaa_record_on_launch": false,
            "id": "subnet-071e1da5ab5bd91c0",
            "ipv6_cidr_block": "",
            "ipv6_cidr_block_association_id": "",
            "ipv6_native": false,
            "map_customer_owned_ip_on_launch": false,
            "map_public_ip_on_launch": false,
            "outpost_arn": "",
            "owner_id": "211945238188",
            "private_dns_hostname_type_on_launch": "ip-name",
            "tags": {
              "Name": "private-subnet"
            },
            "tags_all": {
              "Name": "private-subnet"
            },
            "timeouts": null,
            "vpc_id": "vpc-09f0648b84c53f9cd"
          },
          "sensitive_attributes": [],
          "identity_schema_version": 0,
          "private": "eyJlMmJmYjczMC1lY2FhLTExZTYtOGY4OC0zNDM2M2JjN2M0YzAiOnsiY3JlYXRlIjo2MDAwMDAwMDAwMDAsImRlbGV0ZSI6MTIwMDAwMDAwMDAwMH0sInNjaGVtYV92ZXJzaW9uIjoiMSJ9",
          "dependencies": [
            "module.networking.aws_vpc.vpc"
          ]
        }
      ]
    },
    {
      "module": "module.networking",
      "mode": "managed",
      "type": "aws_subnet",
      "name": "public_subnet",
      "provider": "provider[\"registry.terraform.io/hashicorp/aws\"]",
      "instances": [
        {
          "schema_version": 1,
          "attributes": {
            "arn": "arn:aws:ec2:us-east-1:211945238188:subnet/subnet-03b3af3c775611d8b",
            "assign_ipv6_address_on_creation": false,
            "availability_zone": "us-east-1c",
            "availability_zone_id": "use1-az4",
            "cidr_block": "10.0.1.0/24",
            "customer_owned_ipv4_pool": "",
            "enable_dns64": false,
            "enable_lni_at_device_index": 0,
            "enable_resource_name_dns_a_record_on_launch": false,
            "enable_resource_name_dns_aaaa_record_on_launch": false,
            "id": "subnet-03b3af3c775611d8b",
            "ipv6_cidr_block": "",
            "ipv6_cidr_block_association_id": "",
            "ipv6_native": false,
            "map_customer_owned_ip_on_launch": false,
            "map_public_ip_on_launch": true,
            "outpost_arn": "",
            "owner_id": "211945238188",
            "private_dns_hostname_type_on_launch": "ip-name",
            "tags": {
              "Name": "public-subnet"
            },
            "tags_all": {
              "Name": "public-subnet"
            },
            "timeouts": null,
            "vpc_id": "vpc-09f0648b84c53f9cd"
          },
          "sensitive_attributes": [],
          "identity_schema_version": 0,
          "private": "eyJlMmJmYjczMC1lY2FhLTExZTYtOGY4OC0zNDM2M2JjN2M0YzAiOnsiY3JlYXRlIjo2MDAwMDAwMDAwMDAsImRlbGV0ZSI6MTIwMDAwMDAwMDAwMH0sInNjaGVtYV92ZXJzaW9uIjoiMSJ9",
          "dependencies": [
            "module.networking.aws_vpc.vpc"
          ]
        }
      ]
    },
    {
      "module": "module.networking",
      "mode": "managed",
      "type": "aws_vpc",
      "name": "vpc",
      "provider": "provider[\"registry.terraform.io/hashicorp/aws\"]",
      "instances": [
        {
          "schema_version": 1,
          "attributes": {
            "arn": "arn:aws:ec2:us-east-1:211945238188:vpc/vpc-09f0648b84c53f9cd",
            "assign_generated_ipv6_cidr_block": false,
            "cidr_block": "10.0.0.0/16",
            "default_network_acl_id": "acl-030da97925bdc131c",
            "default_route_table_id": "rtb-0dd90015246636492",
            "default_security_group_id": "sg-0ecd9aa4d2cf36e50",
            "dhcp_options_id": "dopt-01c65b9cb0d88c459",
            "enable_dns_hostnames": true,
            "enable_dns_support": true,
            "enable_network_address_usage_metrics": false,
            "id": "vpc-09f0648b84c53f9cd",
            "instance_tenancy": "default",
            "ipv4_ipam_pool_id": null,
            "ipv4_netmask_length": null,
            "ipv6_association_id": "",
            "ipv6_cidr_block": "",
            "ipv6_cidr_block_network_border_group": "",
            "ipv6_ipam_pool_id": "",
            "ipv6_netmask_length": 0,
            "main_route_table_id": "rtb-0dd90015246636492",
            "owner_id": "211945238188",
            "tags": {
              "Name": "main-vpc"
            },
            "tags_all": {
              "Name": "main-vpc"
            }
          },
          "sensitive_attributes": [],
          "identity_schema_version": 0,
          "private": "eyJzY2hlbWFfdmVyc2lvbiI6IjEifQ=="
        }
      ]
    },
    {
      "module": "module.production",
      "mode": "managed",
      "type": "aws_instance",
      "name": "bastion",
      "provider": "provider[\"registry.terraform.io/hashicorp/aws\"]",
      "instances": [
        {
          "schema_version": 1,
          "attributes": {
            "ami": "ami-0261755bbcb8c4a84",
            "arn": "arn:aws:ec2:us-east-1:211945238188:instance/i-0fcf1c7ad297a5e04",
            "associate_public_ip_address": true,
            "availability_zone": "us-east-1c",
            "capacity_reservation_specification": [
              {
                "capacity_reservation_preference": "open",
                "capacity_reservation_target": []
              }
            ],
            "cpu_core_count": 1,
            "cpu_options": [
              {
                "amd_sev_snp": "",
                "core_count": 1,
                "threads_per_core": 2
              }
            ],
            "cpu_threads_per_core": 2,
            "credit_specification": [
              {
                "cpu_credits": "unlimited"
              }
            ],
            "disable_api_stop": false,
            "disable_api_termination": false,
            "ebs_block_device": [],
            "ebs_optimized": false,
            "enclave_options": [
              {
                "enabled": false
              }
            ],
            "ephemeral_block_device": [],
            "get_password_data": false,
            "hibernation": false,
            "host_id": "",
            "host_resource_group_arn": null,
            "iam_instance_profile": "",
            "id": "i-0fcf1c7ad297a5e04",
            "instance_initiated_shutdown_behavior": "stop",
            "instance_lifecycle": "",
            "instance_market_options": [],
            "instance_state": "running",
            "instance_type": "t3.micro",
            "ipv6_address_count": 0,
            "ipv6_addresses": [],
            "key_name": "terraform-kp",
            "launch_template": [],
            "maintenance_options": [
              {
                "auto_recovery": "default"
              }
            ],
            "metadata_options": [
              {
                "http_endpoint": "enabled",
                "http_protocol_ipv6": "disabled",
                "http_put_response_hop_limit": 1,
                "http_tokens": "optional",
                "instance_metadata_tags": "disabled"
              }
            ],
            "monitoring": false,
            "network_interface": [],
            "outpost_arn": "",
            "password_data": "",
            "placement_group": "",
            "placement_partition_number": 0,
            "primary_network_interface_id": "eni-0c54cba8759817264",
            "private_dns": "ip-10-0-1-25.ec2.internal",
            "private_dns_name_options": [
              {
                "enable_resource_name_dns_a_record": false,
                "enable_resource_name_dns_aaaa_record": false,
                "hostname_type": "ip-name"
              }
            ],
            "private_ip": "10.0.1.25",
            "public_dns": "ec2-54-209-61-186.compute-1.amazonaws.com",
            "public_ip": "54.209.61.186",
            "root_block_device": [
              {
                "delete_on_termination": true,
                "device_name": "/dev/sda1",
                "encrypted": false,
                "iops": 100,
                "kms_key_id": "",
                "tags": {},
                "throughput": 0,
                "volume_id": "vol-081697cb20027bcdd",
                "volume_size": 8,
                "volume_type": "gp2"
              }
            ],
            "secondary_private_ips": [],
            "security_groups": [],
            "source_dest_check": true,
            "spot_instance_request_id": "",
            "subnet_id": "subnet-03b3af3c775611d8b",
            "tags": {
              "Name": "bastion-host"
            },
            "tags_all": {
              "Name": "bastion-host"
            },
            "tenancy": "default",
            "timeouts": null,
            "user_data": null,
            "user_data_base64": null,
            "user_data_replace_on_change": false,
            "volume_tags": null,
            "vpc_security_group_ids": [
              "sg-01d4830c761d56243"
            ]
          },
          "sensitive_attributes": [],
          "identity_schema_version": 0,
          "private": "eyJlMmJmYjczMC1lY2FhLTExZTYtOGY4OC0zNDM2M2JjN2M0YzAiOnsiY3JlYXRlIjo2MDAwMDAwMDAwMDAsImRlbGV0ZSI6MTIwMDAwMDAwMDAwMCwidXBkYXRlIjo2MDAwMDAwMDAwMDB9LCJzY2hlbWFfdmVyc2lvbiI6IjEifQ==",
          "dependencies": [
            "aws_key_pair.kp_public",
            "module.networking.aws_subnet.public_subnet",
            "module.networking.aws_vpc.vpc",
            "module.production.aws_security_group.public_sg",
            "tls_private_key.kp"
          ]
        }
      ]
    },
    {
      "module": "module.production",
      "mode": "managed",
      "type": "aws_instance",
      "name": "ec2",
      "provider": "provider[\"registry.terraform.io/hashicorp/aws\"]",
      "instances": [
        {
          "schema_version": 1,
          "attributes": {
            "ami": "ami-0261755bbcb8c4a84",
            "arn": "arn:aws:ec2:us-east-1:211945238188:instance/i-00391c9eb0f17d072",
            "associate_public_ip_address": false,
            "availability_zone": "us-east-1c",
            "capacity_reservation_specification": [
              {
                "capacity_reservation_preference": "open",
                "capacity_reservation_target": []
              }
            ],
            "cpu_core_count": 1,
            "cpu_options": [
              {
                "amd_sev_snp": "",
                "core_count": 1,
                "threads_per_core": 2
              }
            ],
            "cpu_threads_per_core": 2,
            "credit_specification": [
              {
                "cpu_credits": "unlimited"
              }
            ],
            "disable_api_stop": false,
            "disable_api_termination": false,
            "ebs_block_device": [],
            "ebs_optimized": false,
            "enclave_options": [
              {
                "enabled": false
              }
            ],
            "ephemeral_block_device": [],
            "get_password_data": false,
            "hibernation": false,
            "host_id": "",
            "host_resource_group_arn": null,
            "iam_instance_profile": "",
            "id": "i-00391c9eb0f17d072",
            "instance_initiated_shutdown_behavior": "stop",
            "instance_lifecycle": "",
            "instance_market_options": [],
            "instance_state": "running",
            "instance_type": "t3.micro",
            "ipv6_address_count": 0,
            "ipv6_addresses": [],
            "key_name": "terraform-kp",
            "launch_template": [],
            "maintenance_options": [
              {
                "auto_recovery": "default"
              }
            ],
            "metadata_options": [
              {
                "http_endpoint": "enabled",
                "http_protocol_ipv6": "disabled",
                "http_put_response_hop_limit": 1,
                "http_tokens": "optional",
                "instance_metadata_tags": "disabled"
              }
            ],
            "monitoring": false,
            "network_interface": [],
            "outpost_arn": "",
            "password_data": "",
            "placement_group": "",
            "placement_partition_number": 0,
            "primary_network_interface_id": "eni-028f179a28e8859f5",
            "private_dns": "ip-10-0-2-115.ec2.internal",
            "private_dns_name_options": [
              {
                "enable_resource_name_dns_a_record": false,
                "enable_resource_name_dns_aaaa_record": false,
                "hostname_type": "ip-name"
              }
            ],
            "private_ip": "10.0.2.115",
            "public_dns": "",
            "public_ip": "",
            "root_block_device": [
              {
                "delete_on_termination": true,
                "device_name": "/dev/sda1",
                "encrypted": false,
                "iops": 100,
                "kms_key_id": "",
                "tags": {},
                "throughput": 0,
                "volume_id": "vol-073446c04fe9f79ba",
                "volume_size": 8,
                "volume_type": "gp2"
              }
            ],
            "secondary_private_ips": [],
            "security_groups": [],
            "source_dest_check": true,
            "spot_instance_request_id": "",
            "subnet_id": "subnet-071e1da5ab5bd91c0",
            "tags": {
              "Name": "private-ec2"
            },
            "tags_all": {
              "Name": "private-ec2"
            },
            "tenancy": "default",
            "timeouts": null,
            "user_data": null,
            "user_data_base64": null,
            "user_data_replace_on_change": false,
            "volume_tags": null,
            "vpc_security_group_ids": [
              "sg-07e4f565e03aa637f"
            ]
          },
          "sensitive_attributes": [],
          "identity_schema_version": 0,
          "private": "eyJlMmJmYjczMC1lY2FhLTExZTYtOGY4OC0zNDM2M2JjN2M0YzAiOnsiY3JlYXRlIjo2MDAwMDAwMDAwMDAsImRlbGV0ZSI6MTIwMDAwMDAwMDAwMCwidXBkYXRlIjo2MDAwMDAwMDAwMDB9LCJzY2hlbWFfdmVyc2lvbiI6IjEifQ==",
          "dependencies": [
            "aws_key_pair.kp_public",
            "module.networking.aws_subnet.private_subnet",
            "module.networking.aws_vpc.vpc",
            "module.production.aws_security_group.private_sg",
            "module.production.aws_security_group.public_sg",
            "tls_private_key.kp"
          ]
        }
      ]
    },
    {
      "module": "module.production",
      "mode": "managed",
      "type": "aws_security_group",
      "name": "private_sg",
      "provider": "provider[\"registry.terraform.io/hashicorp/aws\"]",
      "instances": [
        {
          "schema_version": 1,
          "attributes": {
            "arn": "arn:aws:ec2:us-east-1:211945238188:security-group/sg-07e4f565e03aa637f",
            "description": "Managed by Terraform",
            "egress": [
              {
                "cidr_blocks": [
                  "0.0.0.0/0"
                ],
                "description": "",
                "from_port": 0,
                "ipv6_cidr_blocks": [],
                "prefix_list_ids": [],
                "protocol": "-1",
                "security_groups": [],
                "self": false,
                "to_port": 0
              }
            ],
            "id": "sg-07e4f565e03aa637f",
            "ingress": [
              {
                "cidr_blocks": [],
                "description": "",
                "from_port": 22,
                "ipv6_cidr_blocks": [],
                "prefix_list_ids": [],
                "protocol": "tcp",
                "security_groups": [
                  "sg-01d4830c761d56243"
                ],
                "self": false,
                "to_port": 22
              }
            ],
            "name": "private_sg",
            "name_prefix": "",
            "owner_id": "211945238188",
            "revoke_rules_on_delete": false,
            "tags": {
              "Name": "private-ec2-sg"
            },
            "tags_all": {
              "Name": "private-ec2-sg"
            },
            "timeouts": null,
            "vpc_id": "vpc-09f0648b84c53f9cd"
          },
          "sensitive_attributes": [],
          "identity_schema_version": 0,
          "private": "eyJlMmJmYjczMC1lY2FhLTExZTYtOGY4OC0zNDM2M2JjN2M0YzAiOnsiY3JlYXRlIjo2MDAwMDAwMDAwMDAsImRlbGV0ZSI6OTAwMDAwMDAwMDAwfSwic2NoZW1hX3ZlcnNpb24iOiIxIn0=",
          "dependencies": [
            "module.networking.aws_vpc.vpc",
            "module.production.aws_security_group.public_sg"
          ]
        }
      ]
    },
    {
      "module": "module.production",
      "mode": "managed",
      "type": "aws_security_group",
      "name": "public_sg",
      "provider": "provider[\"registry.terraform.io/hashicorp/aws\"]",
      "instances": [
        {
          "schema_version": 1,
          "attributes": {
            "arn": "arn:aws:ec2:us-east-1:211945238188:security-group/sg-01d4830c761d56243",
            "description": "Managed by Terraform",
            "egress": [
              {
                "cidr_blocks": [
                  "0.0.0.0/0"
                ],
                "description": "",
                "from_port": 0,
                "ipv6_cidr_blocks": [],
                "prefix_list_ids": [],
                "protocol": "-1",
                "security_groups": [],
                "self": false,
                "to_port": 0
              }
            ],
            "id": "sg-01d4830c761d56243",
            "ingress": [
              {
                "cidr_blocks": [
                  "0.0.0.0/0"
                ],
                "description": "",
                "from_port": 22,
                "ipv6_cidr_blocks": [],
                "prefix_list_ids": [],
                "protocol": "tcp",
                "security_groups": [],
                "self": false,
                "to_port": 22
              }
            ],
            "name": "public_sg",
            "name_prefix": "",
            "owner_id": "211945238188",
            "revoke_rules_on_delete": false,
            "tags": {
              "Name": "bastion-sg"
            },
            "tags_all": {
              "Name": "bastion-sg"
            },
            "timeouts": null,
            "vpc_id": "vpc-09f0648b84c53f9cd"
          },
          "sensitive_attributes": [],
          "identity_schema_version": 0,
          "private": "eyJlMmJmYjczMC1lY2FhLTExZTYtOGY4OC0zNDM2M2JjN2M0YzAiOnsiY3JlYXRlIjo2MDAwMDAwMDAwMDAsImRlbGV0ZSI6OTAwMDAwMDAwMDAwfSwic2NoZW1hX3ZlcnNpb24iOiIxIn0=",
          "dependencies": [
            "module.networking.aws_vpc.vpc"
          ]
        }
      ]
    }
  ],
  "check_results": null
}
