{
  "version": 4,
  "terraform_version": "1.15.1",
  "serial": 122,
  "lineage": "f971b680-caae-4d0a-8c8f-7b2843f5474a",
  "outputs": {
    "bastion_public_ip": {
      "value": "3.238.53.200",
      "type": "string"
    },
    "ec2_private_ip": {
      "value": "10.0.2.253",
      "type": "string"
    }
  },
  "resources": [
    {
      "mode": "managed",
      "type": "aws_key_pair",
      "name": "kp_public",
      "provider": "provider[\"registry.terraform.io/hashicorp/aws\"]",
      "instances": [
        {
          "schema_version": 1,
          "attributes": {
            "arn": "arn:aws:ec2:us-east-1:211945238188:key-pair/terraform-kp",
            "fingerprint": "e2:83:13:57:8d:cf:96:93:08:4a:67:8d:ae:2b:ac:69",
            "id": "terraform-kp",
            "key_name": "terraform-kp",
            "key_name_prefix": "",
            "key_pair_id": "key-0fb88d674921b9818",
            "key_type": "rsa",
            "public_key": "ssh-rsa AAAAB3NzaC1yc2EAAAADAQABAAABAQDIYZ5B58nUdKiSGJXdlWIGzUkuNIhr65E1AuOYGZvvi8cjiEKOrWfdHZOB0HyzB4IrRA3S+umk/YC5akM0ntEz9dMIBysviz85fQhUbSXYtj9Wml0H6E647Lq4WBYdGYDl6m1y8YiYZr7RiJo6EMS8mSJ91sBy8YiqhmEXyHKSXssKzmfOqbiLyepU1ZrIF8x1SFhvcFNcGZM9lxfN4mgct3O1agibc1DuNz8vU53zaP8dVJ8KSjnoCf401ItuRVW3bypdahzsIDsyp35KXADc0Doi0dBlJ5iIdBpiaLw9b68+QZmZpMeZr73iCa6+OIZLg9wHiFijf+VlENq09sqx",
            "tags": null,
            "tags_all": {}
          },
          "sensitive_attributes": [],
          "identity_schema_version": 0,
          "private": "eyJzY2hlbWFfdmVyc2lvbiI6IjEifQ==",
          "dependencies": [
            "tls_private_key.kp"
          ]
        }
      ]
    },
    {
      "mode": "managed",
      "type": "local_file",
      "name": "kp_private",
      "provider": "provider[\"registry.terraform.io/hashicorp/local\"]",
      "instances": [
        {
          "schema_version": 0,
          "attributes": {
            "content": "-----BEGIN RSA PRIVATE KEY-----\nMIIEpAIBAAKCAQEAyGGeQefJ1HSokhiV3ZViBs1JLjSIa+uRNQLjmBmb74vHI4hC\njq1n3R2TgdB8sweCK0QN0vrppP2AuWpDNJ7RM/XTCAcrL4s/OX0IVG0l2LY/Vppd\nB+hOuOy6uFgWHRmA5eptcvGImGa+0YiaOhDEvJkifdbAcvGIqoZhF8hykl7LCs5n\nzqm4i8nqVNWayBfMdUhYb3BTXBmTPZcXzeJoHLdztWoIm3NQ7jc/L1Od82j/HVSf\nCko56An+NNSLbkVVt28qXWoc7CA7Mqd+SlwA3NA6ItHQZSeYiHQaYmi8PW+vPkGZ\nmaTHma+94gmuvjiGS4PcB4hYo3/lZRDatPbKsQIDAQABAoIBAHf34e0pXfACDC6z\n433vgun5nBe6wfaC6cPoP+T/aBnKAOboHJkZframj3rIHPB+zVMkAnbPXHU4hQn9\ncdEeSLgoNDl5OUTUxHyhvAv38RHHQzKRZqNmVUNoD/5wVoUDkOWWLgMEUriTwyjl\n9RhQk8kqkbjvivcGXsFhhN3dV6MDaJo7WwboOdwJlhpwPlsV5ejh5sUAnB2WQgNF\nI0KEr1TtV9LSgJDyGHv0f7KaN4imvQ7rv4Df8vrzv5C511HmSsB5uxLSu8UJwucS\n/K5hiXsecnJZC29BGqY2RRXHZ8nQKpZ3CsU5GKXObZxyo8Z5hbNglGCuHo1D+pVY\nZLjSbgECgYEA6BJ1mkiFouL53LviSZC5pq7dEKaaX/k4Nu4FnzUNlPZf1eBI+n7t\naDD2CxxwISkFt0QUJYnq2G0KmojHtT5iaGwhThDCCFmXke+n+WXzqbYeHK4OwsuY\neYovZ/i6Jn4izBpqr3KXHRNXevV7zYfsHbkQ65MN9gAYIL26NqRWN9ECgYEA3Qqu\nTdoM4O7/98Dguv0TnmaOdmitBaWcKIeAXEollDX9cZUl8HzLKdVbLEoZXz3/1jo9\nN1U5MbCBpY2LsPrTWUuCgLZJ6mMDROP9X8kF5NNM+CM3UgARWYxTaFp6DzR/2N93\nNLZYJMLVHf8Wq4PdopnpP7FawNRPJwOj2c/e/OECgYAxQ3njfnGf2j7gNKIcq7Q9\nRfF3j2ZF6Umdn3liCokPjh1Z8XqMclVDQOF6CldjMqob9T+xmE1aFAukMlTyjIOn\nVwza3YPS8fHS8OTfdFz9McPCotBPWZjMdCEMGSiq8yu/1/u9sr2RVoHDgEj/oFLn\nHFoTJ+xWxD5a9OuKnegPgQKBgQCc6/4+arSF42Z4vsdMOGp7I5ez3DApOB8absfj\nvQfcpk+dGSNsDUw2EK+/S4Ojp+I+de4LoEcQTZxcqZYoOIledUrakY78BPrHJ4wz\nOgUjJBcaefXGEyI+Dm8QQFsy/DRfBJYeJ+1/e4nM19GCRgVMcDO08fXZu1/N9LmX\n4gkOQQKBgQCxTsZagJptgkPM4f7WsvkHNfRBg4AEn+0ADAdov1PI6Hbnqy0hvKlm\nsjpz1HzRJZ3pK5LdQl4AP1I2RzTii7R87XQMsSoGryKROvn5QHge6ylIWX7+W/JJ\nkYD14JR+gkAbjX46NrFt75KkQVJHIV1jz2PCIs/1rNqREIQxakejGA==\n-----END RSA PRIVATE KEY-----\n",
            "content_base64": null,
            "content_base64sha256": "NHaNRSMmsjhl7kKk4ICK0Cv/5cIoO8ice6sUh9+9K1E=",
            "content_base64sha512": "6nwQZlAPrfSKXYY1I25Ba82BKmDwdjQpmLUKHUeEHtVKLFVaZhBRNRjDotfPp8jrIbEKaycSEhd5HtC9fUh5fg==",
            "content_md5": "207f5bcb3c62bf4c151557b0c4e4c493",
            "content_sha1": "d42d3080185fdce2a8376c144f0b5c1aba34a17e",
            "content_sha256": "34768d452326b23865ee42a4e0808ad02bffe5c2283bc89c7bab1487dfbd2b51",
            "content_sha512": "ea7c1066500fadf48a5d8635236e416bcd812a60f076342998b50a1d47841ed54a2c555a6610513518c3a2d7cfa7c8eb21b10a6b27121217791ed0bd7d48797e",
            "directory_permission": "0777",
            "file_permission": "0600",
            "filename": "./kp.pem",
            "id": "d42d3080185fdce2a8376c144f0b5c1aba34a17e",
            "sensitive_content": null,
            "source": null
          },
          "sensitive_attributes": [
            [
              {
                "type": "get_attr",
                "value": "content"
              }
            ],
            [
              {
                "type": "get_attr",
                "value": "sensitive_content"
              }
            ]
          ],
          "identity_schema_version": 0,
          "dependencies": [
            "tls_private_key.kp"
          ]
        }
      ]
    },
    {
      "mode": "managed",
      "type": "tls_private_key",
      "name": "kp",
      "provider": "provider[\"registry.terraform.io/hashicorp/tls\"]",
      "instances": [
        {
          "schema_version": 1,
          "attributes": {
            "algorithm": "RSA",
            "ecdsa_curve": "P224",
            "id": "104081122987d2f95eb95c3bd0761582be4103dc",
            "private_key_openssh": "-----BEGIN OPENSSH PRIVATE KEY-----\nb3BlbnNzaC1rZXktdjEAAAAABG5vbmUAAAAEbm9uZQAAAAAAAAABAAABFwAAAAdz\nc2gtcnNhAAAAAwEAAQAAAQEAyGGeQefJ1HSokhiV3ZViBs1JLjSIa+uRNQLjmBmb\n74vHI4hCjq1n3R2TgdB8sweCK0QN0vrppP2AuWpDNJ7RM/XTCAcrL4s/OX0IVG0l\n2LY/VppdB+hOuOy6uFgWHRmA5eptcvGImGa+0YiaOhDEvJkifdbAcvGIqoZhF8hy\nkl7LCs5nzqm4i8nqVNWayBfMdUhYb3BTXBmTPZcXzeJoHLdztWoIm3NQ7jc/L1Od\n82j/HVSfCko56An+NNSLbkVVt28qXWoc7CA7Mqd+SlwA3NA6ItHQZSeYiHQaYmi8\nPW+vPkGZmaTHma+94gmuvjiGS4PcB4hYo3/lZRDatPbKsQAAA7gTgL+yE4C/sgAA\nAAdzc2gtcnNhAAABAQDIYZ5B58nUdKiSGJXdlWIGzUkuNIhr65E1AuOYGZvvi8cj\niEKOrWfdHZOB0HyzB4IrRA3S+umk/YC5akM0ntEz9dMIBysviz85fQhUbSXYtj9W\nml0H6E647Lq4WBYdGYDl6m1y8YiYZr7RiJo6EMS8mSJ91sBy8YiqhmEXyHKSXssK\nzmfOqbiLyepU1ZrIF8x1SFhvcFNcGZM9lxfN4mgct3O1agibc1DuNz8vU53zaP8d\nVJ8KSjnoCf401ItuRVW3bypdahzsIDsyp35KXADc0Doi0dBlJ5iIdBpiaLw9b68+\nQZmZpMeZr73iCa6+OIZLg9wHiFijf+VlENq09sqxAAAAAwEAAQAAAQB39+HtKV3w\nAgwus+N974Lp+ZwXusH2gunD6D/k/2gZygDm6ByZGX62po96yBzwfs1TJAJ2z1x1\nOIUJ/XHRHki4KDQ5eTlE1MR8obwL9/ERx0MykWajZlVDaA/+cFaFA5Dlli4DBFK4\nk8Mo5fUYUJPJKpG474r3Bl7BYYTd3VejA2iaO1sG6DncCZYacD5bFeXo4ebFAJwd\nlkIDRSNChK9U7VfS0oCQ8hh79H+ymjeIpr0O67+A3/L687+QuddR5krAebsS0rvF\nCcLnEvyuYYl7HnJyWQtvQRqmNkUVx2fJ0CqWdwrFORilzm2ccqPGeYWzYJRgrh6N\nQ/qVWGS40m4BAAAAgQCxTsZagJptgkPM4f7WsvkHNfRBg4AEn+0ADAdov1PI6Hbn\nqy0hvKlmsjpz1HzRJZ3pK5LdQl4AP1I2RzTii7R87XQMsSoGryKROvn5QHge6ylI\nWX7+W/JJkYD14JR+gkAbjX46NrFt75KkQVJHIV1jz2PCIs/1rNqREIQxakejGAAA\nAIEA6BJ1mkiFouL53LviSZC5pq7dEKaaX/k4Nu4FnzUNlPZf1eBI+n7taDD2Cxxw\nISkFt0QUJYnq2G0KmojHtT5iaGwhThDCCFmXke+n+WXzqbYeHK4OwsuYeYovZ/i6\nJn4izBpqr3KXHRNXevV7zYfsHbkQ65MN9gAYIL26NqRWN9EAAACBAN0Krk3aDODu\n//fA4Lr9E55mjnZorQWlnCiHgFxKJZQ1/XGVJfB8yynVWyxKGV89/9Y6PTdVOTGw\ngaWNi7D601lLgoC2SepjA0Tj/V/JBeTTTPgjN1IAEVmMU2haeg80f9jfdzS2WCTC\n1R3/FquD3aKZ6T+xWsDUTycDo9nP3vzhAAAAAAEC\n-----END OPENSSH PRIVATE KEY-----\n",
            "private_key_pem": "-----BEGIN RSA PRIVATE KEY-----\nMIIEpAIBAAKCAQEAyGGeQefJ1HSokhiV3ZViBs1JLjSIa+uRNQLjmBmb74vHI4hC\njq1n3R2TgdB8sweCK0QN0vrppP2AuWpDNJ7RM/XTCAcrL4s/OX0IVG0l2LY/Vppd\nB+hOuOy6uFgWHRmA5eptcvGImGa+0YiaOhDEvJkifdbAcvGIqoZhF8hykl7LCs5n\nzqm4i8nqVNWayBfMdUhYb3BTXBmTPZcXzeJoHLdztWoIm3NQ7jc/L1Od82j/HVSf\nCko56An+NNSLbkVVt28qXWoc7CA7Mqd+SlwA3NA6ItHQZSeYiHQaYmi8PW+vPkGZ\nmaTHma+94gmuvjiGS4PcB4hYo3/lZRDatPbKsQIDAQABAoIBAHf34e0pXfACDC6z\n433vgun5nBe6wfaC6cPoP+T/aBnKAOboHJkZframj3rIHPB+zVMkAnbPXHU4hQn9\ncdEeSLgoNDl5OUTUxHyhvAv38RHHQzKRZqNmVUNoD/5wVoUDkOWWLgMEUriTwyjl\n9RhQk8kqkbjvivcGXsFhhN3dV6MDaJo7WwboOdwJlhpwPlsV5ejh5sUAnB2WQgNF\nI0KEr1TtV9LSgJDyGHv0f7KaN4imvQ7rv4Df8vrzv5C511HmSsB5uxLSu8UJwucS\n/K5hiXsecnJZC29BGqY2RRXHZ8nQKpZ3CsU5GKXObZxyo8Z5hbNglGCuHo1D+pVY\nZLjSbgECgYEA6BJ1mkiFouL53LviSZC5pq7dEKaaX/k4Nu4FnzUNlPZf1eBI+n7t\naDD2CxxwISkFt0QUJYnq2G0KmojHtT5iaGwhThDCCFmXke+n+WXzqbYeHK4OwsuY\neYovZ/i6Jn4izBpqr3KXHRNXevV7zYfsHbkQ65MN9gAYIL26NqRWN9ECgYEA3Qqu\nTdoM4O7/98Dguv0TnmaOdmitBaWcKIeAXEollDX9cZUl8HzLKdVbLEoZXz3/1jo9\nN1U5MbCBpY2LsPrTWUuCgLZJ6mMDROP9X8kF5NNM+CM3UgARWYxTaFp6DzR/2N93\nNLZYJMLVHf8Wq4PdopnpP7FawNRPJwOj2c/e/OECgYAxQ3njfnGf2j7gNKIcq7Q9\nRfF3j2ZF6Umdn3liCokPjh1Z8XqMclVDQOF6CldjMqob9T+xmE1aFAukMlTyjIOn\nVwza3YPS8fHS8OTfdFz9McPCotBPWZjMdCEMGSiq8yu/1/u9sr2RVoHDgEj/oFLn\nHFoTJ+xWxD5a9OuKnegPgQKBgQCc6/4+arSF42Z4vsdMOGp7I5ez3DApOB8absfj\nvQfcpk+dGSNsDUw2EK+/S4Ojp+I+de4LoEcQTZxcqZYoOIledUrakY78BPrHJ4wz\nOgUjJBcaefXGEyI+Dm8QQFsy/DRfBJYeJ+1/e4nM19GCRgVMcDO08fXZu1/N9LmX\n4gkOQQKBgQCxTsZagJptgkPM4f7WsvkHNfRBg4AEn+0ADAdov1PI6Hbnqy0hvKlm\nsjpz1HzRJZ3pK5LdQl4AP1I2RzTii7R87XQMsSoGryKROvn5QHge6ylIWX7+W/JJ\nkYD14JR+gkAbjX46NrFt75KkQVJHIV1jz2PCIs/1rNqREIQxakejGA==\n-----END RSA PRIVATE KEY-----\n",
            "private_key_pem_pkcs8": "-----BEGIN PRIVATE KEY-----\nMIIEvgIBADANBgkqhkiG9w0BAQEFAASCBKgwggSkAgEAAoIBAQDIYZ5B58nUdKiS\nGJXdlWIGzUkuNIhr65E1AuOYGZvvi8cjiEKOrWfdHZOB0HyzB4IrRA3S+umk/YC5\nakM0ntEz9dMIBysviz85fQhUbSXYtj9Wml0H6E647Lq4WBYdGYDl6m1y8YiYZr7R\niJo6EMS8mSJ91sBy8YiqhmEXyHKSXssKzmfOqbiLyepU1ZrIF8x1SFhvcFNcGZM9\nlxfN4mgct3O1agibc1DuNz8vU53zaP8dVJ8KSjnoCf401ItuRVW3bypdahzsIDsy\np35KXADc0Doi0dBlJ5iIdBpiaLw9b68+QZmZpMeZr73iCa6+OIZLg9wHiFijf+Vl\nENq09sqxAgMBAAECggEAd/fh7Sld8AIMLrPjfe+C6fmcF7rB9oLpw+g/5P9oGcoA\n5ugcmRl+tqaPesgc8H7NUyQCds9cdTiFCf1x0R5IuCg0OXk5RNTEfKG8C/fxEcdD\nMpFmo2ZVQ2gP/nBWhQOQ5ZYuAwRSuJPDKOX1GFCTySqRuO+K9wZewWGE3d1XowNo\nmjtbBug53AmWGnA+WxXl6OHmxQCcHZZCA0UjQoSvVO1X0tKAkPIYe/R/spo3iKa9\nDuu/gN/y+vO/kLnXUeZKwHm7EtK7xQnC5xL8rmGJex5yclkLb0EapjZFFcdnydAq\nlncKxTkYpc5tnHKjxnmFs2CUYK4ejUP6lVhkuNJuAQKBgQDoEnWaSIWi4vncu+JJ\nkLmmrt0Qpppf+Tg27gWfNQ2U9l/V4Ej6fu1oMPYLHHAhKQW3RBQlierYbQqaiMe1\nPmJobCFOEMIIWZeR76f5ZfOpth4crg7Cy5h5ii9n+LomfiLMGmqvcpcdE1d69XvN\nh+wduRDrkw32ABggvbo2pFY30QKBgQDdCq5N2gzg7v/3wOC6/ROeZo52aK0FpZwo\nh4BcSiWUNf1xlSXwfMsp1VssShlfPf/WOj03VTkxsIGljYuw+tNZS4KAtknqYwNE\n4/1fyQXk00z4IzdSABFZjFNoWnoPNH/Y33c0tlgkwtUd/xarg92imek/sVrA1E8n\nA6PZz9784QKBgDFDeeN+cZ/aPuA0ohyrtD1F8XePZkXpSZ2feWIKiQ+OHVnxeoxy\nVUNA4XoKV2Myqhv1P7GYTVoUC6QyVPKMg6dXDNrdg9Lx8dLw5N90XP0xw8Ki0E9Z\nmMx0IQwZKKrzK7/X+72yvZFWgcOASP+gUuccWhMn7FbEPlr064qd6A+BAoGBAJzr\n/j5qtIXjZni+x0w4ansjl7PcMCk4Hxpux+O9B9ymT50ZI2wNTDYQr79Lg6On4j51\n7gugRxBNnFyplig4iV51StqRjvwE+scnjDM6BSMkFxp59cYTIj4ObxBAWzL8NF8E\nlh4n7X97iczX0YJGBUxwM7Tx9dm7X830uZfiCQ5BAoGBALFOxlqAmm2CQ8zh/tay\n+Qc19EGDgASf7QAMB2i/U8joduerLSG8qWayOnPUfNElnekrkt1CXgA/UjZHNOKL\ntHztdAyxKgavIpE6+flAeB7rKUhZfv5b8kmRgPXglH6CQBuNfjo2sW3vkqRBUkch\nXWPPY8Iiz/Ws2pEQhDFqR6MY\n-----END PRIVATE KEY-----\n",
            "public_key_fingerprint_md5": "12:35:d5:8f:0d:c3:cf:c7:e5:8b:fe:8d:3e:5e:4c:3f",
            "public_key_fingerprint_sha256": "SHA256:LLsVH98AskNsmap2ihddb5EEde7WYvO+Nubx2XFErqw",
            "public_key_openssh": "ssh-rsa AAAAB3NzaC1yc2EAAAADAQABAAABAQDIYZ5B58nUdKiSGJXdlWIGzUkuNIhr65E1AuOYGZvvi8cjiEKOrWfdHZOB0HyzB4IrRA3S+umk/YC5akM0ntEz9dMIBysviz85fQhUbSXYtj9Wml0H6E647Lq4WBYdGYDl6m1y8YiYZr7RiJo6EMS8mSJ91sBy8YiqhmEXyHKSXssKzmfOqbiLyepU1ZrIF8x1SFhvcFNcGZM9lxfN4mgct3O1agibc1DuNz8vU53zaP8dVJ8KSjnoCf401ItuRVW3bypdahzsIDsyp35KXADc0Doi0dBlJ5iIdBpiaLw9b68+QZmZpMeZr73iCa6+OIZLg9wHiFijf+VlENq09sqx\n",
            "public_key_pem": "-----BEGIN PUBLIC KEY-----\nMIIBIjANBgkqhkiG9w0BAQEFAAOCAQ8AMIIBCgKCAQEAyGGeQefJ1HSokhiV3ZVi\nBs1JLjSIa+uRNQLjmBmb74vHI4hCjq1n3R2TgdB8sweCK0QN0vrppP2AuWpDNJ7R\nM/XTCAcrL4s/OX0IVG0l2LY/VppdB+hOuOy6uFgWHRmA5eptcvGImGa+0YiaOhDE\nvJkifdbAcvGIqoZhF8hykl7LCs5nzqm4i8nqVNWayBfMdUhYb3BTXBmTPZcXzeJo\nHLdztWoIm3NQ7jc/L1Od82j/HVSfCko56An+NNSLbkVVt28qXWoc7CA7Mqd+SlwA\n3NA6ItHQZSeYiHQaYmi8PW+vPkGZmaTHma+94gmuvjiGS4PcB4hYo3/lZRDatPbK\nsQIDAQAB\n-----END PUBLIC KEY-----\n",
            "rsa_bits": 2048
          },
          "sensitive_attributes": [
            [
              {
                "type": "get_attr",
                "value": "private_key_openssh"
              }
            ],
            [
              {
                "type": "get_attr",
                "value": "private_key_pem"
              }
            ],
            [
              {
                "type": "get_attr",
                "value": "private_key_pem_pkcs8"
              }
            ]
          ],
          "identity_schema_version": 0
        }
      ]
    },
    {
      "module": "module.networking",
      "mode": "managed",
      "type": "aws_eip",
      "name": "eip",
      "provider": "provider[\"registry.terraform.io/hashicorp/aws\"]",
      "instances": [
        {
          "schema_version": 0,
          "attributes": {
            "address": null,
            "allocation_id": "eipalloc-093126aea92e3b302",
            "associate_with_private_ip": null,
            "association_id": "",
            "carrier_ip": "",
            "customer_owned_ip": "",
            "customer_owned_ipv4_pool": "",
            "domain": "vpc",
            "id": "eipalloc-093126aea92e3b302",
            "instance": "",
            "network_border_group": "us-east-1",
            "network_interface": "",
            "private_dns": null,
            "private_ip": "",
            "public_dns": "ec2-32-193-42-253.compute-1.amazonaws.com",
            "public_ip": "32.193.42.253",
            "public_ipv4_pool": "amazon",
            "tags": {
              "Name": "nat-eip"
            },
            "tags_all": {
              "Name": "nat-eip"
            },
            "timeouts": null,
            "vpc": true
          },
          "sensitive_attributes": [],
          "identity_schema_version": 0,
          "private": "eyJlMmJmYjczMC1lY2FhLTExZTYtOGY4OC0zNDM2M2JjN2M0YzAiOnsiZGVsZXRlIjoxODAwMDAwMDAwMDAsInJlYWQiOjkwMDAwMDAwMDAwMCwidXBkYXRlIjozMDAwMDAwMDAwMDB9fQ=="
        }
      ]
    },
    {
      "module": "module.networking",
      "mode": "managed",
      "type": "aws_internet_gateway",
      "name": "igw",
      "provider": "provider[\"registry.terraform.io/hashicorp/aws\"]",
      "instances": [
        {
          "schema_version": 0,
          "attributes": {
            "arn": "arn:aws:ec2:us-east-1:211945238188:internet-gateway/igw-08b90daf48f6aa015",
            "id": "igw-08b90daf48f6aa015",
            "owner_id": "211945238188",
            "tags": {
              "Name": "main-igw"
            },
            "tags_all": {
              "Name": "main-igw"
            },
            "timeouts": null,
            "vpc_id": "vpc-0e9f8cc41e3957803"
          },
          "sensitive_attributes": [],
          "identity_schema_version": 0,
          "private": "eyJlMmJmYjczMC1lY2FhLTExZTYtOGY4OC0zNDM2M2JjN2M0YzAiOnsiY3JlYXRlIjoxMjAwMDAwMDAwMDAwLCJkZWxldGUiOjEyMDAwMDAwMDAwMDAsInVwZGF0ZSI6MTIwMDAwMDAwMDAwMH19",
          "dependencies": [
            "module.networking.aws_vpc.vpc"
          ]
        }
      ]
    },
    {
      "module": "module.networking",
      "mode": "managed",
      "type": "aws_nat_gateway",
      "name": "ngw",
      "provider": "provider[\"registry.terraform.io/hashicorp/aws\"]",
      "instances": [
        {
          "schema_version": 0,
          "attributes": {
            "allocation_id": "eipalloc-093126aea92e3b302",
            "association_id": "eipassoc-0456ec57372855c8e",
            "connectivity_type": "public",
            "id": "nat-0f1dcf826152e554c",
            "network_interface_id": "eni-002b47ee4147a39af",
            "private_ip": "10.0.1.87",
            "public_ip": "32.193.42.253",
            "secondary_allocation_ids": null,
            "secondary_private_ip_address_count": 0,
            "secondary_private_ip_addresses": [],
            "subnet_id": "subnet-0064c0b966fb3fec7",
            "tags": null,
            "tags_all": {},
            "timeouts": null
          },
          "sensitive_attributes": [],
          "identity_schema_version": 0,
          "private": "eyJlMmJmYjczMC1lY2FhLTExZTYtOGY4OC0zNDM2M2JjN2M0YzAiOnsiY3JlYXRlIjo2MDAwMDAwMDAwMDAsImRlbGV0ZSI6MTgwMDAwMDAwMDAwMCwidXBkYXRlIjo2MDAwMDAwMDAwMDB9fQ==",
          "dependencies": [
            "module.networking.aws_eip.eip",
            "module.networking.aws_subnet.public_subnet",
            "module.networking.aws_vpc.vpc"
          ]
        }
      ]
    },
    {
      "module": "module.networking",
      "mode": "managed",
      "type": "aws_route_table",
      "name": "private_rt",
      "provider": "provider[\"registry.terraform.io/hashicorp/aws\"]",
      "instances": [
        {
          "schema_version": 0,
          "attributes": {
            "arn": "arn:aws:ec2:us-east-1:211945238188:route-table/rtb-0e19d2c650de9e316",
            "id": "rtb-0e19d2c650de9e316",
            "owner_id": "211945238188",
            "propagating_vgws": [],
            "route": [
              {
                "carrier_gateway_id": "",
                "cidr_block": "0.0.0.0/0",
                "core_network_arn": "",
                "destination_prefix_list_id": "",
                "egress_only_gateway_id": "",
                "gateway_id": "",
                "ipv6_cidr_block": "",
                "local_gateway_id": "",
                "nat_gateway_id": "nat-0f1dcf826152e554c",
                "network_interface_id": "",
                "transit_gateway_id": "",
                "vpc_endpoint_id": "",
                "vpc_peering_connection_id": ""
              }
            ],
            "tags": {
              "Name": "private-rt"
            },
            "tags_all": {
              "Name": "private-rt"
            },
            "timeouts": null,
            "vpc_id": "vpc-0e9f8cc41e3957803"
          },
          "sensitive_attributes": [],
          "identity_schema_version": 0,
          "private": "eyJlMmJmYjczMC1lY2FhLTExZTYtOGY4OC0zNDM2M2JjN2M0YzAiOnsiY3JlYXRlIjozMDAwMDAwMDAwMDAsImRlbGV0ZSI6MzAwMDAwMDAwMDAwLCJ1cGRhdGUiOjEyMDAwMDAwMDAwMH19",
          "dependencies": [
            "module.networking.aws_eip.eip",
            "module.networking.aws_nat_gateway.ngw",
            "module.networking.aws_subnet.public_subnet",
            "module.networking.aws_vpc.vpc"
          ]
        }
      ]
    },
    {
      "module": "module.networking",
      "mode": "managed",
      "type": "aws_route_table",
      "name": "public_rt",
      "provider": "provider[\"registry.terraform.io/hashicorp/aws\"]",
      "instances": [
        {
          "schema_version": 0,
          "attributes": {
            "arn": "arn:aws:ec2:us-east-1:211945238188:route-table/rtb-0191a6003232d66ce",
            "id": "rtb-0191a6003232d66ce",
            "owner_id": "211945238188",
            "propagating_vgws": [],
            "route": [
              {
                "carrier_gateway_id": "",
                "cidr_block": "0.0.0.0/0",
                "core_network_arn": "",
                "destination_prefix_list_id": "",
                "egress_only_gateway_id": "",
                "gateway_id": "igw-08b90daf48f6aa015",
                "ipv6_cidr_block": "",
                "local_gateway_id": "",
                "nat_gateway_id": "",
                "network_interface_id": "",
                "transit_gateway_id": "",
                "vpc_endpoint_id": "",
                "vpc_peering_connection_id": ""
              }
            ],
            "tags": {
              "Name": "public-rt"
            },
            "tags_all": {
              "Name": "public-rt"
            },
            "timeouts": null,
            "vpc_id": "vpc-0e9f8cc41e3957803"
          },
          "sensitive_attributes": [],
          "identity_schema_version": 0,
          "private": "eyJlMmJmYjczMC1lY2FhLTExZTYtOGY4OC0zNDM2M2JjN2M0YzAiOnsiY3JlYXRlIjozMDAwMDAwMDAwMDAsImRlbGV0ZSI6MzAwMDAwMDAwMDAwLCJ1cGRhdGUiOjEyMDAwMDAwMDAwMH19",
          "dependencies": [
            "module.networking.aws_internet_gateway.igw",
            "module.networking.aws_vpc.vpc"
          ]
        }
      ]
    },
    {
      "module": "module.networking",
      "mode": "managed",
      "type": "aws_route_table_association",
      "name": "private_rta",
      "provider": "provider[\"registry.terraform.io/hashicorp/aws\"]",
      "instances": [
        {
          "schema_version": 0,
          "attributes": {
            "gateway_id": "",
            "id": "rtbassoc-0c9c71ff838807ee4",
            "route_table_id": "rtb-0e19d2c650de9e316",
            "subnet_id": "subnet-0e6a25853cd4e0b93",
            "timeouts": null
          },
          "sensitive_attributes": [],
          "identity_schema_version": 0,
          "private": "eyJlMmJmYjczMC1lY2FhLTExZTYtOGY4OC0zNDM2M2JjN2M0YzAiOnsiY3JlYXRlIjozMDAwMDAwMDAwMDAsImRlbGV0ZSI6MzAwMDAwMDAwMDAwLCJ1cGRhdGUiOjEyMDAwMDAwMDAwMH19",
          "dependencies": [
            "module.networking.aws_eip.eip",
            "module.networking.aws_nat_gateway.ngw",
            "module.networking.aws_route_table.private_rt",
            "module.networking.aws_subnet.private_subnet",
            "module.networking.aws_subnet.public_subnet",
            "module.networking.aws_vpc.vpc"
          ]
        }
      ]
    },
    {
      "module": "module.networking",
      "mode": "managed",
      "type": "aws_route_table_association",
      "name": "public_rta",
      "provider": "provider[\"registry.terraform.io/hashicorp/aws\"]",
      "instances": [
        {
          "schema_version": 0,
          "attributes": {
            "gateway_id": "",
            "id": "rtbassoc-092932b49795555c1",
            "route_table_id": "rtb-0191a6003232d66ce",
            "subnet_id": "subnet-0064c0b966fb3fec7",
            "timeouts": null
          },
          "sensitive_attributes": [],
          "identity_schema_version": 0,
          "private": "eyJlMmJmYjczMC1lY2FhLTExZTYtOGY4OC0zNDM2M2JjN2M0YzAiOnsiY3JlYXRlIjozMDAwMDAwMDAwMDAsImRlbGV0ZSI6MzAwMDAwMDAwMDAwLCJ1cGRhdGUiOjEyMDAwMDAwMDAwMH19",
          "dependencies": [
            "module.networking.aws_internet_gateway.igw",
            "module.networking.aws_route_table.public_rt",
            "module.networking.aws_subnet.public_subnet",
            "module.networking.aws_vpc.vpc"
          ]
        }
      ]
    },
    {
      "module": "module.networking",
      "mode": "managed",
      "type": "aws_subnet",
      "name": "private_subnet",
      "provider": "provider[\"registry.terraform.io/hashicorp/aws\"]",
      "instances": [
        {
          "schema_version": 1,
          "attributes": {
            "arn": "arn:aws:ec2:us-east-1:211945238188:subnet/subnet-0e6a25853cd4e0b93",
            "assign_ipv6_address_on_creation": false,
            "availability_zone": "us-east-1a",
            "availability_zone_id": "use1-az1",
            "cidr_block": "10.0.2.0/24",
            "customer_owned_ipv4_pool": "",
            "enable_dns64": false,
            "enable_lni_at_device_index": 0,
            "enable_resource_name_dns_a_record_on_launch": false,
            "enable_resource_name_dns_aaaa_record_on_launch": false,
            "id": "subnet-0e6a25853cd4e0b93",
            "ipv6_cidr_block": "",
            "ipv6_cidr_block_association_id": "",
            "ipv6_native": false,
            "map_customer_owned_ip_on_launch": false,
            "map_public_ip_on_launch": false,
            "outpost_arn": "",
            "owner_id": "211945238188",
            "private_dns_hostname_type_on_launch": "ip-name",
            "tags": {
              "Name": "private-subnet"
            },
            "tags_all": {
              "Name": "private-subnet"
            },
            "timeouts": null,
            "vpc_id": "vpc-0e9f8cc41e3957803"
          },
          "sensitive_attributes": [],
          "identity_schema_version": 0,
          "private": "eyJlMmJmYjczMC1lY2FhLTExZTYtOGY4OC0zNDM2M2JjN2M0YzAiOnsiY3JlYXRlIjo2MDAwMDAwMDAwMDAsImRlbGV0ZSI6MTIwMDAwMDAwMDAwMH0sInNjaGVtYV92ZXJzaW9uIjoiMSJ9",
          "dependencies": [
            "module.networking.aws_vpc.vpc"
          ]
        }
      ]
    },
    {
      "module": "module.networking",
      "mode": "managed",
      "type": "aws_subnet",
      "name": "public_subnet",
      "provider": "provider[\"registry.terraform.io/hashicorp/aws\"]",
      "instances": [
        {
          "schema_version": 1,
          "attributes": {
            "arn": "arn:aws:ec2:us-east-1:211945238188:subnet/subnet-0064c0b966fb3fec7",
            "assign_ipv6_address_on_creation": false,
            "availability_zone": "us-east-1a",
            "availability_zone_id": "use1-az1",
            "cidr_block": "10.0.1.0/24",
            "customer_owned_ipv4_pool": "",
            "enable_dns64": false,
            "enable_lni_at_device_index": 0,
            "enable_resource_name_dns_a_record_on_launch": false,
            "enable_resource_name_dns_aaaa_record_on_launch": false,
            "id": "subnet-0064c0b966fb3fec7",
            "ipv6_cidr_block": "",
            "ipv6_cidr_block_association_id": "",
            "ipv6_native": false,
            "map_customer_owned_ip_on_launch": false,
            "map_public_ip_on_launch": true,
            "outpost_arn": "",
            "owner_id": "211945238188",
            "private_dns_hostname_type_on_launch": "ip-name",
            "tags": {
              "Name": "public-subnet"
            },
            "tags_all": {
              "Name": "public-subnet"
            },
            "timeouts": null,
            "vpc_id": "vpc-0e9f8cc41e3957803"
          },
          "sensitive_attributes": [],
          "identity_schema_version": 0,
          "private": "eyJlMmJmYjczMC1lY2FhLTExZTYtOGY4OC0zNDM2M2JjN2M0YzAiOnsiY3JlYXRlIjo2MDAwMDAwMDAwMDAsImRlbGV0ZSI6MTIwMDAwMDAwMDAwMH0sInNjaGVtYV92ZXJzaW9uIjoiMSJ9",
          "dependencies": [
            "module.networking.aws_vpc.vpc"
          ]
        }
      ]
    },
    {
      "module": "module.networking",
      "mode": "managed",
      "type": "aws_vpc",
      "name": "vpc",
      "provider": "provider[\"registry.terraform.io/hashicorp/aws\"]",
      "instances": [
        {
          "schema_version": 1,
          "attributes": {
            "arn": "arn:aws:ec2:us-east-1:211945238188:vpc/vpc-0e9f8cc41e3957803",
            "assign_generated_ipv6_cidr_block": false,
            "cidr_block": "10.0.0.0/16",
            "default_network_acl_id": "acl-0cddab9eb38389504",
            "default_route_table_id": "rtb-0e3e3bca73ddb8257",
            "default_security_group_id": "sg-0d94883207262d5a9",
            "dhcp_options_id": "dopt-01c65b9cb0d88c459",
            "enable_dns_hostnames": true,
            "enable_dns_support": true,
            "enable_network_address_usage_metrics": false,
            "id": "vpc-0e9f8cc41e3957803",
            "instance_tenancy": "default",
            "ipv4_ipam_pool_id": null,
            "ipv4_netmask_length": null,
            "ipv6_association_id": "",
            "ipv6_cidr_block": "",
            "ipv6_cidr_block_network_border_group": "",
            "ipv6_ipam_pool_id": "",
            "ipv6_netmask_length": 0,
            "main_route_table_id": "rtb-0e3e3bca73ddb8257",
            "owner_id": "211945238188",
            "tags": {
              "Name": "main-vpc"
            },
            "tags_all": {
              "Name": "main-vpc"
            }
          },
          "sensitive_attributes": [],
          "identity_schema_version": 0,
          "private": "eyJzY2hlbWFfdmVyc2lvbiI6IjEifQ=="
        }
      ]
    },
    {
      "module": "module.production",
      "mode": "managed",
      "type": "aws_instance",
      "name": "bastion",
      "provider": "provider[\"registry.terraform.io/hashicorp/aws\"]",
      "instances": [
        {
          "schema_version": 1,
          "attributes": {
            "ami": "ami-0261755bbcb8c4a84",
            "arn": "arn:aws:ec2:us-east-1:211945238188:instance/i-001b6219c339c30c4",
            "associate_public_ip_address": true,
            "availability_zone": "us-east-1a",
            "capacity_reservation_specification": [
              {
                "capacity_reservation_preference": "open",
                "capacity_reservation_target": []
              }
            ],
            "cpu_core_count": 1,
            "cpu_options": [
              {
                "amd_sev_snp": "",
                "core_count": 1,
                "threads_per_core": 2
              }
            ],
            "cpu_threads_per_core": 2,
            "credit_specification": [
              {
                "cpu_credits": "unlimited"
              }
            ],
            "disable_api_stop": false,
            "disable_api_termination": false,
            "ebs_block_device": [],
            "ebs_optimized": false,
            "enclave_options": [
              {
                "enabled": false
              }
            ],
            "ephemeral_block_device": [],
            "get_password_data": false,
            "hibernation": false,
            "host_id": "",
            "host_resource_group_arn": null,
            "iam_instance_profile": "",
            "id": "i-001b6219c339c30c4",
            "instance_initiated_shutdown_behavior": "stop",
            "instance_lifecycle": "",
            "instance_market_options": [],
            "instance_state": "running",
            "instance_type": "t3.micro",
            "ipv6_address_count": 0,
            "ipv6_addresses": [],
            "key_name": "terraform-kp",
            "launch_template": [],
            "maintenance_options": [
              {
                "auto_recovery": "default"
              }
            ],
            "metadata_options": [
              {
                "http_endpoint": "enabled",
                "http_protocol_ipv6": "disabled",
                "http_put_response_hop_limit": 1,
                "http_tokens": "optional",
                "instance_metadata_tags": "disabled"
              }
            ],
            "monitoring": false,
            "network_interface": [],
            "outpost_arn": "",
            "password_data": "",
            "placement_group": "",
            "placement_partition_number": 0,
            "primary_network_interface_id": "eni-0a333bacf95b7749a",
            "private_dns": "ip-10-0-1-71.ec2.internal",
            "private_dns_name_options": [
              {
                "enable_resource_name_dns_a_record": false,
                "enable_resource_name_dns_aaaa_record": false,
                "hostname_type": "ip-name"
              }
            ],
            "private_ip": "10.0.1.71",
            "public_dns": "ec2-3-238-53-200.compute-1.amazonaws.com",
            "public_ip": "3.238.53.200",
            "root_block_device": [
              {
                "delete_on_termination": true,
                "device_name": "/dev/sda1",
                "encrypted": false,
                "iops": 100,
                "kms_key_id": "",
                "tags": {},
                "throughput": 0,
                "volume_id": "vol-02eb152e79432ab70",
                "volume_size": 8,
                "volume_type": "gp2"
              }
            ],
            "secondary_private_ips": [],
            "security_groups": [],
            "source_dest_check": true,
            "spot_instance_request_id": "",
            "subnet_id": "subnet-0064c0b966fb3fec7",
            "tags": {
              "Name": "bastion-host"
            },
            "tags_all": {
              "Name": "bastion-host"
            },
            "tenancy": "default",
            "timeouts": null,
            "user_data": null,
            "user_data_base64": null,
            "user_data_replace_on_change": false,
            "volume_tags": null,
            "vpc_security_group_ids": [
              "sg-0bf796abaeea8a286"
            ]
          },
          "sensitive_attributes": [],
          "identity_schema_version": 0,
          "private": "eyJlMmJmYjczMC1lY2FhLTExZTYtOGY4OC0zNDM2M2JjN2M0YzAiOnsiY3JlYXRlIjo2MDAwMDAwMDAwMDAsImRlbGV0ZSI6MTIwMDAwMDAwMDAwMCwidXBkYXRlIjo2MDAwMDAwMDAwMDB9LCJzY2hlbWFfdmVyc2lvbiI6IjEifQ==",
          "dependencies": [
            "aws_key_pair.kp_public",
            "module.networking.aws_subnet.public_subnet",
            "module.networking.aws_vpc.vpc",
            "module.production.aws_security_group.public_sg",
            "tls_private_key.kp"
          ]
        }
      ]
    },
    {
      "module": "module.production",
      "mode": "managed",
      "type": "aws_instance",
      "name": "ec2",
      "provider": "provider[\"registry.terraform.io/hashicorp/aws\"]",
      "instances": [
        {
          "schema_version": 1,
          "attributes": {
            "ami": "ami-0261755bbcb8c4a84",
            "arn": "arn:aws:ec2:us-east-1:211945238188:instance/i-0cfbe6300ff71b5c4",
            "associate_public_ip_address": false,
            "availability_zone": "us-east-1a",
            "capacity_reservation_specification": [
              {
                "capacity_reservation_preference": "open",
                "capacity_reservation_target": []
              }
            ],
            "cpu_core_count": 1,
            "cpu_options": [
              {
                "amd_sev_snp": "",
                "core_count": 1,
                "threads_per_core": 2
              }
            ],
            "cpu_threads_per_core": 2,
            "credit_specification": [
              {
                "cpu_credits": "unlimited"
              }
            ],
            "disable_api_stop": false,
            "disable_api_termination": false,
            "ebs_block_device": [],
            "ebs_optimized": false,
            "enclave_options": [
              {
                "enabled": false
              }
            ],
            "ephemeral_block_device": [],
            "get_password_data": false,
            "hibernation": false,
            "host_id": "",
            "host_resource_group_arn": null,
            "iam_instance_profile": "",
            "id": "i-0cfbe6300ff71b5c4",
            "instance_initiated_shutdown_behavior": "stop",
            "instance_lifecycle": "",
            "instance_market_options": [],
            "instance_state": "running",
            "instance_type": "t3.micro",
            "ipv6_address_count": 0,
            "ipv6_addresses": [],
            "key_name": "terraform-kp",
            "launch_template": [],
            "maintenance_options": [
              {
                "auto_recovery": "default"
              }
            ],
            "metadata_options": [
              {
                "http_endpoint": "enabled",
                "http_protocol_ipv6": "disabled",
                "http_put_response_hop_limit": 1,
                "http_tokens": "optional",
                "instance_metadata_tags": "disabled"
              }
            ],
            "monitoring": false,
            "network_interface": [],
            "outpost_arn": "",
            "password_data": "",
            "placement_group": "",
            "placement_partition_number": 0,
            "primary_network_interface_id": "eni-03a1c77ef9980916d",
            "private_dns": "ip-10-0-2-253.ec2.internal",
            "private_dns_name_options": [
              {
                "enable_resource_name_dns_a_record": false,
                "enable_resource_name_dns_aaaa_record": false,
                "hostname_type": "ip-name"
              }
            ],
            "private_ip": "10.0.2.253",
            "public_dns": "",
            "public_ip": "",
            "root_block_device": [
              {
                "delete_on_termination": true,
                "device_name": "/dev/sda1",
                "encrypted": false,
                "iops": 100,
                "kms_key_id": "",
                "tags": {},
                "throughput": 0,
                "volume_id": "vol-09bce800096bdddc3",
                "volume_size": 8,
                "volume_type": "gp2"
              }
            ],
            "secondary_private_ips": [],
            "security_groups": [],
            "source_dest_check": true,
            "spot_instance_request_id": "",
            "subnet_id": "subnet-0e6a25853cd4e0b93",
            "tags": {
              "Name": "private-ec2"
            },
            "tags_all": {
              "Name": "private-ec2"
            },
            "tenancy": "default",
            "timeouts": null,
            "user_data": null,
            "user_data_base64": null,
            "user_data_replace_on_change": false,
            "volume_tags": null,
            "vpc_security_group_ids": [
              "sg-0bad68a587ff8d378"
            ]
          },
          "sensitive_attributes": [],
          "identity_schema_version": 0,
          "private": "eyJlMmJmYjczMC1lY2FhLTExZTYtOGY4OC0zNDM2M2JjN2M0YzAiOnsiY3JlYXRlIjo2MDAwMDAwMDAwMDAsImRlbGV0ZSI6MTIwMDAwMDAwMDAwMCwidXBkYXRlIjo2MDAwMDAwMDAwMDB9LCJzY2hlbWFfdmVyc2lvbiI6IjEifQ==",
          "dependencies": [
            "aws_key_pair.kp_public",
            "module.networking.aws_subnet.private_subnet",
            "module.networking.aws_vpc.vpc",
            "module.production.aws_security_group.private_sg",
            "module.production.aws_security_group.public_sg",
            "tls_private_key.kp"
          ]
        }
      ]
    },
    {
      "module": "module.production",
      "mode": "managed",
      "type": "aws_security_group",
      "name": "private_sg",
      "provider": "provider[\"registry.terraform.io/hashicorp/aws\"]",
      "instances": [
        {
          "schema_version": 1,
          "attributes": {
            "arn": "arn:aws:ec2:us-east-1:211945238188:security-group/sg-0bad68a587ff8d378",
            "description": "Managed by Terraform",
            "egress": [
              {
                "cidr_blocks": [
                  "0.0.0.0/0"
                ],
                "description": "",
                "from_port": 0,
                "ipv6_cidr_blocks": [],
                "prefix_list_ids": [],
                "protocol": "-1",
                "security_groups": [],
                "self": false,
                "to_port": 0
              }
            ],
            "id": "sg-0bad68a587ff8d378",
            "ingress": [
              {
                "cidr_blocks": [],
                "description": "",
                "from_port": 22,
                "ipv6_cidr_blocks": [],
                "prefix_list_ids": [],
                "protocol": "tcp",
                "security_groups": [
                  "sg-0bf796abaeea8a286"
                ],
                "self": false,
                "to_port": 22
              }
            ],
            "name": "private_sg",
            "name_prefix": "",
            "owner_id": "211945238188",
            "revoke_rules_on_delete": false,
            "tags": {
              "Name": "private-ec2-sg"
            },
            "tags_all": {
              "Name": "private-ec2-sg"
            },
            "timeouts": null,
            "vpc_id": "vpc-0e9f8cc41e3957803"
          },
          "sensitive_attributes": [],
          "identity_schema_version": 0,
          "private": "eyJlMmJmYjczMC1lY2FhLTExZTYtOGY4OC0zNDM2M2JjN2M0YzAiOnsiY3JlYXRlIjo2MDAwMDAwMDAwMDAsImRlbGV0ZSI6OTAwMDAwMDAwMDAwfSwic2NoZW1hX3ZlcnNpb24iOiIxIn0=",
          "dependencies": [
            "module.networking.aws_vpc.vpc",
            "module.production.aws_security_group.public_sg"
          ]
        }
      ]
    },
    {
      "module": "module.production",
      "mode": "managed",
      "type": "aws_security_group",
      "name": "public_sg",
      "provider": "provider[\"registry.terraform.io/hashicorp/aws\"]",
      "instances": [
        {
          "schema_version": 1,
          "attributes": {
            "arn": "arn:aws:ec2:us-east-1:211945238188:security-group/sg-0bf796abaeea8a286",
            "description": "Managed by Terraform",
            "egress": [
              {
                "cidr_blocks": [
                  "0.0.0.0/0"
                ],
                "description": "",
                "from_port": 0,
                "ipv6_cidr_blocks": [],
                "prefix_list_ids": [],
                "protocol": "-1",
                "security_groups": [],
                "self": false,
                "to_port": 0
              }
            ],
            "id": "sg-0bf796abaeea8a286",
            "ingress": [
              {
                "cidr_blocks": [
                  "0.0.0.0/0"
                ],
                "description": "",
                "from_port": 22,
                "ipv6_cidr_blocks": [],
                "prefix_list_ids": [],
                "protocol": "tcp",
                "security_groups": [],
                "self": false,
                "to_port": 22
              }
            ],
            "name": "public_sg",
            "name_prefix": "",
            "owner_id": "211945238188",
            "revoke_rules_on_delete": false,
            "tags": {
              "Name": "bastion-sg"
            },
            "tags_all": {
              "Name": "bastion-sg"
            },
            "timeouts": null,
            "vpc_id": "vpc-0e9f8cc41e3957803"
          },
          "sensitive_attributes": [],
          "identity_schema_version": 0,
          "private": "eyJlMmJmYjczMC1lY2FhLTExZTYtOGY4OC0zNDM2M2JjN2M0YzAiOnsiY3JlYXRlIjo2MDAwMDAwMDAwMDAsImRlbGV0ZSI6OTAwMDAwMDAwMDAwfSwic2NoZW1hX3ZlcnNpb24iOiIxIn0=",
          "dependencies": [
            "module.networking.aws_vpc.vpc"
          ]
        }
      ]
    }
  ],
  "check_results": null
}
