{
  "version": 4,
  "terraform_version": "1.15.1",
  "serial": 19,
  "lineage": "0f666ce1-cd60-c1d2-bd7d-ea9a4cc0dcf8",
  "outputs": {
    "bastion_public_ip": {
      "value": "100.52.183.110",
      "type": "string"
    },
    "ec2_private_ip": {
      "value": "10.0.2.79",
      "type": "string"
    }
  },
  "resources": [
    {
      "mode": "managed",
      "type": "aws_key_pair",
      "name": "kp_public",
      "provider": "provider[\"registry.terraform.io/hashicorp/aws\"]",
      "instances": [
        {
          "schema_version": 1,
          "attributes": {
            "arn": "arn:aws:ec2:us-east-1:211945238188:key-pair/terraform-kp",
            "fingerprint": "3f:73:a6:66:dd:34:10:3b:0d:0b:99:83:47:43:1e:32",
            "id": "terraform-kp",
            "key_name": "terraform-kp",
            "key_name_prefix": "",
            "key_pair_id": "key-0de4635822fab5e33",
            "key_type": "rsa",
            "public_key": "ssh-rsa AAAAB3NzaC1yc2EAAAADAQABAAABAQC3NHtWjVNw9S8XzwK1g3tzczKSJ01yRUDB1jNLzCV42/DkFoV5IifhkJ39dX+dIBTHl0cUyCvpLRxvxDJfF53TCCoe/IkLYaSAGjAyfNSN31QG1+gN5ZQVv/S6OMoglYKSUDIiHo+Kkrj8XAr6PFMAiXvriKXzamlghKmqJx+z90k3hsBl8zd+XrW0iMqkf6fAl5fGhq9Vbppvp1MhdFRtmpDK39KZi69vHwlhzjAvqBuhwBGO9DOw3GiPq9yyyy59Zx8vJ4UTy1Xbml4jqfTKtQDt/szhiJaiM72LVbo0VpgykRBwS4mJ11MMZqEBAwLJ+S61XeLwG7otv2zQYD7N",
            "tags": null,
            "tags_all": {}
          },
          "sensitive_attributes": [],
          "identity_schema_version": 0,
          "private": "eyJzY2hlbWFfdmVyc2lvbiI6IjEifQ==",
          "dependencies": [
            "tls_private_key.kp"
          ]
        }
      ]
    },
    {
      "mode": "managed",
      "type": "local_file",
      "name": "kp_private",
      "provider": "provider[\"registry.terraform.io/hashicorp/local\"]",
      "instances": [
        {
          "schema_version": 0,
          "attributes": {
            "content": "-----BEGIN RSA PRIVATE KEY-----\nMIIEowIBAAKCAQEAtzR7Vo1TcPUvF88CtYN7c3MykidNckVAwdYzS8wleNvw5BaF\neSIn4ZCd/XV/nSAUx5dHFMgr6S0cb8QyXxed0wgqHvyJC2GkgBowMnzUjd9UBtfo\nDeWUFb/0ujjKIJWCklAyIh6PipK4/FwK+jxTAIl764il82ppYISpqicfs/dJN4bA\nZfM3fl61tIjKpH+nwJeXxoavVW6ab6dTIXRUbZqQyt/SmYuvbx8JYc4wL6gbocAR\njvQzsNxoj6vcsssufWcfLyeFE8tV25peI6n0yrUA7f7M4YiWojO9i1W6NFaYMpEQ\ncEuJiddTDGahAQMCyfkutV3i8Bu6Lb9s0GA+zQIDAQABAoIBAQCjv6vyG5WWI//4\nptXECYZBFZkA21I0rcOIvXzR5eEkWmnAZITeVXISAeHE1s2+Uhtgnk0xPQ1KeECv\ngUyIhCJTqjuDwLJ5UsfmnAGyTrLpL9D54OcP7MBkhFMoU3QOlbPENRvqNSiVcjkX\njulc6qhBlaEGT/gMTnNrioffhuKmRf+GTIn5iqafdfYD61yKQXNiGcQ7Cfj5cfc/\nwAvninOt3Uv4RAAtSDBd1xtALeHYhPNYs68b1zhgnteJN5UCBIHsb2pmW1EEPWCc\nno3+bIBz4OMZFxfPiBZ12Ibbv0ZQ8WL/+7vtMdRnG8z2litCtuNcCNRzEBX8saBa\napshDJUdAoGBAMhyPhpevSu12zkzGcg77LBflxlXqsYuxZofvLCsz412WANfNX6K\nwDfwvJ2pardYSHdKMrVHi9/EZGdAquGO3Cj5Opc9HubCP1j1bo+K7bsx3j00GzHA\ncdAO8dTlA5ytQoxlSCtvFiiAvdvYiy0W/STpqJXJtMVBYPBVBc7EhwZPAoGBAOn6\n9s8ObHyAgFnK7pTPtq2BSyVrVwx4V3TyyuT9uuzNe/YssY8tnfXQLEAU145nFoS3\nLc8HLPFpwYsyOYuHU1VrRlfEoJgzuNmObpLzXV0LAfBi8Nk09PVNjQyGQDScV1hH\n4uni/STBjDrVbV+6aXu9ujH3EbTFCrMRfKYp2P4jAoGAEE1KQ7bEx9NIewRu6lwF\nSercTRFWMDwJkhlWrT/AuY6QZeXOYfZC38nSbTgkF7k0W49LRHcHJzG/wK3/t8x4\nl1R9sWMlKjtOD5wWW9I+t2S84FlmhMtT9kng3SGrA4kLyoNKNU4ZjT27MzAPUaF3\nAROHxHbdHtXMXn9rs39EQ/0CgYBNtJgk+bBTxMVbjMahSz5q7uaK/dQCAzFgWIXD\nePSMUk3Z2sv5Nfggu8sGWSWhWGElIESpXcOyRSIO3VY5HW8yjhblbRq8kWjRb7kP\nOp2GGfLB58n/CNRVZzTxtOA72LQ1UGJutIDHpTOyElFpmloPy1m74EbUFyBPif4w\nnPNAqwKBgFH026/rsM7q0x50hu3+8ZohHEqfRhc4k3zsTg59shc0WdtSXNbrrx2c\nHQN1v48C/Qzc6Xn1WgQFWwztrd+CWhLbjkLKjxSI0cFw+VAgUq2Vg6l6+Ioqj7pq\nqa693RwUrx0s26pEewJQGZpPPlo+FDwSfOj4quKJg03cptadRoAJ\n-----END RSA PRIVATE KEY-----\n",
            "content_base64": null,
            "content_base64sha256": "15ADF/EkDvRgpBOYCAbfpOfHWvgxIhLb4dSMja4zjNM=",
            "content_base64sha512": "6KeDrPnC4t/X71p+F3BjL0m98pHcR5pfnBbUBl90uDhgUBV6HhbwllZ/lsY8RKY0VNnJhk6xEVjcfXgqbWSXVA==",
            "content_md5": "08a60148e03aa376a582c86cee9fa5d2",
            "content_sha1": "3963e0ddd5e32e5fe890a5008e95951dde620514",
            "content_sha256": "d7900317f1240ef460a413980806dfa4e7c75af8312212dbe1d48c8dae338cd3",
            "content_sha512": "e8a783acf9c2e2dfd7ef5a7e1770632f49bdf291dc479a5f9c16d4065f74b8386050157a1e16f096567f96c63c44a63454d9c9864eb11158dc7d782a6d649754",
            "directory_permission": "0777",
            "file_permission": "0600",
            "filename": "./kp.pem",
            "id": "3963e0ddd5e32e5fe890a5008e95951dde620514",
            "sensitive_content": null,
            "source": null
          },
          "sensitive_attributes": [
            [
              {
                "type": "get_attr",
                "value": "content"
              }
            ],
            [
              {
                "type": "get_attr",
                "value": "sensitive_content"
              }
            ]
          ],
          "identity_schema_version": 0,
          "dependencies": [
            "tls_private_key.kp"
          ]
        }
      ]
    },
    {
      "mode": "managed",
      "type": "tls_private_key",
      "name": "kp",
      "provider": "provider[\"registry.terraform.io/hashicorp/tls\"]",
      "instances": [
        {
          "schema_version": 1,
          "attributes": {
            "algorithm": "RSA",
            "ecdsa_curve": "P224",
            "id": "70fd61d5ff00c691b53bbb8281eb02b3b657f454",
            "private_key_openssh": "-----BEGIN OPENSSH PRIVATE KEY-----\nb3BlbnNzaC1rZXktdjEAAAAABG5vbmUAAAAEbm9uZQAAAAAAAAABAAABFwAAAAdz\nc2gtcnNhAAAAAwEAAQAAAQEAtzR7Vo1TcPUvF88CtYN7c3MykidNckVAwdYzS8wl\neNvw5BaFeSIn4ZCd/XV/nSAUx5dHFMgr6S0cb8QyXxed0wgqHvyJC2GkgBowMnzU\njd9UBtfoDeWUFb/0ujjKIJWCklAyIh6PipK4/FwK+jxTAIl764il82ppYISpqicf\ns/dJN4bAZfM3fl61tIjKpH+nwJeXxoavVW6ab6dTIXRUbZqQyt/SmYuvbx8JYc4w\nL6gbocARjvQzsNxoj6vcsssufWcfLyeFE8tV25peI6n0yrUA7f7M4YiWojO9i1W6\nNFaYMpEQcEuJiddTDGahAQMCyfkutV3i8Bu6Lb9s0GA+zQAAA7hggD/YYIA/2AAA\nAAdzc2gtcnNhAAABAQC3NHtWjVNw9S8XzwK1g3tzczKSJ01yRUDB1jNLzCV42/Dk\nFoV5IifhkJ39dX+dIBTHl0cUyCvpLRxvxDJfF53TCCoe/IkLYaSAGjAyfNSN31QG\n1+gN5ZQVv/S6OMoglYKSUDIiHo+Kkrj8XAr6PFMAiXvriKXzamlghKmqJx+z90k3\nhsBl8zd+XrW0iMqkf6fAl5fGhq9Vbppvp1MhdFRtmpDK39KZi69vHwlhzjAvqBuh\nwBGO9DOw3GiPq9yyyy59Zx8vJ4UTy1Xbml4jqfTKtQDt/szhiJaiM72LVbo0Vpgy\nkRBwS4mJ11MMZqEBAwLJ+S61XeLwG7otv2zQYD7NAAAAAwEAAQAAAQEAo7+r8huV\nliP/+KbVxAmGQRWZANtSNK3DiL180eXhJFppwGSE3lVyEgHhxNbNvlIbYJ5NMT0N\nSnhAr4FMiIQiU6o7g8CyeVLH5pwBsk6y6S/Q+eDnD+zAZIRTKFN0DpWzxDUb6jUo\nlXI5F47pXOqoQZWhBk/4DE5za4qH34bipkX/hkyJ+Yqmn3X2A+tcikFzYhnEOwn4\n+XH3P8AL54pzrd1L+EQALUgwXdcbQC3h2ITzWLOvG9c4YJ7XiTeVAgSB7G9qZltR\nBD1gnJ6N/myAc+DjGRcXz4gWddiG279GUPFi//u77THUZxvM9pYrQrbjXAjUcxAV\n/LGgWmqbIQyVHQAAAIBR9Nuv67DO6tMedIbt/vGaIRxKn0YXOJN87E4OfbIXNFnb\nUlzW668dnB0Ddb+PAv0M3Ol59VoEBVsM7a3fgloS245Cyo8UiNHBcPlQIFKtlYOp\neviKKo+6aqmuvd0cFK8dLNuqRHsCUBmaTz5aPhQ8Enzo+KriiYNN3KbWnUaACQAA\nAIEAyHI+Gl69K7XbOTMZyDvssF+XGVeqxi7Fmh+8sKzPjXZYA181forAN/C8nalq\nt1hId0oytUeL38RkZ0Cq4Y7cKPk6lz0e5sI/WPVuj4rtuzHePTQbMcBx0A7x1OUD\nnK1CjGVIK28WKIC929iLLRb9JOmolcm0xUFg8FUFzsSHBk8AAACBAOn69s8ObHyA\ngFnK7pTPtq2BSyVrVwx4V3TyyuT9uuzNe/YssY8tnfXQLEAU145nFoS3Lc8HLPFp\nwYsyOYuHU1VrRlfEoJgzuNmObpLzXV0LAfBi8Nk09PVNjQyGQDScV1hH4uni/STB\njDrVbV+6aXu9ujH3EbTFCrMRfKYp2P4jAAAAAAEC\n-----END OPENSSH PRIVATE KEY-----\n",
            "private_key_pem": "-----BEGIN RSA PRIVATE KEY-----\nMIIEowIBAAKCAQEAtzR7Vo1TcPUvF88CtYN7c3MykidNckVAwdYzS8wleNvw5BaF\neSIn4ZCd/XV/nSAUx5dHFMgr6S0cb8QyXxed0wgqHvyJC2GkgBowMnzUjd9UBtfo\nDeWUFb/0ujjKIJWCklAyIh6PipK4/FwK+jxTAIl764il82ppYISpqicfs/dJN4bA\nZfM3fl61tIjKpH+nwJeXxoavVW6ab6dTIXRUbZqQyt/SmYuvbx8JYc4wL6gbocAR\njvQzsNxoj6vcsssufWcfLyeFE8tV25peI6n0yrUA7f7M4YiWojO9i1W6NFaYMpEQ\ncEuJiddTDGahAQMCyfkutV3i8Bu6Lb9s0GA+zQIDAQABAoIBAQCjv6vyG5WWI//4\nptXECYZBFZkA21I0rcOIvXzR5eEkWmnAZITeVXISAeHE1s2+Uhtgnk0xPQ1KeECv\ngUyIhCJTqjuDwLJ5UsfmnAGyTrLpL9D54OcP7MBkhFMoU3QOlbPENRvqNSiVcjkX\njulc6qhBlaEGT/gMTnNrioffhuKmRf+GTIn5iqafdfYD61yKQXNiGcQ7Cfj5cfc/\nwAvninOt3Uv4RAAtSDBd1xtALeHYhPNYs68b1zhgnteJN5UCBIHsb2pmW1EEPWCc\nno3+bIBz4OMZFxfPiBZ12Ibbv0ZQ8WL/+7vtMdRnG8z2litCtuNcCNRzEBX8saBa\napshDJUdAoGBAMhyPhpevSu12zkzGcg77LBflxlXqsYuxZofvLCsz412WANfNX6K\nwDfwvJ2pardYSHdKMrVHi9/EZGdAquGO3Cj5Opc9HubCP1j1bo+K7bsx3j00GzHA\ncdAO8dTlA5ytQoxlSCtvFiiAvdvYiy0W/STpqJXJtMVBYPBVBc7EhwZPAoGBAOn6\n9s8ObHyAgFnK7pTPtq2BSyVrVwx4V3TyyuT9uuzNe/YssY8tnfXQLEAU145nFoS3\nLc8HLPFpwYsyOYuHU1VrRlfEoJgzuNmObpLzXV0LAfBi8Nk09PVNjQyGQDScV1hH\n4uni/STBjDrVbV+6aXu9ujH3EbTFCrMRfKYp2P4jAoGAEE1KQ7bEx9NIewRu6lwF\nSercTRFWMDwJkhlWrT/AuY6QZeXOYfZC38nSbTgkF7k0W49LRHcHJzG/wK3/t8x4\nl1R9sWMlKjtOD5wWW9I+t2S84FlmhMtT9kng3SGrA4kLyoNKNU4ZjT27MzAPUaF3\nAROHxHbdHtXMXn9rs39EQ/0CgYBNtJgk+bBTxMVbjMahSz5q7uaK/dQCAzFgWIXD\nePSMUk3Z2sv5Nfggu8sGWSWhWGElIESpXcOyRSIO3VY5HW8yjhblbRq8kWjRb7kP\nOp2GGfLB58n/CNRVZzTxtOA72LQ1UGJutIDHpTOyElFpmloPy1m74EbUFyBPif4w\nnPNAqwKBgFH026/rsM7q0x50hu3+8ZohHEqfRhc4k3zsTg59shc0WdtSXNbrrx2c\nHQN1v48C/Qzc6Xn1WgQFWwztrd+CWhLbjkLKjxSI0cFw+VAgUq2Vg6l6+Ioqj7pq\nqa693RwUrx0s26pEewJQGZpPPlo+FDwSfOj4quKJg03cptadRoAJ\n-----END RSA PRIVATE KEY-----\n",
            "private_key_pem_pkcs8": "-----BEGIN PRIVATE KEY-----\nMIIEvQIBADANBgkqhkiG9w0BAQEFAASCBKcwggSjAgEAAoIBAQC3NHtWjVNw9S8X\nzwK1g3tzczKSJ01yRUDB1jNLzCV42/DkFoV5IifhkJ39dX+dIBTHl0cUyCvpLRxv\nxDJfF53TCCoe/IkLYaSAGjAyfNSN31QG1+gN5ZQVv/S6OMoglYKSUDIiHo+Kkrj8\nXAr6PFMAiXvriKXzamlghKmqJx+z90k3hsBl8zd+XrW0iMqkf6fAl5fGhq9Vbppv\np1MhdFRtmpDK39KZi69vHwlhzjAvqBuhwBGO9DOw3GiPq9yyyy59Zx8vJ4UTy1Xb\nml4jqfTKtQDt/szhiJaiM72LVbo0VpgykRBwS4mJ11MMZqEBAwLJ+S61XeLwG7ot\nv2zQYD7NAgMBAAECggEBAKO/q/IblZYj//im1cQJhkEVmQDbUjStw4i9fNHl4SRa\nacBkhN5VchIB4cTWzb5SG2CeTTE9DUp4QK+BTIiEIlOqO4PAsnlSx+acAbJOsukv\n0Png5w/swGSEUyhTdA6Vs8Q1G+o1KJVyOReO6VzqqEGVoQZP+AxOc2uKh9+G4qZF\n/4ZMifmKpp919gPrXIpBc2IZxDsJ+Plx9z/AC+eKc63dS/hEAC1IMF3XG0At4diE\n81izrxvXOGCe14k3lQIEgexvamZbUQQ9YJyejf5sgHPg4xkXF8+IFnXYhtu/RlDx\nYv/7u+0x1GcbzPaWK0K241wI1HMQFfyxoFpqmyEMlR0CgYEAyHI+Gl69K7XbOTMZ\nyDvssF+XGVeqxi7Fmh+8sKzPjXZYA181forAN/C8nalqt1hId0oytUeL38RkZ0Cq\n4Y7cKPk6lz0e5sI/WPVuj4rtuzHePTQbMcBx0A7x1OUDnK1CjGVIK28WKIC929iL\nLRb9JOmolcm0xUFg8FUFzsSHBk8CgYEA6fr2zw5sfICAWcrulM+2rYFLJWtXDHhX\ndPLK5P267M179iyxjy2d9dAsQBTXjmcWhLctzwcs8WnBizI5i4dTVWtGV8SgmDO4\n2Y5ukvNdXQsB8GLw2TT09U2NDIZANJxXWEfi6eL9JMGMOtVtX7ppe726MfcRtMUK\nsxF8pinY/iMCgYAQTUpDtsTH00h7BG7qXAVJ6txNEVYwPAmSGVatP8C5jpBl5c5h\n9kLfydJtOCQXuTRbj0tEdwcnMb/Arf+3zHiXVH2xYyUqO04PnBZb0j63ZLzgWWaE\ny1P2SeDdIasDiQvKg0o1ThmNPbszMA9RoXcBE4fEdt0e1cxef2uzf0RD/QKBgE20\nmCT5sFPExVuMxqFLPmru5or91AIDMWBYhcN49IxSTdnay/k1+CC7ywZZJaFYYSUg\nRKldw7JFIg7dVjkdbzKOFuVtGryRaNFvuQ86nYYZ8sHnyf8I1FVnNPG04DvYtDVQ\nYm60gMelM7ISUWmaWg/LWbvgRtQXIE+J/jCc80CrAoGAUfTbr+uwzurTHnSG7f7x\nmiEcSp9GFziTfOxODn2yFzRZ21Jc1uuvHZwdA3W/jwL9DNzpefVaBAVbDO2t34Ja\nEtuOQsqPFIjRwXD5UCBSrZWDqXr4iiqPumqprr3dHBSvHSzbqkR7AlAZmk8+Wj4U\nPBJ86Piq4omDTdym1p1GgAk=\n-----END PRIVATE KEY-----\n",
            "public_key_fingerprint_md5": "f3:bf:93:85:26:52:2b:3f:08:e8:1b:47:09:73:f4:7a",
            "public_key_fingerprint_sha256": "SHA256:TVyg5Qhu4oqKFENOLdYGdcTb6/fP59qCr2KaxKF2B5s",
            "public_key_openssh": "ssh-rsa AAAAB3NzaC1yc2EAAAADAQABAAABAQC3NHtWjVNw9S8XzwK1g3tzczKSJ01yRUDB1jNLzCV42/DkFoV5IifhkJ39dX+dIBTHl0cUyCvpLRxvxDJfF53TCCoe/IkLYaSAGjAyfNSN31QG1+gN5ZQVv/S6OMoglYKSUDIiHo+Kkrj8XAr6PFMAiXvriKXzamlghKmqJx+z90k3hsBl8zd+XrW0iMqkf6fAl5fGhq9Vbppvp1MhdFRtmpDK39KZi69vHwlhzjAvqBuhwBGO9DOw3GiPq9yyyy59Zx8vJ4UTy1Xbml4jqfTKtQDt/szhiJaiM72LVbo0VpgykRBwS4mJ11MMZqEBAwLJ+S61XeLwG7otv2zQYD7N\n",
            "public_key_pem": "-----BEGIN PUBLIC KEY-----\nMIIBIjANBgkqhkiG9w0BAQEFAAOCAQ8AMIIBCgKCAQEAtzR7Vo1TcPUvF88CtYN7\nc3MykidNckVAwdYzS8wleNvw5BaFeSIn4ZCd/XV/nSAUx5dHFMgr6S0cb8QyXxed\n0wgqHvyJC2GkgBowMnzUjd9UBtfoDeWUFb/0ujjKIJWCklAyIh6PipK4/FwK+jxT\nAIl764il82ppYISpqicfs/dJN4bAZfM3fl61tIjKpH+nwJeXxoavVW6ab6dTIXRU\nbZqQyt/SmYuvbx8JYc4wL6gbocARjvQzsNxoj6vcsssufWcfLyeFE8tV25peI6n0\nyrUA7f7M4YiWojO9i1W6NFaYMpEQcEuJiddTDGahAQMCyfkutV3i8Bu6Lb9s0GA+\nzQIDAQAB\n-----END PUBLIC KEY-----\n",
            "rsa_bits": 2048
          },
          "sensitive_attributes": [
            [
              {
                "type": "get_attr",
                "value": "private_key_openssh"
              }
            ],
            [
              {
                "type": "get_attr",
                "value": "private_key_pem"
              }
            ],
            [
              {
                "type": "get_attr",
                "value": "private_key_pem_pkcs8"
              }
            ]
          ],
          "identity_schema_version": 0
        }
      ]
    },
    {
      "module": "module.networking",
      "mode": "managed",
      "type": "aws_eip",
      "name": "eip",
      "provider": "provider[\"registry.terraform.io/hashicorp/aws\"]",
      "instances": [
        {
          "schema_version": 0,
          "attributes": {
            "address": null,
            "allocation_id": "eipalloc-01e9d9f01084e80e8",
            "associate_with_private_ip": null,
            "association_id": "",
            "carrier_ip": "",
            "customer_owned_ip": "",
            "customer_owned_ipv4_pool": "",
            "domain": "vpc",
            "id": "eipalloc-01e9d9f01084e80e8",
            "instance": "",
            "network_border_group": "us-east-1",
            "network_interface": "",
            "private_dns": null,
            "private_ip": "",
            "public_dns": "ec2-44-219-50-184.compute-1.amazonaws.com",
            "public_ip": "44.219.50.184",
            "public_ipv4_pool": "amazon",
            "tags": {
              "Name": "nat-eip"
            },
            "tags_all": {
              "Name": "nat-eip"
            },
            "timeouts": null,
            "vpc": true
          },
          "sensitive_attributes": [],
          "identity_schema_version": 0,
          "private": "eyJlMmJmYjczMC1lY2FhLTExZTYtOGY4OC0zNDM2M2JjN2M0YzAiOnsiZGVsZXRlIjoxODAwMDAwMDAwMDAsInJlYWQiOjkwMDAwMDAwMDAwMCwidXBkYXRlIjozMDAwMDAwMDAwMDB9fQ=="
        }
      ]
    },
    {
      "module": "module.networking",
      "mode": "managed",
      "type": "aws_internet_gateway",
      "name": "igw",
      "provider": "provider[\"registry.terraform.io/hashicorp/aws\"]",
      "instances": [
        {
          "schema_version": 0,
          "attributes": {
            "arn": "arn:aws:ec2:us-east-1:211945238188:internet-gateway/igw-05f79b12dd094d7b8",
            "id": "igw-05f79b12dd094d7b8",
            "owner_id": "211945238188",
            "tags": {
              "Name": "main-igw"
            },
            "tags_all": {
              "Name": "main-igw"
            },
            "timeouts": null,
            "vpc_id": "vpc-08618ef31ab5b39f9"
          },
          "sensitive_attributes": [],
          "identity_schema_version": 0,
          "private": "eyJlMmJmYjczMC1lY2FhLTExZTYtOGY4OC0zNDM2M2JjN2M0YzAiOnsiY3JlYXRlIjoxMjAwMDAwMDAwMDAwLCJkZWxldGUiOjEyMDAwMDAwMDAwMDAsInVwZGF0ZSI6MTIwMDAwMDAwMDAwMH19",
          "dependencies": [
            "module.networking.aws_vpc.vpc"
          ]
        }
      ]
    },
    {
      "module": "module.networking",
      "mode": "managed",
      "type": "aws_nat_gateway",
      "name": "ngw",
      "provider": "provider[\"registry.terraform.io/hashicorp/aws\"]",
      "instances": [
        {
          "schema_version": 0,
          "attributes": {
            "allocation_id": "eipalloc-01e9d9f01084e80e8",
            "association_id": "eipassoc-020c16cacb0162b4c",
            "connectivity_type": "public",
            "id": "nat-08ef388dcee5f0486",
            "network_interface_id": "eni-0dd85f291b0be81dc",
            "private_ip": "10.0.1.104",
            "public_ip": "44.219.50.184",
            "secondary_allocation_ids": null,
            "secondary_private_ip_address_count": 0,
            "secondary_private_ip_addresses": [],
            "subnet_id": "subnet-0852fdf56ee6ac5a0",
            "tags": null,
            "tags_all": {},
            "timeouts": null
          },
          "sensitive_attributes": [],
          "identity_schema_version": 0,
          "private": "eyJlMmJmYjczMC1lY2FhLTExZTYtOGY4OC0zNDM2M2JjN2M0YzAiOnsiY3JlYXRlIjo2MDAwMDAwMDAwMDAsImRlbGV0ZSI6MTgwMDAwMDAwMDAwMCwidXBkYXRlIjo2MDAwMDAwMDAwMDB9fQ==",
          "dependencies": [
            "module.networking.aws_eip.eip",
            "module.networking.aws_subnet.public_subnet",
            "module.networking.aws_vpc.vpc"
          ]
        }
      ]
    },
    {
      "module": "module.networking",
      "mode": "managed",
      "type": "aws_route_table",
      "name": "private_rt",
      "provider": "provider[\"registry.terraform.io/hashicorp/aws\"]",
      "instances": [
        {
          "schema_version": 0,
          "attributes": {
            "arn": "arn:aws:ec2:us-east-1:211945238188:route-table/rtb-044d9bd389eff5ac6",
            "id": "rtb-044d9bd389eff5ac6",
            "owner_id": "211945238188",
            "propagating_vgws": [],
            "route": [
              {
                "carrier_gateway_id": "",
                "cidr_block": "0.0.0.0/0",
                "core_network_arn": "",
                "destination_prefix_list_id": "",
                "egress_only_gateway_id": "",
                "gateway_id": "",
                "ipv6_cidr_block": "",
                "local_gateway_id": "",
                "nat_gateway_id": "nat-08ef388dcee5f0486",
                "network_interface_id": "",
                "transit_gateway_id": "",
                "vpc_endpoint_id": "",
                "vpc_peering_connection_id": ""
              }
            ],
            "tags": {
              "Name": "private-rt"
            },
            "tags_all": {
              "Name": "private-rt"
            },
            "timeouts": null,
            "vpc_id": "vpc-08618ef31ab5b39f9"
          },
          "sensitive_attributes": [],
          "identity_schema_version": 0,
          "private": "eyJlMmJmYjczMC1lY2FhLTExZTYtOGY4OC0zNDM2M2JjN2M0YzAiOnsiY3JlYXRlIjozMDAwMDAwMDAwMDAsImRlbGV0ZSI6MzAwMDAwMDAwMDAwLCJ1cGRhdGUiOjEyMDAwMDAwMDAwMH19",
          "dependencies": [
            "module.networking.aws_eip.eip",
            "module.networking.aws_nat_gateway.ngw",
            "module.networking.aws_subnet.public_subnet",
            "module.networking.aws_vpc.vpc"
          ]
        }
      ]
    },
    {
      "module": "module.networking",
      "mode": "managed",
      "type": "aws_route_table",
      "name": "public_rt",
      "provider": "provider[\"registry.terraform.io/hashicorp/aws\"]",
      "instances": [
        {
          "schema_version": 0,
          "attributes": {
            "arn": "arn:aws:ec2:us-east-1:211945238188:route-table/rtb-003c2b1c40391a483",
            "id": "rtb-003c2b1c40391a483",
            "owner_id": "211945238188",
            "propagating_vgws": [],
            "route": [
              {
                "carrier_gateway_id": "",
                "cidr_block": "0.0.0.0/0",
                "core_network_arn": "",
                "destination_prefix_list_id": "",
                "egress_only_gateway_id": "",
                "gateway_id": "igw-05f79b12dd094d7b8",
                "ipv6_cidr_block": "",
                "local_gateway_id": "",
                "nat_gateway_id": "",
                "network_interface_id": "",
                "transit_gateway_id": "",
                "vpc_endpoint_id": "",
                "vpc_peering_connection_id": ""
              }
            ],
            "tags": {
              "Name": "public-rt"
            },
            "tags_all": {
              "Name": "public-rt"
            },
            "timeouts": null,
            "vpc_id": "vpc-08618ef31ab5b39f9"
          },
          "sensitive_attributes": [],
          "identity_schema_version": 0,
          "private": "eyJlMmJmYjczMC1lY2FhLTExZTYtOGY4OC0zNDM2M2JjN2M0YzAiOnsiY3JlYXRlIjozMDAwMDAwMDAwMDAsImRlbGV0ZSI6MzAwMDAwMDAwMDAwLCJ1cGRhdGUiOjEyMDAwMDAwMDAwMH19",
          "dependencies": [
            "module.networking.aws_internet_gateway.igw",
            "module.networking.aws_vpc.vpc"
          ]
        }
      ]
    },
    {
      "module": "module.networking",
      "mode": "managed",
      "type": "aws_route_table_association",
      "name": "private_rta",
      "provider": "provider[\"registry.terraform.io/hashicorp/aws\"]",
      "instances": [
        {
          "schema_version": 0,
          "attributes": {
            "gateway_id": "",
            "id": "rtbassoc-03bdcbaaa2fe80f81",
            "route_table_id": "rtb-044d9bd389eff5ac6",
            "subnet_id": "subnet-0bbaab1252d07f756",
            "timeouts": null
          },
          "sensitive_attributes": [],
          "identity_schema_version": 0,
          "private": "eyJlMmJmYjczMC1lY2FhLTExZTYtOGY4OC0zNDM2M2JjN2M0YzAiOnsiY3JlYXRlIjozMDAwMDAwMDAwMDAsImRlbGV0ZSI6MzAwMDAwMDAwMDAwLCJ1cGRhdGUiOjEyMDAwMDAwMDAwMH19",
          "dependencies": [
            "module.networking.aws_eip.eip",
            "module.networking.aws_nat_gateway.ngw",
            "module.networking.aws_route_table.private_rt",
            "module.networking.aws_subnet.private_subnet",
            "module.networking.aws_subnet.public_subnet",
            "module.networking.aws_vpc.vpc"
          ]
        }
      ]
    },
    {
      "module": "module.networking",
      "mode": "managed",
      "type": "aws_route_table_association",
      "name": "public_rta",
      "provider": "provider[\"registry.terraform.io/hashicorp/aws\"]",
      "instances": [
        {
          "schema_version": 0,
          "attributes": {
            "gateway_id": "",
            "id": "rtbassoc-032867fb89a08c89d",
            "route_table_id": "rtb-003c2b1c40391a483",
            "subnet_id": "subnet-0852fdf56ee6ac5a0",
            "timeouts": null
          },
          "sensitive_attributes": [],
          "identity_schema_version": 0,
          "private": "eyJlMmJmYjczMC1lY2FhLTExZTYtOGY4OC0zNDM2M2JjN2M0YzAiOnsiY3JlYXRlIjozMDAwMDAwMDAwMDAsImRlbGV0ZSI6MzAwMDAwMDAwMDAwLCJ1cGRhdGUiOjEyMDAwMDAwMDAwMH19",
          "dependencies": [
            "module.networking.aws_internet_gateway.igw",
            "module.networking.aws_route_table.public_rt",
            "module.networking.aws_subnet.public_subnet",
            "module.networking.aws_vpc.vpc"
          ]
        }
      ]
    },
    {
      "module": "module.networking",
      "mode": "managed",
      "type": "aws_subnet",
      "name": "private_subnet",
      "provider": "provider[\"registry.terraform.io/hashicorp/aws\"]",
      "instances": [
        {
          "schema_version": 1,
          "attributes": {
            "arn": "arn:aws:ec2:us-east-1:211945238188:subnet/subnet-0bbaab1252d07f756",
            "assign_ipv6_address_on_creation": false,
            "availability_zone": "us-east-1a",
            "availability_zone_id": "use1-az1",
            "cidr_block": "10.0.2.0/24",
            "customer_owned_ipv4_pool": "",
            "enable_dns64": false,
            "enable_lni_at_device_index": 0,
            "enable_resource_name_dns_a_record_on_launch": false,
            "enable_resource_name_dns_aaaa_record_on_launch": false,
            "id": "subnet-0bbaab1252d07f756",
            "ipv6_cidr_block": "",
            "ipv6_cidr_block_association_id": "",
            "ipv6_native": false,
            "map_customer_owned_ip_on_launch": false,
            "map_public_ip_on_launch": false,
            "outpost_arn": "",
            "owner_id": "211945238188",
            "private_dns_hostname_type_on_launch": "ip-name",
            "tags": {
              "Name": "private-subnet"
            },
            "tags_all": {
              "Name": "private-subnet"
            },
            "timeouts": null,
            "vpc_id": "vpc-08618ef31ab5b39f9"
          },
          "sensitive_attributes": [],
          "identity_schema_version": 0,
          "private": "eyJlMmJmYjczMC1lY2FhLTExZTYtOGY4OC0zNDM2M2JjN2M0YzAiOnsiY3JlYXRlIjo2MDAwMDAwMDAwMDAsImRlbGV0ZSI6MTIwMDAwMDAwMDAwMH0sInNjaGVtYV92ZXJzaW9uIjoiMSJ9",
          "dependencies": [
            "module.networking.aws_vpc.vpc"
          ]
        }
      ]
    },
    {
      "module": "module.networking",
      "mode": "managed",
      "type": "aws_subnet",
      "name": "public_subnet",
      "provider": "provider[\"registry.terraform.io/hashicorp/aws\"]",
      "instances": [
        {
          "schema_version": 1,
          "attributes": {
            "arn": "arn:aws:ec2:us-east-1:211945238188:subnet/subnet-0852fdf56ee6ac5a0",
            "assign_ipv6_address_on_creation": false,
            "availability_zone": "us-east-1a",
            "availability_zone_id": "use1-az1",
            "cidr_block": "10.0.1.0/24",
            "customer_owned_ipv4_pool": "",
            "enable_dns64": false,
            "enable_lni_at_device_index": 0,
            "enable_resource_name_dns_a_record_on_launch": false,
            "enable_resource_name_dns_aaaa_record_on_launch": false,
            "id": "subnet-0852fdf56ee6ac5a0",
            "ipv6_cidr_block": "",
            "ipv6_cidr_block_association_id": "",
            "ipv6_native": false,
            "map_customer_owned_ip_on_launch": false,
            "map_public_ip_on_launch": true,
            "outpost_arn": "",
            "owner_id": "211945238188",
            "private_dns_hostname_type_on_launch": "ip-name",
            "tags": {
              "Name": "public-subnet"
            },
            "tags_all": {
              "Name": "public-subnet"
            },
            "timeouts": null,
            "vpc_id": "vpc-08618ef31ab5b39f9"
          },
          "sensitive_attributes": [],
          "identity_schema_version": 0,
          "private": "eyJlMmJmYjczMC1lY2FhLTExZTYtOGY4OC0zNDM2M2JjN2M0YzAiOnsiY3JlYXRlIjo2MDAwMDAwMDAwMDAsImRlbGV0ZSI6MTIwMDAwMDAwMDAwMH0sInNjaGVtYV92ZXJzaW9uIjoiMSJ9",
          "dependencies": [
            "module.networking.aws_vpc.vpc"
          ]
        }
      ]
    },
    {
      "module": "module.networking",
      "mode": "managed",
      "type": "aws_vpc",
      "name": "vpc",
      "provider": "provider[\"registry.terraform.io/hashicorp/aws\"]",
      "instances": [
        {
          "schema_version": 1,
          "attributes": {
            "arn": "arn:aws:ec2:us-east-1:211945238188:vpc/vpc-08618ef31ab5b39f9",
            "assign_generated_ipv6_cidr_block": false,
            "cidr_block": "10.0.0.0/16",
            "default_network_acl_id": "acl-0bc2ca62671060066",
            "default_route_table_id": "rtb-09150bbd156e02182",
            "default_security_group_id": "sg-0a1c1e2ce5145380f",
            "dhcp_options_id": "dopt-01c65b9cb0d88c459",
            "enable_dns_hostnames": true,
            "enable_dns_support": true,
            "enable_network_address_usage_metrics": false,
            "id": "vpc-08618ef31ab5b39f9",
            "instance_tenancy": "default",
            "ipv4_ipam_pool_id": null,
            "ipv4_netmask_length": null,
            "ipv6_association_id": "",
            "ipv6_cidr_block": "",
            "ipv6_cidr_block_network_border_group": "",
            "ipv6_ipam_pool_id": "",
            "ipv6_netmask_length": 0,
            "main_route_table_id": "rtb-09150bbd156e02182",
            "owner_id": "211945238188",
            "tags": {
              "Name": "main-vpc"
            },
            "tags_all": {
              "Name": "main-vpc"
            }
          },
          "sensitive_attributes": [],
          "identity_schema_version": 0,
          "private": "eyJzY2hlbWFfdmVyc2lvbiI6IjEifQ=="
        }
      ]
    },
    {
      "module": "module.production",
      "mode": "managed",
      "type": "aws_instance",
      "name": "bastion",
      "provider": "provider[\"registry.terraform.io/hashicorp/aws\"]",
      "instances": [
        {
          "schema_version": 1,
          "attributes": {
            "ami": "ami-0261755bbcb8c4a84",
            "arn": "arn:aws:ec2:us-east-1:211945238188:instance/i-0afea8a652f6e0d92",
            "associate_public_ip_address": true,
            "availability_zone": "us-east-1a",
            "capacity_reservation_specification": [
              {
                "capacity_reservation_preference": "open",
                "capacity_reservation_target": []
              }
            ],
            "cpu_core_count": 1,
            "cpu_options": [
              {
                "amd_sev_snp": "",
                "core_count": 1,
                "threads_per_core": 2
              }
            ],
            "cpu_threads_per_core": 2,
            "credit_specification": [
              {
                "cpu_credits": "unlimited"
              }
            ],
            "disable_api_stop": false,
            "disable_api_termination": false,
            "ebs_block_device": [],
            "ebs_optimized": false,
            "enclave_options": [
              {
                "enabled": false
              }
            ],
            "ephemeral_block_device": [],
            "get_password_data": false,
            "hibernation": false,
            "host_id": "",
            "host_resource_group_arn": null,
            "iam_instance_profile": "",
            "id": "i-0afea8a652f6e0d92",
            "instance_initiated_shutdown_behavior": "stop",
            "instance_lifecycle": "",
            "instance_market_options": [],
            "instance_state": "running",
            "instance_type": "t3.micro",
            "ipv6_address_count": 0,
            "ipv6_addresses": [],
            "key_name": "terraform-kp",
            "launch_template": [],
            "maintenance_options": [
              {
                "auto_recovery": "default"
              }
            ],
            "metadata_options": [
              {
                "http_endpoint": "enabled",
                "http_protocol_ipv6": "disabled",
                "http_put_response_hop_limit": 1,
                "http_tokens": "optional",
                "instance_metadata_tags": "disabled"
              }
            ],
            "monitoring": false,
            "network_interface": [],
            "outpost_arn": "",
            "password_data": "",
            "placement_group": "",
            "placement_partition_number": 0,
            "primary_network_interface_id": "eni-0925511f9c7d3dcef",
            "private_dns": "ip-10-0-1-158.ec2.internal",
            "private_dns_name_options": [
              {
                "enable_resource_name_dns_a_record": false,
                "enable_resource_name_dns_aaaa_record": false,
                "hostname_type": "ip-name"
              }
            ],
            "private_ip": "10.0.1.158",
            "public_dns": "ec2-100-52-183-110.compute-1.amazonaws.com",
            "public_ip": "100.52.183.110",
            "root_block_device": [
              {
                "delete_on_termination": true,
                "device_name": "/dev/sda1",
                "encrypted": false,
                "iops": 100,
                "kms_key_id": "",
                "tags": {},
                "throughput": 0,
                "volume_id": "vol-01ba213dbfc5252c7",
                "volume_size": 8,
                "volume_type": "gp2"
              }
            ],
            "secondary_private_ips": [],
            "security_groups": [],
            "source_dest_check": true,
            "spot_instance_request_id": "",
            "subnet_id": "subnet-0852fdf56ee6ac5a0",
            "tags": {
              "Name": "bastion-host"
            },
            "tags_all": {
              "Name": "bastion-host"
            },
            "tenancy": "default",
            "timeouts": null,
            "user_data": null,
            "user_data_base64": null,
            "user_data_replace_on_change": false,
            "volume_tags": null,
            "vpc_security_group_ids": [
              "sg-0057a4ad02089b211"
            ]
          },
          "sensitive_attributes": [],
          "identity_schema_version": 0,
          "private": "eyJlMmJmYjczMC1lY2FhLTExZTYtOGY4OC0zNDM2M2JjN2M0YzAiOnsiY3JlYXRlIjo2MDAwMDAwMDAwMDAsImRlbGV0ZSI6MTIwMDAwMDAwMDAwMCwidXBkYXRlIjo2MDAwMDAwMDAwMDB9LCJzY2hlbWFfdmVyc2lvbiI6IjEifQ==",
          "dependencies": [
            "aws_key_pair.kp_public",
            "module.networking.aws_subnet.public_subnet",
            "module.networking.aws_vpc.vpc",
            "module.production.aws_security_group.public_sg",
            "tls_private_key.kp"
          ]
        }
      ]
    },
    {
      "module": "module.production",
      "mode": "managed",
      "type": "aws_instance",
      "name": "ec2",
      "provider": "provider[\"registry.terraform.io/hashicorp/aws\"]",
      "instances": [
        {
          "schema_version": 1,
          "attributes": {
            "ami": "ami-0261755bbcb8c4a84",
            "arn": "arn:aws:ec2:us-east-1:211945238188:instance/i-04292444dfdb72dc1",
            "associate_public_ip_address": false,
            "availability_zone": "us-east-1a",
            "capacity_reservation_specification": [
              {
                "capacity_reservation_preference": "open",
                "capacity_reservation_target": []
              }
            ],
            "cpu_core_count": 1,
            "cpu_options": [
              {
                "amd_sev_snp": "",
                "core_count": 1,
                "threads_per_core": 2
              }
            ],
            "cpu_threads_per_core": 2,
            "credit_specification": [
              {
                "cpu_credits": "unlimited"
              }
            ],
            "disable_api_stop": false,
            "disable_api_termination": false,
            "ebs_block_device": [],
            "ebs_optimized": false,
            "enclave_options": [
              {
                "enabled": false
              }
            ],
            "ephemeral_block_device": [],
            "get_password_data": false,
            "hibernation": false,
            "host_id": "",
            "host_resource_group_arn": null,
            "iam_instance_profile": "",
            "id": "i-04292444dfdb72dc1",
            "instance_initiated_shutdown_behavior": "stop",
            "instance_lifecycle": "",
            "instance_market_options": [],
            "instance_state": "running",
            "instance_type": "t3.micro",
            "ipv6_address_count": 0,
            "ipv6_addresses": [],
            "key_name": "terraform-kp",
            "launch_template": [],
            "maintenance_options": [
              {
                "auto_recovery": "default"
              }
            ],
            "metadata_options": [
              {
                "http_endpoint": "enabled",
                "http_protocol_ipv6": "disabled",
                "http_put_response_hop_limit": 1,
                "http_tokens": "optional",
                "instance_metadata_tags": "disabled"
              }
            ],
            "monitoring": false,
            "network_interface": [],
            "outpost_arn": "",
            "password_data": "",
            "placement_group": "",
            "placement_partition_number": 0,
            "primary_network_interface_id": "eni-0fddedb4a332bcf18",
            "private_dns": "ip-10-0-2-79.ec2.internal",
            "private_dns_name_options": [
              {
                "enable_resource_name_dns_a_record": false,
                "enable_resource_name_dns_aaaa_record": false,
                "hostname_type": "ip-name"
              }
            ],
            "private_ip": "10.0.2.79",
            "public_dns": "",
            "public_ip": "",
            "root_block_device": [
              {
                "delete_on_termination": true,
                "device_name": "/dev/sda1",
                "encrypted": false,
                "iops": 100,
                "kms_key_id": "",
                "tags": {},
                "throughput": 0,
                "volume_id": "vol-052dec06226784ea9",
                "volume_size": 8,
                "volume_type": "gp2"
              }
            ],
            "secondary_private_ips": [],
            "security_groups": [],
            "source_dest_check": true,
            "spot_instance_request_id": "",
            "subnet_id": "subnet-0bbaab1252d07f756",
            "tags": {
              "Name": "private-ec2"
            },
            "tags_all": {
              "Name": "private-ec2"
            },
            "tenancy": "default",
            "timeouts": null,
            "user_data": null,
            "user_data_base64": null,
            "user_data_replace_on_change": false,
            "volume_tags": null,
            "vpc_security_group_ids": [
              "sg-0f0ec015fbc4b5420"
            ]
          },
          "sensitive_attributes": [],
          "identity_schema_version": 0,
          "private": "eyJlMmJmYjczMC1lY2FhLTExZTYtOGY4OC0zNDM2M2JjN2M0YzAiOnsiY3JlYXRlIjo2MDAwMDAwMDAwMDAsImRlbGV0ZSI6MTIwMDAwMDAwMDAwMCwidXBkYXRlIjo2MDAwMDAwMDAwMDB9LCJzY2hlbWFfdmVyc2lvbiI6IjEifQ==",
          "dependencies": [
            "aws_key_pair.kp_public",
            "module.networking.aws_subnet.private_subnet",
            "module.networking.aws_vpc.vpc",
            "module.production.aws_security_group.private_sg",
            "module.production.aws_security_group.public_sg",
            "tls_private_key.kp"
          ]
        }
      ]
    },
    {
      "module": "module.production",
      "mode": "managed",
      "type": "aws_security_group",
      "name": "private_sg",
      "provider": "provider[\"registry.terraform.io/hashicorp/aws\"]",
      "instances": [
        {
          "schema_version": 1,
          "attributes": {
            "arn": "arn:aws:ec2:us-east-1:211945238188:security-group/sg-0f0ec015fbc4b5420",
            "description": "Managed by Terraform",
            "egress": [
              {
                "cidr_blocks": [
                  "0.0.0.0/0"
                ],
                "description": "",
                "from_port": 0,
                "ipv6_cidr_blocks": [],
                "prefix_list_ids": [],
                "protocol": "-1",
                "security_groups": [],
                "self": false,
                "to_port": 0
              }
            ],
            "id": "sg-0f0ec015fbc4b5420",
            "ingress": [
              {
                "cidr_blocks": [],
                "description": "",
                "from_port": 22,
                "ipv6_cidr_blocks": [],
                "prefix_list_ids": [],
                "protocol": "tcp",
                "security_groups": [
                  "sg-0057a4ad02089b211"
                ],
                "self": false,
                "to_port": 22
              }
            ],
            "name": "private_sg",
            "name_prefix": "",
            "owner_id": "211945238188",
            "revoke_rules_on_delete": false,
            "tags": {
              "Name": "private-ec2-sg"
            },
            "tags_all": {
              "Name": "private-ec2-sg"
            },
            "timeouts": null,
            "vpc_id": "vpc-08618ef31ab5b39f9"
          },
          "sensitive_attributes": [],
          "identity_schema_version": 0,
          "private": "eyJlMmJmYjczMC1lY2FhLTExZTYtOGY4OC0zNDM2M2JjN2M0YzAiOnsiY3JlYXRlIjo2MDAwMDAwMDAwMDAsImRlbGV0ZSI6OTAwMDAwMDAwMDAwfSwic2NoZW1hX3ZlcnNpb24iOiIxIn0=",
          "dependencies": [
            "module.networking.aws_vpc.vpc",
            "module.production.aws_security_group.public_sg"
          ]
        }
      ]
    },
    {
      "module": "module.production",
      "mode": "managed",
      "type": "aws_security_group",
      "name": "public_sg",
      "provider": "provider[\"registry.terraform.io/hashicorp/aws\"]",
      "instances": [
        {
          "schema_version": 1,
          "attributes": {
            "arn": "arn:aws:ec2:us-east-1:211945238188:security-group/sg-0057a4ad02089b211",
            "description": "Managed by Terraform",
            "egress": [
              {
                "cidr_blocks": [
                  "0.0.0.0/0"
                ],
                "description": "",
                "from_port": 0,
                "ipv6_cidr_blocks": [],
                "prefix_list_ids": [],
                "protocol": "-1",
                "security_groups": [],
                "self": false,
                "to_port": 0
              }
            ],
            "id": "sg-0057a4ad02089b211",
            "ingress": [
              {
                "cidr_blocks": [
                  "0.0.0.0/0"
                ],
                "description": "",
                "from_port": 22,
                "ipv6_cidr_blocks": [],
                "prefix_list_ids": [],
                "protocol": "tcp",
                "security_groups": [],
                "self": false,
                "to_port": 22
              }
            ],
            "name": "public_sg",
            "name_prefix": "",
            "owner_id": "211945238188",
            "revoke_rules_on_delete": false,
            "tags": {
              "Name": "bastion-sg"
            },
            "tags_all": {
              "Name": "bastion-sg"
            },
            "timeouts": null,
            "vpc_id": "vpc-08618ef31ab5b39f9"
          },
          "sensitive_attributes": [],
          "identity_schema_version": 0,
          "private": "eyJlMmJmYjczMC1lY2FhLTExZTYtOGY4OC0zNDM2M2JjN2M0YzAiOnsiY3JlYXRlIjo2MDAwMDAwMDAwMDAsImRlbGV0ZSI6OTAwMDAwMDAwMDAwfSwic2NoZW1hX3ZlcnNpb24iOiIxIn0=",
          "dependencies": [
            "module.networking.aws_vpc.vpc"
          ]
        }
      ]
    }
  ],
  "check_results": null
}
