{
  "version": 4,
  "terraform_version": "1.15.1",
  "serial": 87,
  "lineage": "f971b680-caae-4d0a-8c8f-7b2843f5474a",
  "outputs": {
    "bastion_public_ip": {
      "value": "44.200.5.91",
      "type": "string"
    },
    "ec2_private_ip": {
      "value": "10.0.2.231",
      "type": "string"
    }
  },
  "resources": [
    {
      "mode": "managed",
      "type": "aws_key_pair",
      "name": "kp_public",
      "provider": "provider[\"registry.terraform.io/hashicorp/aws\"]",
      "instances": [
        {
          "schema_version": 1,
          "attributes": {
            "arn": "arn:aws:ec2:us-east-1:211945238188:key-pair/terraform-kp",
            "fingerprint": "31:c7:1e:da:27:75:db:72:1b:ad:d3:c3:82:5f:32:c3",
            "id": "terraform-kp",
            "key_name": "terraform-kp",
            "key_name_prefix": "",
            "key_pair_id": "key-0b40a2c5d67232bda",
            "key_type": "rsa",
            "public_key": "ssh-rsa AAAAB3NzaC1yc2EAAAADAQABAAABAQCqkzIM3FLEuxwCnVgI9yYr6xJJ9yKjQXboGtuIlseZrKlTN22yyQOUnmnluyXYw1bq9ARljyJwpIKkGqWZKzKw+PzmWaTEwB9l3n6BTSwWYVgMYk+hUjGDpa9nBZmStVTzAVQGoZfnLIjoJXAvyiigfoYC96u8sFKwAOO9yv4Ya5yZm3FFR4ip0RM6Qcg7qsm7w/T6vC4bILcIzDO10oDfm+54zOocvynD2ox6faRIWEP5/XCsx2kzGFJ2QHmKziwE+5eRwptab6e5RARaIqwKHUBcXmGQ0HYAgGdEcuDT9L8wn2vHYlL2lC3ZDVIHOr+sqOJlfWBdo5nlrkvrrQ0R",
            "tags": null,
            "tags_all": {}
          },
          "sensitive_attributes": [],
          "identity_schema_version": 0,
          "private": "eyJzY2hlbWFfdmVyc2lvbiI6IjEifQ==",
          "dependencies": [
            "tls_private_key.kp"
          ]
        }
      ]
    },
    {
      "mode": "managed",
      "type": "local_file",
      "name": "kp_private",
      "provider": "provider[\"registry.terraform.io/hashicorp/local\"]",
      "instances": [
        {
          "schema_version": 0,
          "attributes": {
            "content": "-----BEGIN RSA PRIVATE KEY-----\nMIIEowIBAAKCAQEAqpMyDNxSxLscAp1YCPcmK+sSSfcio0F26BrbiJbHmaypUzdt\nsskDlJ5p5bsl2MNW6vQEZY8icKSCpBqlmSsysPj85lmkxMAfZd5+gU0sFmFYDGJP\noVIxg6WvZwWZkrVU8wFUBqGX5yyI6CVwL8oooH6GAvervLBSsADjvcr+GGucmZtx\nRUeIqdETOkHIO6rJu8P0+rwuGyC3CMwztdKA35vueMzqHL8pw9qMen2kSFhD+f1w\nrMdpMxhSdkB5is4sBPuXkcKbWm+nuUQEWiKsCh1AXF5hkNB2AIBnRHLg0/S/MJ9r\nx2JS9pQt2Q1SBzq/rKjiZX1gXaOZ5a5L660NEQIDAQABAoIBAHJ3IrAkrdpdIbfT\ndL9XcyMntXczQ+hARxYM5+NqI3nJtzsjyBag9CkogTHr+8LRmyNCKy0n91mV3CFZ\nzGTT60l9XOELqRlrP+axfz0v13URT+/HjV5ZdOa+Kc29oUglLWOBMazdhb1ZUmpO\nrVE0nTzOiwm0wGd3/5Uik7HKZedmPtF4VjVqjKjZYyjdyS5pm7pSwz3C9BJql4DA\n4AYNy/6oWAGz+gN2O308IJ3++NJgByOKcjvUWm+SGvWLd42hj1X5Jsfy35PlGS5n\nkHP1LGf49gOklG2Rw7I7Vb+qPmnya7i6IbbBbO5db8AmgtnqpfXRdAqaeM3b4SNI\ncmE5SD0CgYEAyDMtswNUxeBsZHHBUdF/Px3aj6J1fF8LN2ZeOYhq30HnK/csR7ei\nrdZ73adjhEnutK3J7ItqYZX43dZ5BJCnuF5uVdswnpNwzXcHGEUEGkyCe5NfbQ/F\nyXGJhk511wpOQmKV9U6aVJfILfCXc8AR6nH3ZEacraIoWMnoC0yr8+sCgYEA2h4y\nC5iooWmt0TZ0SOq9JWn94GWZZMSPrlWD2o1wp0zrvCHTgt24Wiszy4D3AhhnX7g6\noXLq3hZkwzz9OACEhkTMLUfwaXY5y5BPZ5I1TEu1o2j5ySGYI6lAa76FQoeAfX8l\ndwCN5vuff2soK4r7gAB7OAY3l1HMRrsIUQPNT/MCgYAgNNOCO+P0XVEyq3YtImW1\nEqlpd/osguG8DNTVrpN6zRBSa1YNR4Z9LscIdng0/OvQ1zBnxFndzxGVJn6bdGX2\n7AIV/8gHirKX6zER/3BUhsBq/t9YHTR1XrWADLk6WecTGOcE6ps7RpumgFDtBxYa\nwDDLSezEphSVjA2vW6tB9wKBgGRN4oHGsDWaXZ6KRiuKF3VvKprY3hOi+NgY50vI\nI3gsPXQEsjnKMI72sxjws6a5BkDUfdHlAPEkpy3JjEEGq+r7FFH2dS5qeeWM9ZcR\ne4Ucg+kjy0qdMlOj78YclTelDIepwtbY4GjKaey0oIJ1pXaVwhRfd40UxrX4KLjo\n4K/VAoGBALJ7eZu20/Ub8qhIJviu4qtcCetPCIwHLc1+V/qrhz0Eeb5flAs7Dbiy\n9KWL26yX8XXwsmx0ioDWeieCMcrnDIcHnNmlu72Z+7gRB3EZ5YsS8jMi3pAz8OtL\n6qQEalKiy11gDVNl3Nk4RZlVadfWhcqnrpmyv0b5ps1LmQSDHgdT\n-----END RSA PRIVATE KEY-----\n",
            "content_base64": null,
            "content_base64sha256": "g1LqKRdF49DZeA7t2srTFsl7Q2RAoGce/C5gGFjBVdE=",
            "content_base64sha512": "qPtEuNsTevAe2BmTuf7vbcKH/huErIqHmc8FqVYOgIulP5oj5SUJyJewQIEmNKlfGqmBuoWKp5Svi5ABPhZJAQ==",
            "content_md5": "320c7e50c14da1d4290f84b5c8f8beda",
            "content_sha1": "1eeb4add6af660404f72c865daab96604c19209a",
            "content_sha256": "8352ea291745e3d0d9780eeddacad316c97b436440a0671efc2e601858c155d1",
            "content_sha512": "a8fb44b8db137af01ed81993b9feef6dc287fe1b84ac8a8799cf05a9560e808ba53f9a23e52509c897b040812634a95f1aa981ba858aa794af8b90013e164901",
            "directory_permission": "0777",
            "file_permission": "0600",
            "filename": "./kp.pem",
            "id": "1eeb4add6af660404f72c865daab96604c19209a",
            "sensitive_content": null,
            "source": null
          },
          "sensitive_attributes": [
            [
              {
                "type": "get_attr",
                "value": "content"
              }
            ],
            [
              {
                "type": "get_attr",
                "value": "sensitive_content"
              }
            ]
          ],
          "identity_schema_version": 0,
          "dependencies": [
            "tls_private_key.kp"
          ]
        }
      ]
    },
    {
      "mode": "managed",
      "type": "tls_private_key",
      "name": "kp",
      "provider": "provider[\"registry.terraform.io/hashicorp/tls\"]",
      "instances": [
        {
          "schema_version": 1,
          "attributes": {
            "algorithm": "RSA",
            "ecdsa_curve": "P224",
            "id": "a975610f08b204e5fd82cd52bca76ba797ea822c",
            "private_key_openssh": "-----BEGIN OPENSSH PRIVATE KEY-----\nb3BlbnNzaC1rZXktdjEAAAAABG5vbmUAAAAEbm9uZQAAAAAAAAABAAABFwAAAAdz\nc2gtcnNhAAAAAwEAAQAAAQEAqpMyDNxSxLscAp1YCPcmK+sSSfcio0F26BrbiJbH\nmaypUzdtsskDlJ5p5bsl2MNW6vQEZY8icKSCpBqlmSsysPj85lmkxMAfZd5+gU0s\nFmFYDGJPoVIxg6WvZwWZkrVU8wFUBqGX5yyI6CVwL8oooH6GAvervLBSsADjvcr+\nGGucmZtxRUeIqdETOkHIO6rJu8P0+rwuGyC3CMwztdKA35vueMzqHL8pw9qMen2k\nSFhD+f1wrMdpMxhSdkB5is4sBPuXkcKbWm+nuUQEWiKsCh1AXF5hkNB2AIBnRHLg\n0/S/MJ9rx2JS9pQt2Q1SBzq/rKjiZX1gXaOZ5a5L660NEQAAA7hVUwtEVVMLRAAA\nAAdzc2gtcnNhAAABAQCqkzIM3FLEuxwCnVgI9yYr6xJJ9yKjQXboGtuIlseZrKlT\nN22yyQOUnmnluyXYw1bq9ARljyJwpIKkGqWZKzKw+PzmWaTEwB9l3n6BTSwWYVgM\nYk+hUjGDpa9nBZmStVTzAVQGoZfnLIjoJXAvyiigfoYC96u8sFKwAOO9yv4Ya5yZ\nm3FFR4ip0RM6Qcg7qsm7w/T6vC4bILcIzDO10oDfm+54zOocvynD2ox6faRIWEP5\n/XCsx2kzGFJ2QHmKziwE+5eRwptab6e5RARaIqwKHUBcXmGQ0HYAgGdEcuDT9L8w\nn2vHYlL2lC3ZDVIHOr+sqOJlfWBdo5nlrkvrrQ0RAAAAAwEAAQAAAQBydyKwJK3a\nXSG303S/V3MjJ7V3M0PoQEcWDOfjaiN5ybc7I8gWoPQpKIEx6/vC0ZsjQistJ/dZ\nldwhWcxk0+tJfVzhC6kZaz/msX89L9d1EU/vx41eWXTmvinNvaFIJS1jgTGs3YW9\nWVJqTq1RNJ08zosJtMBnd/+VIpOxymXnZj7ReFY1aoyo2WMo3ckuaZu6UsM9wvQS\napeAwOAGDcv+qFgBs/oDdjt9PCCd/vjSYAcjinI71Fpvkhr1i3eNoY9V+SbH8t+T\n5RkuZ5Bz9Sxn+PYDpJRtkcOyO1W/qj5p8mu4uiG2wWzuXW/AJoLZ6qX10XQKmnjN\n2+EjSHJhOUg9AAAAgQCye3mbttP1G/KoSCb4ruKrXAnrTwiMBy3Nflf6q4c9BHm+\nX5QLOw24svSli9usl/F18LJsdIqA1nongjHK5wyHB5zZpbu9mfu4EQdxGeWLEvIz\nIt6QM/DrS+qkBGpSostdYA1TZdzZOEWZVWnX1oXKp66Zsr9G+abNS5kEgx4HUwAA\nAIEAyDMtswNUxeBsZHHBUdF/Px3aj6J1fF8LN2ZeOYhq30HnK/csR7eirdZ73adj\nhEnutK3J7ItqYZX43dZ5BJCnuF5uVdswnpNwzXcHGEUEGkyCe5NfbQ/FyXGJhk51\n1wpOQmKV9U6aVJfILfCXc8AR6nH3ZEacraIoWMnoC0yr8+sAAACBANoeMguYqKFp\nrdE2dEjqvSVp/eBlmWTEj65Vg9qNcKdM67wh04LduForM8uA9wIYZ1+4OqFy6t4W\nZMM8/TgAhIZEzC1H8Gl2OcuQT2eSNUxLtaNo+ckhmCOpQGu+hUKHgH1/JXcAjeb7\nn39rKCuK+4AAezgGN5dRzEa7CFEDzU/zAAAAAAEC\n-----END OPENSSH PRIVATE KEY-----\n",
            "private_key_pem": "-----BEGIN RSA PRIVATE KEY-----\nMIIEowIBAAKCAQEAqpMyDNxSxLscAp1YCPcmK+sSSfcio0F26BrbiJbHmaypUzdt\nsskDlJ5p5bsl2MNW6vQEZY8icKSCpBqlmSsysPj85lmkxMAfZd5+gU0sFmFYDGJP\noVIxg6WvZwWZkrVU8wFUBqGX5yyI6CVwL8oooH6GAvervLBSsADjvcr+GGucmZtx\nRUeIqdETOkHIO6rJu8P0+rwuGyC3CMwztdKA35vueMzqHL8pw9qMen2kSFhD+f1w\nrMdpMxhSdkB5is4sBPuXkcKbWm+nuUQEWiKsCh1AXF5hkNB2AIBnRHLg0/S/MJ9r\nx2JS9pQt2Q1SBzq/rKjiZX1gXaOZ5a5L660NEQIDAQABAoIBAHJ3IrAkrdpdIbfT\ndL9XcyMntXczQ+hARxYM5+NqI3nJtzsjyBag9CkogTHr+8LRmyNCKy0n91mV3CFZ\nzGTT60l9XOELqRlrP+axfz0v13URT+/HjV5ZdOa+Kc29oUglLWOBMazdhb1ZUmpO\nrVE0nTzOiwm0wGd3/5Uik7HKZedmPtF4VjVqjKjZYyjdyS5pm7pSwz3C9BJql4DA\n4AYNy/6oWAGz+gN2O308IJ3++NJgByOKcjvUWm+SGvWLd42hj1X5Jsfy35PlGS5n\nkHP1LGf49gOklG2Rw7I7Vb+qPmnya7i6IbbBbO5db8AmgtnqpfXRdAqaeM3b4SNI\ncmE5SD0CgYEAyDMtswNUxeBsZHHBUdF/Px3aj6J1fF8LN2ZeOYhq30HnK/csR7ei\nrdZ73adjhEnutK3J7ItqYZX43dZ5BJCnuF5uVdswnpNwzXcHGEUEGkyCe5NfbQ/F\nyXGJhk511wpOQmKV9U6aVJfILfCXc8AR6nH3ZEacraIoWMnoC0yr8+sCgYEA2h4y\nC5iooWmt0TZ0SOq9JWn94GWZZMSPrlWD2o1wp0zrvCHTgt24Wiszy4D3AhhnX7g6\noXLq3hZkwzz9OACEhkTMLUfwaXY5y5BPZ5I1TEu1o2j5ySGYI6lAa76FQoeAfX8l\ndwCN5vuff2soK4r7gAB7OAY3l1HMRrsIUQPNT/MCgYAgNNOCO+P0XVEyq3YtImW1\nEqlpd/osguG8DNTVrpN6zRBSa1YNR4Z9LscIdng0/OvQ1zBnxFndzxGVJn6bdGX2\n7AIV/8gHirKX6zER/3BUhsBq/t9YHTR1XrWADLk6WecTGOcE6ps7RpumgFDtBxYa\nwDDLSezEphSVjA2vW6tB9wKBgGRN4oHGsDWaXZ6KRiuKF3VvKprY3hOi+NgY50vI\nI3gsPXQEsjnKMI72sxjws6a5BkDUfdHlAPEkpy3JjEEGq+r7FFH2dS5qeeWM9ZcR\ne4Ucg+kjy0qdMlOj78YclTelDIepwtbY4GjKaey0oIJ1pXaVwhRfd40UxrX4KLjo\n4K/VAoGBALJ7eZu20/Ub8qhIJviu4qtcCetPCIwHLc1+V/qrhz0Eeb5flAs7Dbiy\n9KWL26yX8XXwsmx0ioDWeieCMcrnDIcHnNmlu72Z+7gRB3EZ5YsS8jMi3pAz8OtL\n6qQEalKiy11gDVNl3Nk4RZlVadfWhcqnrpmyv0b5ps1LmQSDHgdT\n-----END RSA PRIVATE KEY-----\n",
            "private_key_pem_pkcs8": "-----BEGIN PRIVATE KEY-----\nMIIEvQIBADANBgkqhkiG9w0BAQEFAASCBKcwggSjAgEAAoIBAQCqkzIM3FLEuxwC\nnVgI9yYr6xJJ9yKjQXboGtuIlseZrKlTN22yyQOUnmnluyXYw1bq9ARljyJwpIKk\nGqWZKzKw+PzmWaTEwB9l3n6BTSwWYVgMYk+hUjGDpa9nBZmStVTzAVQGoZfnLIjo\nJXAvyiigfoYC96u8sFKwAOO9yv4Ya5yZm3FFR4ip0RM6Qcg7qsm7w/T6vC4bILcI\nzDO10oDfm+54zOocvynD2ox6faRIWEP5/XCsx2kzGFJ2QHmKziwE+5eRwptab6e5\nRARaIqwKHUBcXmGQ0HYAgGdEcuDT9L8wn2vHYlL2lC3ZDVIHOr+sqOJlfWBdo5nl\nrkvrrQ0RAgMBAAECggEAcncisCSt2l0ht9N0v1dzIye1dzND6EBHFgzn42ojecm3\nOyPIFqD0KSiBMev7wtGbI0IrLSf3WZXcIVnMZNPrSX1c4QupGWs/5rF/PS/XdRFP\n78eNXll05r4pzb2hSCUtY4ExrN2FvVlSak6tUTSdPM6LCbTAZ3f/lSKTscpl52Y+\n0XhWNWqMqNljKN3JLmmbulLDPcL0EmqXgMDgBg3L/qhYAbP6A3Y7fTwgnf740mAH\nI4pyO9Rab5Ia9Yt3jaGPVfkmx/Lfk+UZLmeQc/UsZ/j2A6SUbZHDsjtVv6o+afJr\nuLohtsFs7l1vwCaC2eql9dF0Cpp4zdvhI0hyYTlIPQKBgQDIMy2zA1TF4GxkccFR\n0X8/HdqPonV8Xws3Zl45iGrfQecr9yxHt6Kt1nvdp2OESe60rcnsi2phlfjd1nkE\nkKe4Xm5V2zCek3DNdwcYRQQaTIJ7k19tD8XJcYmGTnXXCk5CYpX1TppUl8gt8Jdz\nwBHqcfdkRpytoihYyegLTKvz6wKBgQDaHjILmKihaa3RNnRI6r0laf3gZZlkxI+u\nVYPajXCnTOu8IdOC3bhaKzPLgPcCGGdfuDqhcureFmTDPP04AISGRMwtR/BpdjnL\nkE9nkjVMS7WjaPnJIZgjqUBrvoVCh4B9fyV3AI3m+59/aygrivuAAHs4BjeXUcxG\nuwhRA81P8wKBgCA004I74/RdUTKrdi0iZbUSqWl3+iyC4bwM1NWuk3rNEFJrVg1H\nhn0uxwh2eDT869DXMGfEWd3PEZUmfpt0ZfbsAhX/yAeKspfrMRH/cFSGwGr+31gd\nNHVetYAMuTpZ5xMY5wTqmztGm6aAUO0HFhrAMMtJ7MSmFJWMDa9bq0H3AoGAZE3i\ngcawNZpdnopGK4oXdW8qmtjeE6L42BjnS8gjeCw9dASyOcowjvazGPCzprkGQNR9\n0eUA8SSnLcmMQQar6vsUUfZ1Lmp55Yz1lxF7hRyD6SPLSp0yU6PvxhyVN6UMh6nC\n1tjgaMpp7LSggnWldpXCFF93jRTGtfgouOjgr9UCgYEAsnt5m7bT9RvyqEgm+K7i\nq1wJ608IjActzX5X+quHPQR5vl+UCzsNuLL0pYvbrJfxdfCybHSKgNZ6J4IxyucM\nhwec2aW7vZn7uBEHcRnlixLyMyLekDPw60vqpARqUqLLXWANU2Xc2ThFmVVp19aF\nyqeumbK/RvmmzUuZBIMeB1M=\n-----END PRIVATE KEY-----\n",
            "public_key_fingerprint_md5": "0e:1f:49:69:f0:20:3e:c1:2d:b7:14:2d:5b:9c:a4:d5",
            "public_key_fingerprint_sha256": "SHA256:6cs7AZa/9pvjTg7QXxtcT5l36HPscZjNmQYbq+Ks6xA",
            "public_key_openssh": "ssh-rsa AAAAB3NzaC1yc2EAAAADAQABAAABAQCqkzIM3FLEuxwCnVgI9yYr6xJJ9yKjQXboGtuIlseZrKlTN22yyQOUnmnluyXYw1bq9ARljyJwpIKkGqWZKzKw+PzmWaTEwB9l3n6BTSwWYVgMYk+hUjGDpa9nBZmStVTzAVQGoZfnLIjoJXAvyiigfoYC96u8sFKwAOO9yv4Ya5yZm3FFR4ip0RM6Qcg7qsm7w/T6vC4bILcIzDO10oDfm+54zOocvynD2ox6faRIWEP5/XCsx2kzGFJ2QHmKziwE+5eRwptab6e5RARaIqwKHUBcXmGQ0HYAgGdEcuDT9L8wn2vHYlL2lC3ZDVIHOr+sqOJlfWBdo5nlrkvrrQ0R\n",
            "public_key_pem": "-----BEGIN PUBLIC KEY-----\nMIIBIjANBgkqhkiG9w0BAQEFAAOCAQ8AMIIBCgKCAQEAqpMyDNxSxLscAp1YCPcm\nK+sSSfcio0F26BrbiJbHmaypUzdtsskDlJ5p5bsl2MNW6vQEZY8icKSCpBqlmSsy\nsPj85lmkxMAfZd5+gU0sFmFYDGJPoVIxg6WvZwWZkrVU8wFUBqGX5yyI6CVwL8oo\noH6GAvervLBSsADjvcr+GGucmZtxRUeIqdETOkHIO6rJu8P0+rwuGyC3CMwztdKA\n35vueMzqHL8pw9qMen2kSFhD+f1wrMdpMxhSdkB5is4sBPuXkcKbWm+nuUQEWiKs\nCh1AXF5hkNB2AIBnRHLg0/S/MJ9rx2JS9pQt2Q1SBzq/rKjiZX1gXaOZ5a5L660N\nEQIDAQAB\n-----END PUBLIC KEY-----\n",
            "rsa_bits": 2048
          },
          "sensitive_attributes": [
            [
              {
                "type": "get_attr",
                "value": "private_key_openssh"
              }
            ],
            [
              {
                "type": "get_attr",
                "value": "private_key_pem"
              }
            ],
            [
              {
                "type": "get_attr",
                "value": "private_key_pem_pkcs8"
              }
            ]
          ],
          "identity_schema_version": 0
        }
      ]
    },
    {
      "module": "module.networking",
      "mode": "managed",
      "type": "aws_eip",
      "name": "eip",
      "provider": "provider[\"registry.terraform.io/hashicorp/aws\"]",
      "instances": [
        {
          "schema_version": 0,
          "attributes": {
            "address": null,
            "allocation_id": "eipalloc-0b1445582152a8ae3",
            "associate_with_private_ip": null,
            "association_id": "",
            "carrier_ip": "",
            "customer_owned_ip": "",
            "customer_owned_ipv4_pool": "",
            "domain": "vpc",
            "id": "eipalloc-0b1445582152a8ae3",
            "instance": "",
            "network_border_group": "us-east-1",
            "network_interface": "",
            "private_dns": null,
            "private_ip": "",
            "public_dns": "ec2-98-89-73-211.compute-1.amazonaws.com",
            "public_ip": "98.89.73.211",
            "public_ipv4_pool": "amazon",
            "tags": {
              "Name": "nat-eip"
            },
            "tags_all": {
              "Name": "nat-eip"
            },
            "timeouts": null,
            "vpc": true
          },
          "sensitive_attributes": [],
          "identity_schema_version": 0,
          "private": "eyJlMmJmYjczMC1lY2FhLTExZTYtOGY4OC0zNDM2M2JjN2M0YzAiOnsiZGVsZXRlIjoxODAwMDAwMDAwMDAsInJlYWQiOjkwMDAwMDAwMDAwMCwidXBkYXRlIjozMDAwMDAwMDAwMDB9fQ=="
        }
      ]
    },
    {
      "module": "module.networking",
      "mode": "managed",
      "type": "aws_internet_gateway",
      "name": "igw",
      "provider": "provider[\"registry.terraform.io/hashicorp/aws\"]",
      "instances": [
        {
          "schema_version": 0,
          "attributes": {
            "arn": "arn:aws:ec2:us-east-1:211945238188:internet-gateway/igw-0baf8b6d1ede07bb9",
            "id": "igw-0baf8b6d1ede07bb9",
            "owner_id": "211945238188",
            "tags": {
              "Name": "main-igw"
            },
            "tags_all": {
              "Name": "main-igw"
            },
            "timeouts": null,
            "vpc_id": "vpc-00702a333cf5c615e"
          },
          "sensitive_attributes": [],
          "identity_schema_version": 0,
          "private": "eyJlMmJmYjczMC1lY2FhLTExZTYtOGY4OC0zNDM2M2JjN2M0YzAiOnsiY3JlYXRlIjoxMjAwMDAwMDAwMDAwLCJkZWxldGUiOjEyMDAwMDAwMDAwMDAsInVwZGF0ZSI6MTIwMDAwMDAwMDAwMH19",
          "dependencies": [
            "module.networking.aws_vpc.vpc"
          ]
        }
      ]
    },
    {
      "module": "module.networking",
      "mode": "managed",
      "type": "aws_nat_gateway",
      "name": "ngw",
      "provider": "provider[\"registry.terraform.io/hashicorp/aws\"]",
      "instances": [
        {
          "schema_version": 0,
          "attributes": {
            "allocation_id": "eipalloc-0b1445582152a8ae3",
            "association_id": "eipassoc-076bc23fb2a036507",
            "connectivity_type": "public",
            "id": "nat-0b746220e17494cb8",
            "network_interface_id": "eni-00a22ea16f5e7477d",
            "private_ip": "10.0.1.89",
            "public_ip": "98.89.73.211",
            "secondary_allocation_ids": null,
            "secondary_private_ip_address_count": 0,
            "secondary_private_ip_addresses": [],
            "subnet_id": "subnet-09de2fd7207e141cd",
            "tags": null,
            "tags_all": {},
            "timeouts": null
          },
          "sensitive_attributes": [],
          "identity_schema_version": 0,
          "private": "eyJlMmJmYjczMC1lY2FhLTExZTYtOGY4OC0zNDM2M2JjN2M0YzAiOnsiY3JlYXRlIjo2MDAwMDAwMDAwMDAsImRlbGV0ZSI6MTgwMDAwMDAwMDAwMCwidXBkYXRlIjo2MDAwMDAwMDAwMDB9fQ==",
          "dependencies": [
            "module.networking.aws_eip.eip",
            "module.networking.aws_subnet.public_subnet",
            "module.networking.aws_vpc.vpc"
          ]
        }
      ]
    },
    {
      "module": "module.networking",
      "mode": "managed",
      "type": "aws_route_table",
      "name": "private_rt",
      "provider": "provider[\"registry.terraform.io/hashicorp/aws\"]",
      "instances": [
        {
          "schema_version": 0,
          "attributes": {
            "arn": "arn:aws:ec2:us-east-1:211945238188:route-table/rtb-01aa18f8ebd46aca0",
            "id": "rtb-01aa18f8ebd46aca0",
            "owner_id": "211945238188",
            "propagating_vgws": [],
            "route": [
              {
                "carrier_gateway_id": "",
                "cidr_block": "0.0.0.0/0",
                "core_network_arn": "",
                "destination_prefix_list_id": "",
                "egress_only_gateway_id": "",
                "gateway_id": "",
                "ipv6_cidr_block": "",
                "local_gateway_id": "",
                "nat_gateway_id": "nat-0b746220e17494cb8",
                "network_interface_id": "",
                "transit_gateway_id": "",
                "vpc_endpoint_id": "",
                "vpc_peering_connection_id": ""
              }
            ],
            "tags": {
              "Name": "private-rt"
            },
            "tags_all": {
              "Name": "private-rt"
            },
            "timeouts": null,
            "vpc_id": "vpc-00702a333cf5c615e"
          },
          "sensitive_attributes": [],
          "identity_schema_version": 0,
          "private": "eyJlMmJmYjczMC1lY2FhLTExZTYtOGY4OC0zNDM2M2JjN2M0YzAiOnsiY3JlYXRlIjozMDAwMDAwMDAwMDAsImRlbGV0ZSI6MzAwMDAwMDAwMDAwLCJ1cGRhdGUiOjEyMDAwMDAwMDAwMH19",
          "dependencies": [
            "module.networking.aws_eip.eip",
            "module.networking.aws_nat_gateway.ngw",
            "module.networking.aws_subnet.public_subnet",
            "module.networking.aws_vpc.vpc"
          ]
        }
      ]
    },
    {
      "module": "module.networking",
      "mode": "managed",
      "type": "aws_route_table",
      "name": "public_rt",
      "provider": "provider[\"registry.terraform.io/hashicorp/aws\"]",
      "instances": [
        {
          "schema_version": 0,
          "attributes": {
            "arn": "arn:aws:ec2:us-east-1:211945238188:route-table/rtb-0c6b86a986fe6dae6",
            "id": "rtb-0c6b86a986fe6dae6",
            "owner_id": "211945238188",
            "propagating_vgws": [],
            "route": [
              {
                "carrier_gateway_id": "",
                "cidr_block": "0.0.0.0/0",
                "core_network_arn": "",
                "destination_prefix_list_id": "",
                "egress_only_gateway_id": "",
                "gateway_id": "igw-0baf8b6d1ede07bb9",
                "ipv6_cidr_block": "",
                "local_gateway_id": "",
                "nat_gateway_id": "",
                "network_interface_id": "",
                "transit_gateway_id": "",
                "vpc_endpoint_id": "",
                "vpc_peering_connection_id": ""
              }
            ],
            "tags": {
              "Name": "public-rt"
            },
            "tags_all": {
              "Name": "public-rt"
            },
            "timeouts": null,
            "vpc_id": "vpc-00702a333cf5c615e"
          },
          "sensitive_attributes": [],
          "identity_schema_version": 0,
          "private": "eyJlMmJmYjczMC1lY2FhLTExZTYtOGY4OC0zNDM2M2JjN2M0YzAiOnsiY3JlYXRlIjozMDAwMDAwMDAwMDAsImRlbGV0ZSI6MzAwMDAwMDAwMDAwLCJ1cGRhdGUiOjEyMDAwMDAwMDAwMH19",
          "dependencies": [
            "module.networking.aws_internet_gateway.igw",
            "module.networking.aws_vpc.vpc"
          ]
        }
      ]
    },
    {
      "module": "module.networking",
      "mode": "managed",
      "type": "aws_route_table_association",
      "name": "private_rta",
      "provider": "provider[\"registry.terraform.io/hashicorp/aws\"]",
      "instances": [
        {
          "schema_version": 0,
          "attributes": {
            "gateway_id": "",
            "id": "rtbassoc-0e9a980d05ffae47f",
            "route_table_id": "rtb-01aa18f8ebd46aca0",
            "subnet_id": "subnet-01b6c64066cf32193",
            "timeouts": null
          },
          "sensitive_attributes": [],
          "identity_schema_version": 0,
          "private": "eyJlMmJmYjczMC1lY2FhLTExZTYtOGY4OC0zNDM2M2JjN2M0YzAiOnsiY3JlYXRlIjozMDAwMDAwMDAwMDAsImRlbGV0ZSI6MzAwMDAwMDAwMDAwLCJ1cGRhdGUiOjEyMDAwMDAwMDAwMH19",
          "dependencies": [
            "module.networking.aws_eip.eip",
            "module.networking.aws_nat_gateway.ngw",
            "module.networking.aws_route_table.private_rt",
            "module.networking.aws_subnet.private_subnet",
            "module.networking.aws_subnet.public_subnet",
            "module.networking.aws_vpc.vpc"
          ]
        }
      ]
    },
    {
      "module": "module.networking",
      "mode": "managed",
      "type": "aws_route_table_association",
      "name": "public_rta",
      "provider": "provider[\"registry.terraform.io/hashicorp/aws\"]",
      "instances": [
        {
          "schema_version": 0,
          "attributes": {
            "gateway_id": "",
            "id": "rtbassoc-0cc556fa442d9d784",
            "route_table_id": "rtb-0c6b86a986fe6dae6",
            "subnet_id": "subnet-09de2fd7207e141cd",
            "timeouts": null
          },
          "sensitive_attributes": [],
          "identity_schema_version": 0,
          "private": "eyJlMmJmYjczMC1lY2FhLTExZTYtOGY4OC0zNDM2M2JjN2M0YzAiOnsiY3JlYXRlIjozMDAwMDAwMDAwMDAsImRlbGV0ZSI6MzAwMDAwMDAwMDAwLCJ1cGRhdGUiOjEyMDAwMDAwMDAwMH19",
          "dependencies": [
            "module.networking.aws_internet_gateway.igw",
            "module.networking.aws_route_table.public_rt",
            "module.networking.aws_subnet.public_subnet",
            "module.networking.aws_vpc.vpc"
          ]
        }
      ]
    },
    {
      "module": "module.networking",
      "mode": "managed",
      "type": "aws_subnet",
      "name": "private_subnet",
      "provider": "provider[\"registry.terraform.io/hashicorp/aws\"]",
      "instances": [
        {
          "schema_version": 1,
          "attributes": {
            "arn": "arn:aws:ec2:us-east-1:211945238188:subnet/subnet-01b6c64066cf32193",
            "assign_ipv6_address_on_creation": false,
            "availability_zone": "us-east-1a",
            "availability_zone_id": "use1-az1",
            "cidr_block": "10.0.2.0/24",
            "customer_owned_ipv4_pool": "",
            "enable_dns64": false,
            "enable_lni_at_device_index": 0,
            "enable_resource_name_dns_a_record_on_launch": false,
            "enable_resource_name_dns_aaaa_record_on_launch": false,
            "id": "subnet-01b6c64066cf32193",
            "ipv6_cidr_block": "",
            "ipv6_cidr_block_association_id": "",
            "ipv6_native": false,
            "map_customer_owned_ip_on_launch": false,
            "map_public_ip_on_launch": false,
            "outpost_arn": "",
            "owner_id": "211945238188",
            "private_dns_hostname_type_on_launch": "ip-name",
            "tags": {
              "Name": "private-subnet"
            },
            "tags_all": {
              "Name": "private-subnet"
            },
            "timeouts": null,
            "vpc_id": "vpc-00702a333cf5c615e"
          },
          "sensitive_attributes": [],
          "identity_schema_version": 0,
          "private": "eyJlMmJmYjczMC1lY2FhLTExZTYtOGY4OC0zNDM2M2JjN2M0YzAiOnsiY3JlYXRlIjo2MDAwMDAwMDAwMDAsImRlbGV0ZSI6MTIwMDAwMDAwMDAwMH0sInNjaGVtYV92ZXJzaW9uIjoiMSJ9",
          "dependencies": [
            "module.networking.aws_vpc.vpc"
          ]
        }
      ]
    },
    {
      "module": "module.networking",
      "mode": "managed",
      "type": "aws_subnet",
      "name": "public_subnet",
      "provider": "provider[\"registry.terraform.io/hashicorp/aws\"]",
      "instances": [
        {
          "schema_version": 1,
          "attributes": {
            "arn": "arn:aws:ec2:us-east-1:211945238188:subnet/subnet-09de2fd7207e141cd",
            "assign_ipv6_address_on_creation": false,
            "availability_zone": "us-east-1a",
            "availability_zone_id": "use1-az1",
            "cidr_block": "10.0.1.0/24",
            "customer_owned_ipv4_pool": "",
            "enable_dns64": false,
            "enable_lni_at_device_index": 0,
            "enable_resource_name_dns_a_record_on_launch": false,
            "enable_resource_name_dns_aaaa_record_on_launch": false,
            "id": "subnet-09de2fd7207e141cd",
            "ipv6_cidr_block": "",
            "ipv6_cidr_block_association_id": "",
            "ipv6_native": false,
            "map_customer_owned_ip_on_launch": false,
            "map_public_ip_on_launch": true,
            "outpost_arn": "",
            "owner_id": "211945238188",
            "private_dns_hostname_type_on_launch": "ip-name",
            "tags": {
              "Name": "public-subnet"
            },
            "tags_all": {
              "Name": "public-subnet"
            },
            "timeouts": null,
            "vpc_id": "vpc-00702a333cf5c615e"
          },
          "sensitive_attributes": [],
          "identity_schema_version": 0,
          "private": "eyJlMmJmYjczMC1lY2FhLTExZTYtOGY4OC0zNDM2M2JjN2M0YzAiOnsiY3JlYXRlIjo2MDAwMDAwMDAwMDAsImRlbGV0ZSI6MTIwMDAwMDAwMDAwMH0sInNjaGVtYV92ZXJzaW9uIjoiMSJ9",
          "dependencies": [
            "module.networking.aws_vpc.vpc"
          ]
        }
      ]
    },
    {
      "module": "module.networking",
      "mode": "managed",
      "type": "aws_vpc",
      "name": "vpc",
      "provider": "provider[\"registry.terraform.io/hashicorp/aws\"]",
      "instances": [
        {
          "schema_version": 1,
          "attributes": {
            "arn": "arn:aws:ec2:us-east-1:211945238188:vpc/vpc-00702a333cf5c615e",
            "assign_generated_ipv6_cidr_block": false,
            "cidr_block": "10.0.0.0/16",
            "default_network_acl_id": "acl-042dddbb0d86f0da3",
            "default_route_table_id": "rtb-01a961658e834e714",
            "default_security_group_id": "sg-0896e0cc548d9778c",
            "dhcp_options_id": "dopt-01c65b9cb0d88c459",
            "enable_dns_hostnames": true,
            "enable_dns_support": true,
            "enable_network_address_usage_metrics": false,
            "id": "vpc-00702a333cf5c615e",
            "instance_tenancy": "default",
            "ipv4_ipam_pool_id": null,
            "ipv4_netmask_length": null,
            "ipv6_association_id": "",
            "ipv6_cidr_block": "",
            "ipv6_cidr_block_network_border_group": "",
            "ipv6_ipam_pool_id": "",
            "ipv6_netmask_length": 0,
            "main_route_table_id": "rtb-01a961658e834e714",
            "owner_id": "211945238188",
            "tags": {
              "Name": "main-vpc"
            },
            "tags_all": {
              "Name": "main-vpc"
            }
          },
          "sensitive_attributes": [],
          "identity_schema_version": 0,
          "private": "eyJzY2hlbWFfdmVyc2lvbiI6IjEifQ=="
        }
      ]
    },
    {
      "module": "module.production",
      "mode": "managed",
      "type": "aws_instance",
      "name": "bastion",
      "provider": "provider[\"registry.terraform.io/hashicorp/aws\"]",
      "instances": [
        {
          "schema_version": 1,
          "attributes": {
            "ami": "ami-0261755bbcb8c4a84",
            "arn": "arn:aws:ec2:us-east-1:211945238188:instance/i-0fe49d5c104f1afc8",
            "associate_public_ip_address": true,
            "availability_zone": "us-east-1a",
            "capacity_reservation_specification": [
              {
                "capacity_reservation_preference": "open",
                "capacity_reservation_target": []
              }
            ],
            "cpu_core_count": 1,
            "cpu_options": [
              {
                "amd_sev_snp": "",
                "core_count": 1,
                "threads_per_core": 2
              }
            ],
            "cpu_threads_per_core": 2,
            "credit_specification": [
              {
                "cpu_credits": "unlimited"
              }
            ],
            "disable_api_stop": false,
            "disable_api_termination": false,
            "ebs_block_device": [],
            "ebs_optimized": false,
            "enclave_options": [
              {
                "enabled": false
              }
            ],
            "ephemeral_block_device": [],
            "get_password_data": false,
            "hibernation": false,
            "host_id": "",
            "host_resource_group_arn": null,
            "iam_instance_profile": "",
            "id": "i-0fe49d5c104f1afc8",
            "instance_initiated_shutdown_behavior": "stop",
            "instance_lifecycle": "",
            "instance_market_options": [],
            "instance_state": "running",
            "instance_type": "t3.micro",
            "ipv6_address_count": 0,
            "ipv6_addresses": [],
            "key_name": "terraform-kp",
            "launch_template": [],
            "maintenance_options": [
              {
                "auto_recovery": "default"
              }
            ],
            "metadata_options": [
              {
                "http_endpoint": "enabled",
                "http_protocol_ipv6": "disabled",
                "http_put_response_hop_limit": 1,
                "http_tokens": "optional",
                "instance_metadata_tags": "disabled"
              }
            ],
            "monitoring": false,
            "network_interface": [],
            "outpost_arn": "",
            "password_data": "",
            "placement_group": "",
            "placement_partition_number": 0,
            "primary_network_interface_id": "eni-03df67a9089eca59c",
            "private_dns": "ip-10-0-1-112.ec2.internal",
            "private_dns_name_options": [
              {
                "enable_resource_name_dns_a_record": false,
                "enable_resource_name_dns_aaaa_record": false,
                "hostname_type": "ip-name"
              }
            ],
            "private_ip": "10.0.1.112",
            "public_dns": "ec2-44-200-5-91.compute-1.amazonaws.com",
            "public_ip": "44.200.5.91",
            "root_block_device": [
              {
                "delete_on_termination": true,
                "device_name": "/dev/sda1",
                "encrypted": false,
                "iops": 100,
                "kms_key_id": "",
                "tags": {},
                "throughput": 0,
                "volume_id": "vol-0ab3a2ec6b0a7a7c6",
                "volume_size": 8,
                "volume_type": "gp2"
              }
            ],
            "secondary_private_ips": [],
            "security_groups": [],
            "source_dest_check": true,
            "spot_instance_request_id": "",
            "subnet_id": "subnet-09de2fd7207e141cd",
            "tags": {
              "Name": "bastion-host"
            },
            "tags_all": {
              "Name": "bastion-host"
            },
            "tenancy": "default",
            "timeouts": null,
            "user_data": null,
            "user_data_base64": null,
            "user_data_replace_on_change": false,
            "volume_tags": null,
            "vpc_security_group_ids": [
              "sg-094aa98cba36c5108"
            ]
          },
          "sensitive_attributes": [],
          "identity_schema_version": 0,
          "private": "eyJlMmJmYjczMC1lY2FhLTExZTYtOGY4OC0zNDM2M2JjN2M0YzAiOnsiY3JlYXRlIjo2MDAwMDAwMDAwMDAsImRlbGV0ZSI6MTIwMDAwMDAwMDAwMCwidXBkYXRlIjo2MDAwMDAwMDAwMDB9LCJzY2hlbWFfdmVyc2lvbiI6IjEifQ==",
          "dependencies": [
            "aws_key_pair.kp_public",
            "module.networking.aws_subnet.public_subnet",
            "module.networking.aws_vpc.vpc",
            "module.production.aws_security_group.public_sg",
            "tls_private_key.kp"
          ]
        }
      ]
    },
    {
      "module": "module.production",
      "mode": "managed",
      "type": "aws_instance",
      "name": "ec2",
      "provider": "provider[\"registry.terraform.io/hashicorp/aws\"]",
      "instances": [
        {
          "schema_version": 1,
          "attributes": {
            "ami": "ami-0261755bbcb8c4a84",
            "arn": "arn:aws:ec2:us-east-1:211945238188:instance/i-0f0dd168252b89abb",
            "associate_public_ip_address": false,
            "availability_zone": "us-east-1a",
            "capacity_reservation_specification": [
              {
                "capacity_reservation_preference": "open",
                "capacity_reservation_target": []
              }
            ],
            "cpu_core_count": 1,
            "cpu_options": [
              {
                "amd_sev_snp": "",
                "core_count": 1,
                "threads_per_core": 2
              }
            ],
            "cpu_threads_per_core": 2,
            "credit_specification": [
              {
                "cpu_credits": "unlimited"
              }
            ],
            "disable_api_stop": false,
            "disable_api_termination": false,
            "ebs_block_device": [],
            "ebs_optimized": false,
            "enclave_options": [
              {
                "enabled": false
              }
            ],
            "ephemeral_block_device": [],
            "get_password_data": false,
            "hibernation": false,
            "host_id": "",
            "host_resource_group_arn": null,
            "iam_instance_profile": "",
            "id": "i-0f0dd168252b89abb",
            "instance_initiated_shutdown_behavior": "stop",
            "instance_lifecycle": "",
            "instance_market_options": [],
            "instance_state": "running",
            "instance_type": "t3.micro",
            "ipv6_address_count": 0,
            "ipv6_addresses": [],
            "key_name": "terraform-kp",
            "launch_template": [],
            "maintenance_options": [
              {
                "auto_recovery": "default"
              }
            ],
            "metadata_options": [
              {
                "http_endpoint": "enabled",
                "http_protocol_ipv6": "disabled",
                "http_put_response_hop_limit": 1,
                "http_tokens": "optional",
                "instance_metadata_tags": "disabled"
              }
            ],
            "monitoring": false,
            "network_interface": [],
            "outpost_arn": "",
            "password_data": "",
            "placement_group": "",
            "placement_partition_number": 0,
            "primary_network_interface_id": "eni-0c581dc506c7d13a6",
            "private_dns": "ip-10-0-2-231.ec2.internal",
            "private_dns_name_options": [
              {
                "enable_resource_name_dns_a_record": false,
                "enable_resource_name_dns_aaaa_record": false,
                "hostname_type": "ip-name"
              }
            ],
            "private_ip": "10.0.2.231",
            "public_dns": "",
            "public_ip": "",
            "root_block_device": [
              {
                "delete_on_termination": true,
                "device_name": "/dev/sda1",
                "encrypted": false,
                "iops": 100,
                "kms_key_id": "",
                "tags": {},
                "throughput": 0,
                "volume_id": "vol-007715fd24c636a59",
                "volume_size": 8,
                "volume_type": "gp2"
              }
            ],
            "secondary_private_ips": [],
            "security_groups": [],
            "source_dest_check": true,
            "spot_instance_request_id": "",
            "subnet_id": "subnet-01b6c64066cf32193",
            "tags": {
              "Name": "private-ec2"
            },
            "tags_all": {
              "Name": "private-ec2"
            },
            "tenancy": "default",
            "timeouts": null,
            "user_data": null,
            "user_data_base64": null,
            "user_data_replace_on_change": false,
            "volume_tags": null,
            "vpc_security_group_ids": [
              "sg-0da0c8d2c8ac8fa1b"
            ]
          },
          "sensitive_attributes": [],
          "identity_schema_version": 0,
          "private": "eyJlMmJmYjczMC1lY2FhLTExZTYtOGY4OC0zNDM2M2JjN2M0YzAiOnsiY3JlYXRlIjo2MDAwMDAwMDAwMDAsImRlbGV0ZSI6MTIwMDAwMDAwMDAwMCwidXBkYXRlIjo2MDAwMDAwMDAwMDB9LCJzY2hlbWFfdmVyc2lvbiI6IjEifQ==",
          "dependencies": [
            "aws_key_pair.kp_public",
            "module.networking.aws_subnet.private_subnet",
            "module.networking.aws_vpc.vpc",
            "module.production.aws_security_group.private_sg",
            "module.production.aws_security_group.public_sg",
            "tls_private_key.kp"
          ]
        }
      ]
    },
    {
      "module": "module.production",
      "mode": "managed",
      "type": "aws_security_group",
      "name": "private_sg",
      "provider": "provider[\"registry.terraform.io/hashicorp/aws\"]",
      "instances": [
        {
          "schema_version": 1,
          "attributes": {
            "arn": "arn:aws:ec2:us-east-1:211945238188:security-group/sg-0da0c8d2c8ac8fa1b",
            "description": "Managed by Terraform",
            "egress": [
              {
                "cidr_blocks": [
                  "0.0.0.0/0"
                ],
                "description": "",
                "from_port": 0,
                "ipv6_cidr_blocks": [],
                "prefix_list_ids": [],
                "protocol": "-1",
                "security_groups": [],
                "self": false,
                "to_port": 0
              }
            ],
            "id": "sg-0da0c8d2c8ac8fa1b",
            "ingress": [
              {
                "cidr_blocks": [],
                "description": "",
                "from_port": 22,
                "ipv6_cidr_blocks": [],
                "prefix_list_ids": [],
                "protocol": "tcp",
                "security_groups": [
                  "sg-094aa98cba36c5108"
                ],
                "self": false,
                "to_port": 22
              }
            ],
            "name": "private_sg",
            "name_prefix": "",
            "owner_id": "211945238188",
            "revoke_rules_on_delete": false,
            "tags": {
              "Name": "private-ec2-sg"
            },
            "tags_all": {
              "Name": "private-ec2-sg"
            },
            "timeouts": null,
            "vpc_id": "vpc-00702a333cf5c615e"
          },
          "sensitive_attributes": [],
          "identity_schema_version": 0,
          "private": "eyJlMmJmYjczMC1lY2FhLTExZTYtOGY4OC0zNDM2M2JjN2M0YzAiOnsiY3JlYXRlIjo2MDAwMDAwMDAwMDAsImRlbGV0ZSI6OTAwMDAwMDAwMDAwfSwic2NoZW1hX3ZlcnNpb24iOiIxIn0=",
          "dependencies": [
            "module.networking.aws_vpc.vpc",
            "module.production.aws_security_group.public_sg"
          ]
        }
      ]
    },
    {
      "module": "module.production",
      "mode": "managed",
      "type": "aws_security_group",
      "name": "public_sg",
      "provider": "provider[\"registry.terraform.io/hashicorp/aws\"]",
      "instances": [
        {
          "schema_version": 1,
          "attributes": {
            "arn": "arn:aws:ec2:us-east-1:211945238188:security-group/sg-094aa98cba36c5108",
            "description": "Managed by Terraform",
            "egress": [
              {
                "cidr_blocks": [
                  "0.0.0.0/0"
                ],
                "description": "",
                "from_port": 0,
                "ipv6_cidr_blocks": [],
                "prefix_list_ids": [],
                "protocol": "-1",
                "security_groups": [],
                "self": false,
                "to_port": 0
              }
            ],
            "id": "sg-094aa98cba36c5108",
            "ingress": [
              {
                "cidr_blocks": [
                  "0.0.0.0/0"
                ],
                "description": "",
                "from_port": 22,
                "ipv6_cidr_blocks": [],
                "prefix_list_ids": [],
                "protocol": "tcp",
                "security_groups": [],
                "self": false,
                "to_port": 22
              }
            ],
            "name": "public_sg",
            "name_prefix": "",
            "owner_id": "211945238188",
            "revoke_rules_on_delete": false,
            "tags": {
              "Name": "bastion-sg"
            },
            "tags_all": {
              "Name": "bastion-sg"
            },
            "timeouts": null,
            "vpc_id": "vpc-00702a333cf5c615e"
          },
          "sensitive_attributes": [],
          "identity_schema_version": 0,
          "private": "eyJlMmJmYjczMC1lY2FhLTExZTYtOGY4OC0zNDM2M2JjN2M0YzAiOnsiY3JlYXRlIjo2MDAwMDAwMDAwMDAsImRlbGV0ZSI6OTAwMDAwMDAwMDAwfSwic2NoZW1hX3ZlcnNpb24iOiIxIn0=",
          "dependencies": [
            "module.networking.aws_vpc.vpc"
          ]
        }
      ]
    }
  ],
  "check_results": null
}
