{
  "version": 4,
  "terraform_version": "1.15.1",
  "serial": 17,
  "lineage": "1869a061-0e9d-a1a0-d195-d1b4e6aa7b31",
  "outputs": {},
  "resources": [
    {
      "mode": "managed",
      "type": "local_file",
      "name": "kp_private",
      "provider": "provider[\"registry.terraform.io/hashicorp/local\"]",
      "instances": [
        {
          "schema_version": 0,
          "attributes": {
            "content": "-----BEGIN RSA PRIVATE KEY-----\nMIIEpAIBAAKCAQEArsFlUPR2G5RiLdo4CDLcEkkQxC4aGn1g91sAlN7Hw2d2Puo9\nSFDjiyfUQdlMmskDespykgUTq62KlhJkNt2bFUpH3CSajKLv3/V+YL7HN8e2J5ht\nWVIkDB82KmNZ9ctrJvL7osdNLQeXE+6MIIMerHh1rgocI/Lsj6IyX1sfxdqd0Gsa\nUfENCqeUA2xckFEf9Rk0+8btDialRgsKFWcY/84DXVBZVOcXlo100CnUPhy2L9JM\nGpNbcLpGwlvKpzlBGivtHX4kF4ycfUI7zqroLS29whVi7r0lsExaNdju8/9nXaGh\nM0/ziAstpsIHd7He+IcXhtL+905Yr+lxCZFP3QIDAQABAoIBAHUL9Yc2ZVDtnqCl\nczgSkJHyvDcZxcQOS/8Axa/wUw4O4wUasLcZ7n3KzIDaQVO+5QS+SeSBX/5xusvv\nP437+Z5V5TGOlrExhMaVT/MOdLJoohl9H2he+uPfl9DmQF+/wmIRBves04Uge1EP\nSm2QROAxwmgyP0zYrRc7BNAXYX2LZe2NDpHPD1j2KP1yE04lnJV1iDh8YWKTGvAv\nA79nVEv0yZCa/7LEmEf3Z+0IdM81wUPvkyeHs3Bpgt9wDk+Lhtnp7vPk/RSeKMvo\notgC2nQHDEfYd6zCCokgOY64DtxWu4wqhU5USJLlMgtdiKAB471zvST0XnXbBHCy\nAkaGs2ECgYEAwLO6kdMCGmgGnAjz7QFu98X+ncSe2G2PHVowiiKnCWCuYolvC+Or\nJsCFZSuGGxHllMgOuYBoUBJwdXPr3cZIJfnkQ/oqfvPMK03AKIFUOYpST9db+MRs\n+YW9vpSKmThyD3ll7ah+AaShiOl1GwHOwTvrEFatmG7ngFnj3No1/okCgYEA6CiK\nXgKAeyikQhzNu09a15h7v970R9bYVw7sFX+SWE4sa7rc6L8kuQ93w5EQlhI94Zwb\npIYN1+BExWu+cb9173/aDw+OZ1PY/6nSe+ciAQJpxYh76YT/hkhpuMSBROGh3H8f\nKAKaJlXZ+daSzFEPb42kCzJOiya5E3Cweh5DUbUCgYEAqTtuJvCr0Sr4WwIVzlfK\n73iHgmCRq7qTzBBPvpBuJ3Mr0selqUhZH6BFxjKyBIX0HHSRUeHuOhvnfY6/XrXq\n2Mcb64MA3RsYfBM9JZVmtV2/qfSVBeTjW0NT/tIO4j7LFMHlfRDTEHhXkJiOSpiM\nzfDkICYvMEZ9sp++2E8eyhkCgYEAiYFhmxb+RHQo/iOTU0tIMgRV36pNo7NEBiSH\nfqBF7Nm4g8J1D8IPHTFlLUdhvJFnZ5aP5N2lm2RxN0F+1l6hms5uOJdtMBRApgVO\n7yZSRKjKPz58ri6hLkb7n318V3EQ7sm4iXkpFmWpKsqFvlCQxPDu5dbRIKg53KLV\nVC9SjjUCgYAzrtqspEpZPKoeaW4EONXVFp4zBC+8/r5OXkb25s1+0ZrStgqC1Pbw\navCAsi0ZEQ5etfppjnr5lWtbW21G0quYHul2yno26/brundrgpO0y97d5Vj0TiWa\nlMOshNq81ubRq+X6i0qFyo8uALnrMt18/9K1E6Exb18Pcj1fYvRtJA==\n-----END RSA PRIVATE KEY-----\n",
            "content_base64": null,
            "content_base64sha256": "Kb0X1Q9tONaMQfWMt9CLOwsKwqEEaKX4ysJwcyCv5xI=",
            "content_base64sha512": "/Uj04kD+I8Auybuy35kmZWQ97FrcTfvdSsFtvSJFx00HkXT/w+HCXoS7SA2Gu1iW4BAJzcgTTir6kA1R6h3acw==",
            "content_md5": "ce5e256a154c70d06580671214c87ca3",
            "content_sha1": "3f367985afe61bde95844c3760fc70cfe949c54a",
            "content_sha256": "29bd17d50f6d38d68c41f58cb7d08b3b0b0ac2a10468a5f8cac2707320afe712",
            "content_sha512": "fd48f4e240fe23c02ec9bbb2df992665643dec5adc4dfbdd4ac16dbd2245c74d079174ffc3e1c25e84bb480d86bb5896e01009cdc8134e2afa900d51ea1dda73",
            "directory_permission": "0777",
            "file_permission": "0600",
            "filename": "./kp.pem",
            "id": "3f367985afe61bde95844c3760fc70cfe949c54a",
            "sensitive_content": null,
            "source": null
          },
          "sensitive_attributes": [
            [
              {
                "type": "get_attr",
                "value": "content"
              }
            ],
            [
              {
                "type": "get_attr",
                "value": "sensitive_content"
              }
            ]
          ],
          "identity_schema_version": 0,
          "dependencies": [
            "tls_private_key.kp"
          ]
        }
      ]
    },
    {
      "mode": "managed",
      "type": "tls_private_key",
      "name": "kp",
      "provider": "provider[\"registry.terraform.io/hashicorp/tls\"]",
      "instances": [
        {
          "schema_version": 1,
          "attributes": {
            "algorithm": "RSA",
            "ecdsa_curve": "P224",
            "id": "9641f3ddaa13cb1668121350b8ec66dfa8384bdf",
            "private_key_openssh": "-----BEGIN OPENSSH PRIVATE KEY-----\nb3BlbnNzaC1rZXktdjEAAAAABG5vbmUAAAAEbm9uZQAAAAAAAAABAAABFwAAAAdz\nc2gtcnNhAAAAAwEAAQAAAQEArsFlUPR2G5RiLdo4CDLcEkkQxC4aGn1g91sAlN7H\nw2d2Puo9SFDjiyfUQdlMmskDespykgUTq62KlhJkNt2bFUpH3CSajKLv3/V+YL7H\nN8e2J5htWVIkDB82KmNZ9ctrJvL7osdNLQeXE+6MIIMerHh1rgocI/Lsj6IyX1sf\nxdqd0GsaUfENCqeUA2xckFEf9Rk0+8btDialRgsKFWcY/84DXVBZVOcXlo100CnU\nPhy2L9JMGpNbcLpGwlvKpzlBGivtHX4kF4ycfUI7zqroLS29whVi7r0lsExaNdju\n8/9nXaGhM0/ziAstpsIHd7He+IcXhtL+905Yr+lxCZFP3QAAA7gRuTybEbk8mwAA\nAAdzc2gtcnNhAAABAQCuwWVQ9HYblGIt2jgIMtwSSRDELhoafWD3WwCU3sfDZ3Y+\n6j1IUOOLJ9RB2UyayQN6ynKSBROrrYqWEmQ23ZsVSkfcJJqMou/f9X5gvsc3x7Yn\nmG1ZUiQMHzYqY1n1y2sm8vuix00tB5cT7owggx6seHWuChwj8uyPojJfWx/F2p3Q\naxpR8Q0Kp5QDbFyQUR/1GTT7xu0OJqVGCwoVZxj/zgNdUFlU5xeWjXTQKdQ+HLYv\n0kwak1twukbCW8qnOUEaK+0dfiQXjJx9QjvOqugtLb3CFWLuvSWwTFo12O7z/2dd\noaEzT/OICy2mwgd3sd74hxeG0v73Tliv6XEJkU/dAAAAAwEAAQAAAQB1C/WHNmVQ\n7Z6gpXM4EpCR8rw3GcXEDkv/AMWv8FMODuMFGrC3Ge59ysyA2kFTvuUEvknkgV/+\ncbrL7z+N+/meVeUxjpaxMYTGlU/zDnSyaKIZfR9oXvrj35fQ5kBfv8JiEQb3rNOF\nIHtRD0ptkETgMcJoMj9M2K0XOwTQF2F9i2XtjQ6Rzw9Y9ij9chNOJZyVdYg4fGFi\nkxrwLwO/Z1RL9MmQmv+yxJhH92ftCHTPNcFD75Mnh7NwaYLfcA5Pi4bZ6e7z5P0U\nnijL6KLYAtp0BwxH2HeswgqJIDmOuA7cVruMKoVOVEiS5TILXYigAeO9c70k9F51\n2wRwsgJGhrNhAAAAgDOu2qykSlk8qh5pbgQ41dUWnjMEL7z+vk5eRvbmzX7RmtK2\nCoLU9vBq8ICyLRkRDl61+mmOevmVa1tbbUbSq5ge6XbKejbr9uu6d2uCk7TL3t3l\nWPROJZqUw6yE2rzW5tGr5fqLSoXKjy4Auesy3Xz/0rUToTFvXw9yPV9i9G0kAAAA\ngQDAs7qR0wIaaAacCPPtAW73xf6dxJ7YbY8dWjCKIqcJYK5iiW8L46smwIVlK4Yb\nEeWUyA65gGhQEnB1c+vdxkgl+eRD+ip+88wrTcAogVQ5ilJP11v4xGz5hb2+lIqZ\nOHIPeWXtqH4BpKGI6XUbAc7BO+sQVq2YbueAWePc2jX+iQAAAIEA6CiKXgKAeyik\nQhzNu09a15h7v970R9bYVw7sFX+SWE4sa7rc6L8kuQ93w5EQlhI94ZwbpIYN1+BE\nxWu+cb9173/aDw+OZ1PY/6nSe+ciAQJpxYh76YT/hkhpuMSBROGh3H8fKAKaJlXZ\n+daSzFEPb42kCzJOiya5E3Cweh5DUbUAAAAAAQID\n-----END OPENSSH PRIVATE KEY-----\n",
            "private_key_pem": "-----BEGIN RSA PRIVATE KEY-----\nMIIEpAIBAAKCAQEArsFlUPR2G5RiLdo4CDLcEkkQxC4aGn1g91sAlN7Hw2d2Puo9\nSFDjiyfUQdlMmskDespykgUTq62KlhJkNt2bFUpH3CSajKLv3/V+YL7HN8e2J5ht\nWVIkDB82KmNZ9ctrJvL7osdNLQeXE+6MIIMerHh1rgocI/Lsj6IyX1sfxdqd0Gsa\nUfENCqeUA2xckFEf9Rk0+8btDialRgsKFWcY/84DXVBZVOcXlo100CnUPhy2L9JM\nGpNbcLpGwlvKpzlBGivtHX4kF4ycfUI7zqroLS29whVi7r0lsExaNdju8/9nXaGh\nM0/ziAstpsIHd7He+IcXhtL+905Yr+lxCZFP3QIDAQABAoIBAHUL9Yc2ZVDtnqCl\nczgSkJHyvDcZxcQOS/8Axa/wUw4O4wUasLcZ7n3KzIDaQVO+5QS+SeSBX/5xusvv\nP437+Z5V5TGOlrExhMaVT/MOdLJoohl9H2he+uPfl9DmQF+/wmIRBves04Uge1EP\nSm2QROAxwmgyP0zYrRc7BNAXYX2LZe2NDpHPD1j2KP1yE04lnJV1iDh8YWKTGvAv\nA79nVEv0yZCa/7LEmEf3Z+0IdM81wUPvkyeHs3Bpgt9wDk+Lhtnp7vPk/RSeKMvo\notgC2nQHDEfYd6zCCokgOY64DtxWu4wqhU5USJLlMgtdiKAB471zvST0XnXbBHCy\nAkaGs2ECgYEAwLO6kdMCGmgGnAjz7QFu98X+ncSe2G2PHVowiiKnCWCuYolvC+Or\nJsCFZSuGGxHllMgOuYBoUBJwdXPr3cZIJfnkQ/oqfvPMK03AKIFUOYpST9db+MRs\n+YW9vpSKmThyD3ll7ah+AaShiOl1GwHOwTvrEFatmG7ngFnj3No1/okCgYEA6CiK\nXgKAeyikQhzNu09a15h7v970R9bYVw7sFX+SWE4sa7rc6L8kuQ93w5EQlhI94Zwb\npIYN1+BExWu+cb9173/aDw+OZ1PY/6nSe+ciAQJpxYh76YT/hkhpuMSBROGh3H8f\nKAKaJlXZ+daSzFEPb42kCzJOiya5E3Cweh5DUbUCgYEAqTtuJvCr0Sr4WwIVzlfK\n73iHgmCRq7qTzBBPvpBuJ3Mr0selqUhZH6BFxjKyBIX0HHSRUeHuOhvnfY6/XrXq\n2Mcb64MA3RsYfBM9JZVmtV2/qfSVBeTjW0NT/tIO4j7LFMHlfRDTEHhXkJiOSpiM\nzfDkICYvMEZ9sp++2E8eyhkCgYEAiYFhmxb+RHQo/iOTU0tIMgRV36pNo7NEBiSH\nfqBF7Nm4g8J1D8IPHTFlLUdhvJFnZ5aP5N2lm2RxN0F+1l6hms5uOJdtMBRApgVO\n7yZSRKjKPz58ri6hLkb7n318V3EQ7sm4iXkpFmWpKsqFvlCQxPDu5dbRIKg53KLV\nVC9SjjUCgYAzrtqspEpZPKoeaW4EONXVFp4zBC+8/r5OXkb25s1+0ZrStgqC1Pbw\navCAsi0ZEQ5etfppjnr5lWtbW21G0quYHul2yno26/brundrgpO0y97d5Vj0TiWa\nlMOshNq81ubRq+X6i0qFyo8uALnrMt18/9K1E6Exb18Pcj1fYvRtJA==\n-----END RSA PRIVATE KEY-----\n",
            "private_key_pem_pkcs8": "-----BEGIN PRIVATE KEY-----\nMIIEvgIBADANBgkqhkiG9w0BAQEFAASCBKgwggSkAgEAAoIBAQCuwWVQ9HYblGIt\n2jgIMtwSSRDELhoafWD3WwCU3sfDZ3Y+6j1IUOOLJ9RB2UyayQN6ynKSBROrrYqW\nEmQ23ZsVSkfcJJqMou/f9X5gvsc3x7YnmG1ZUiQMHzYqY1n1y2sm8vuix00tB5cT\n7owggx6seHWuChwj8uyPojJfWx/F2p3QaxpR8Q0Kp5QDbFyQUR/1GTT7xu0OJqVG\nCwoVZxj/zgNdUFlU5xeWjXTQKdQ+HLYv0kwak1twukbCW8qnOUEaK+0dfiQXjJx9\nQjvOqugtLb3CFWLuvSWwTFo12O7z/2ddoaEzT/OICy2mwgd3sd74hxeG0v73Tliv\n6XEJkU/dAgMBAAECggEAdQv1hzZlUO2eoKVzOBKQkfK8NxnFxA5L/wDFr/BTDg7j\nBRqwtxnufcrMgNpBU77lBL5J5IFf/nG6y+8/jfv5nlXlMY6WsTGExpVP8w50smii\nGX0faF7649+X0OZAX7/CYhEG96zThSB7UQ9KbZBE4DHCaDI/TNitFzsE0BdhfYtl\n7Y0Okc8PWPYo/XITTiWclXWIOHxhYpMa8C8Dv2dUS/TJkJr/ssSYR/dn7Qh0zzXB\nQ++TJ4ezcGmC33AOT4uG2enu8+T9FJ4oy+ii2ALadAcMR9h3rMIKiSA5jrgO3Fa7\njCqFTlRIkuUyC12IoAHjvXO9JPReddsEcLICRoazYQKBgQDAs7qR0wIaaAacCPPt\nAW73xf6dxJ7YbY8dWjCKIqcJYK5iiW8L46smwIVlK4YbEeWUyA65gGhQEnB1c+vd\nxkgl+eRD+ip+88wrTcAogVQ5ilJP11v4xGz5hb2+lIqZOHIPeWXtqH4BpKGI6XUb\nAc7BO+sQVq2YbueAWePc2jX+iQKBgQDoKIpeAoB7KKRCHM27T1rXmHu/3vRH1thX\nDuwVf5JYTixrutzovyS5D3fDkRCWEj3hnBukhg3X4ETFa75xv3Xvf9oPD45nU9j/\nqdJ75yIBAmnFiHvphP+GSGm4xIFE4aHcfx8oApomVdn51pLMUQ9vjaQLMk6LJrkT\ncLB6HkNRtQKBgQCpO24m8KvRKvhbAhXOV8rveIeCYJGrupPMEE++kG4ncyvSx6Wp\nSFkfoEXGMrIEhfQcdJFR4e46G+d9jr9eterYxxvrgwDdGxh8Ez0llWa1Xb+p9JUF\n5ONbQ1P+0g7iPssUweV9ENMQeFeQmI5KmIzN8OQgJi8wRn2yn77YTx7KGQKBgQCJ\ngWGbFv5EdCj+I5NTS0gyBFXfqk2js0QGJId+oEXs2biDwnUPwg8dMWUtR2G8kWdn\nlo/k3aWbZHE3QX7WXqGazm44l20wFECmBU7vJlJEqMo/PnyuLqEuRvuffXxXcRDu\nybiJeSkWZakqyoW+UJDE8O7l1tEgqDncotVUL1KONQKBgDOu2qykSlk8qh5pbgQ4\n1dUWnjMEL7z+vk5eRvbmzX7RmtK2CoLU9vBq8ICyLRkRDl61+mmOevmVa1tbbUbS\nq5ge6XbKejbr9uu6d2uCk7TL3t3lWPROJZqUw6yE2rzW5tGr5fqLSoXKjy4Auesy\n3Xz/0rUToTFvXw9yPV9i9G0k\n-----END PRIVATE KEY-----\n",
            "public_key_fingerprint_md5": "ea:83:3a:ab:0f:14:04:d2:10:34:53:47:21:3d:7f:76",
            "public_key_fingerprint_sha256": "SHA256:KI06lnYsmfdyME/aTj6Jkz9F+Nq4FQBkn0ocXrexwXw",
            "public_key_openssh": "ssh-rsa AAAAB3NzaC1yc2EAAAADAQABAAABAQCuwWVQ9HYblGIt2jgIMtwSSRDELhoafWD3WwCU3sfDZ3Y+6j1IUOOLJ9RB2UyayQN6ynKSBROrrYqWEmQ23ZsVSkfcJJqMou/f9X5gvsc3x7YnmG1ZUiQMHzYqY1n1y2sm8vuix00tB5cT7owggx6seHWuChwj8uyPojJfWx/F2p3QaxpR8Q0Kp5QDbFyQUR/1GTT7xu0OJqVGCwoVZxj/zgNdUFlU5xeWjXTQKdQ+HLYv0kwak1twukbCW8qnOUEaK+0dfiQXjJx9QjvOqugtLb3CFWLuvSWwTFo12O7z/2ddoaEzT/OICy2mwgd3sd74hxeG0v73Tliv6XEJkU/d\n",
            "public_key_pem": "-----BEGIN PUBLIC KEY-----\nMIIBIjANBgkqhkiG9w0BAQEFAAOCAQ8AMIIBCgKCAQEArsFlUPR2G5RiLdo4CDLc\nEkkQxC4aGn1g91sAlN7Hw2d2Puo9SFDjiyfUQdlMmskDespykgUTq62KlhJkNt2b\nFUpH3CSajKLv3/V+YL7HN8e2J5htWVIkDB82KmNZ9ctrJvL7osdNLQeXE+6MIIMe\nrHh1rgocI/Lsj6IyX1sfxdqd0GsaUfENCqeUA2xckFEf9Rk0+8btDialRgsKFWcY\n/84DXVBZVOcXlo100CnUPhy2L9JMGpNbcLpGwlvKpzlBGivtHX4kF4ycfUI7zqro\nLS29whVi7r0lsExaNdju8/9nXaGhM0/ziAstpsIHd7He+IcXhtL+905Yr+lxCZFP\n3QIDAQAB\n-----END PUBLIC KEY-----\n",
            "rsa_bits": 2048
          },
          "sensitive_attributes": [
            [
              {
                "type": "get_attr",
                "value": "private_key_openssh"
              }
            ],
            [
              {
                "type": "get_attr",
                "value": "private_key_pem"
              }
            ],
            [
              {
                "type": "get_attr",
                "value": "private_key_pem_pkcs8"
              }
            ]
          ],
          "identity_schema_version": 0
        }
      ]
    },
    {
      "module": "module.networking",
      "mode": "managed",
      "type": "aws_eip",
      "name": "eip",
      "provider": "provider[\"registry.terraform.io/hashicorp/aws\"]",
      "instances": [
        {
          "schema_version": 0,
          "attributes": {
            "address": null,
            "allocation_id": "eipalloc-0476b92c43bffc946",
            "associate_with_private_ip": null,
            "association_id": "",
            "carrier_ip": "",
            "customer_owned_ip": "",
            "customer_owned_ipv4_pool": "",
            "domain": "vpc",
            "id": "eipalloc-0476b92c43bffc946",
            "instance": "",
            "network_border_group": "us-east-1",
            "network_interface": "",
            "private_dns": null,
            "private_ip": "",
            "public_dns": "ec2-52-70-189-245.compute-1.amazonaws.com",
            "public_ip": "52.70.189.245",
            "public_ipv4_pool": "amazon",
            "tags": {
              "Name": "nat-eip"
            },
            "tags_all": {
              "Name": "nat-eip"
            },
            "timeouts": null,
            "vpc": true
          },
          "sensitive_attributes": [],
          "identity_schema_version": 0,
          "private": "eyJlMmJmYjczMC1lY2FhLTExZTYtOGY4OC0zNDM2M2JjN2M0YzAiOnsiZGVsZXRlIjoxODAwMDAwMDAwMDAsInJlYWQiOjkwMDAwMDAwMDAwMCwidXBkYXRlIjozMDAwMDAwMDAwMDB9fQ=="
        }
      ]
    },
    {
      "module": "module.networking",
      "mode": "managed",
      "type": "aws_internet_gateway",
      "name": "igw",
      "provider": "provider[\"registry.terraform.io/hashicorp/aws\"]",
      "instances": [
        {
          "schema_version": 0,
          "attributes": {
            "arn": "arn:aws:ec2:us-east-1:211945238188:internet-gateway/igw-03c557102ee9bf495",
            "id": "igw-03c557102ee9bf495",
            "owner_id": "211945238188",
            "tags": {
              "Name": "main-igw"
            },
            "tags_all": {
              "Name": "main-igw"
            },
            "timeouts": null,
            "vpc_id": "vpc-08e58177a19a12ff2"
          },
          "sensitive_attributes": [],
          "identity_schema_version": 0,
          "private": "eyJlMmJmYjczMC1lY2FhLTExZTYtOGY4OC0zNDM2M2JjN2M0YzAiOnsiY3JlYXRlIjoxMjAwMDAwMDAwMDAwLCJkZWxldGUiOjEyMDAwMDAwMDAwMDAsInVwZGF0ZSI6MTIwMDAwMDAwMDAwMH19",
          "dependencies": [
            "module.networking.aws_vpc.vpc"
          ]
        }
      ]
    },
    {
      "module": "module.networking",
      "mode": "managed",
      "type": "aws_nat_gateway",
      "name": "ngw",
      "provider": "provider[\"registry.terraform.io/hashicorp/aws\"]",
      "instances": [
        {
          "schema_version": 0,
          "attributes": {
            "allocation_id": "eipalloc-0476b92c43bffc946",
            "association_id": "eipassoc-09d63f66d1909921d",
            "connectivity_type": "public",
            "id": "nat-0d3b8a58a30e4392c",
            "network_interface_id": "eni-075044c9c7e66784b",
            "private_ip": "10.0.1.92",
            "public_ip": "52.70.189.245",
            "secondary_allocation_ids": null,
            "secondary_private_ip_address_count": 0,
            "secondary_private_ip_addresses": [],
            "subnet_id": "subnet-030af7d386902e59d",
            "tags": null,
            "tags_all": {},
            "timeouts": null
          },
          "sensitive_attributes": [],
          "identity_schema_version": 0,
          "private": "eyJlMmJmYjczMC1lY2FhLTExZTYtOGY4OC0zNDM2M2JjN2M0YzAiOnsiY3JlYXRlIjo2MDAwMDAwMDAwMDAsImRlbGV0ZSI6MTgwMDAwMDAwMDAwMCwidXBkYXRlIjo2MDAwMDAwMDAwMDB9fQ==",
          "dependencies": [
            "module.networking.aws_eip.eip",
            "module.networking.aws_subnet.public_subnet",
            "module.networking.aws_vpc.vpc"
          ]
        }
      ]
    },
    {
      "module": "module.networking",
      "mode": "managed",
      "type": "aws_route_table",
      "name": "private_rt",
      "provider": "provider[\"registry.terraform.io/hashicorp/aws\"]",
      "instances": [
        {
          "schema_version": 0,
          "attributes": {
            "arn": "arn:aws:ec2:us-east-1:211945238188:route-table/rtb-0dedda90ffb03a423",
            "id": "rtb-0dedda90ffb03a423",
            "owner_id": "211945238188",
            "propagating_vgws": [],
            "route": [
              {
                "carrier_gateway_id": "",
                "cidr_block": "0.0.0.0/0",
                "core_network_arn": "",
                "destination_prefix_list_id": "",
                "egress_only_gateway_id": "",
                "gateway_id": "",
                "ipv6_cidr_block": "",
                "local_gateway_id": "",
                "nat_gateway_id": "nat-0d3b8a58a30e4392c",
                "network_interface_id": "",
                "transit_gateway_id": "",
                "vpc_endpoint_id": "",
                "vpc_peering_connection_id": ""
              }
            ],
            "tags": {
              "Name": "private-rt"
            },
            "tags_all": {
              "Name": "private-rt"
            },
            "timeouts": null,
            "vpc_id": "vpc-08e58177a19a12ff2"
          },
          "sensitive_attributes": [],
          "identity_schema_version": 0,
          "private": "eyJlMmJmYjczMC1lY2FhLTExZTYtOGY4OC0zNDM2M2JjN2M0YzAiOnsiY3JlYXRlIjozMDAwMDAwMDAwMDAsImRlbGV0ZSI6MzAwMDAwMDAwMDAwLCJ1cGRhdGUiOjEyMDAwMDAwMDAwMH19",
          "dependencies": [
            "module.networking.aws_eip.eip",
            "module.networking.aws_nat_gateway.ngw",
            "module.networking.aws_subnet.public_subnet",
            "module.networking.aws_vpc.vpc"
          ]
        }
      ]
    },
    {
      "module": "module.networking",
      "mode": "managed",
      "type": "aws_route_table",
      "name": "public_rt",
      "provider": "provider[\"registry.terraform.io/hashicorp/aws\"]",
      "instances": [
        {
          "schema_version": 0,
          "attributes": {
            "arn": "arn:aws:ec2:us-east-1:211945238188:route-table/rtb-018eb2e815f1c94f6",
            "id": "rtb-018eb2e815f1c94f6",
            "owner_id": "211945238188",
            "propagating_vgws": [],
            "route": [
              {
                "carrier_gateway_id": "",
                "cidr_block": "0.0.0.0/0",
                "core_network_arn": "",
                "destination_prefix_list_id": "",
                "egress_only_gateway_id": "",
                "gateway_id": "igw-03c557102ee9bf495",
                "ipv6_cidr_block": "",
                "local_gateway_id": "",
                "nat_gateway_id": "",
                "network_interface_id": "",
                "transit_gateway_id": "",
                "vpc_endpoint_id": "",
                "vpc_peering_connection_id": ""
              }
            ],
            "tags": {
              "Name": "public-rt"
            },
            "tags_all": {
              "Name": "public-rt"
            },
            "timeouts": null,
            "vpc_id": "vpc-08e58177a19a12ff2"
          },
          "sensitive_attributes": [],
          "identity_schema_version": 0,
          "private": "eyJlMmJmYjczMC1lY2FhLTExZTYtOGY4OC0zNDM2M2JjN2M0YzAiOnsiY3JlYXRlIjozMDAwMDAwMDAwMDAsImRlbGV0ZSI6MzAwMDAwMDAwMDAwLCJ1cGRhdGUiOjEyMDAwMDAwMDAwMH19",
          "dependencies": [
            "module.networking.aws_internet_gateway.igw",
            "module.networking.aws_vpc.vpc"
          ]
        }
      ]
    },
    {
      "module": "module.networking",
      "mode": "managed",
      "type": "aws_route_table_association",
      "name": "private_rta",
      "provider": "provider[\"registry.terraform.io/hashicorp/aws\"]",
      "instances": [
        {
          "schema_version": 0,
          "attributes": {
            "gateway_id": "",
            "id": "rtbassoc-0d5cd6c6f765c65c8",
            "route_table_id": "rtb-0dedda90ffb03a423",
            "subnet_id": "subnet-0b5ac6de10a65e31e",
            "timeouts": null
          },
          "sensitive_attributes": [],
          "identity_schema_version": 0,
          "private": "eyJlMmJmYjczMC1lY2FhLTExZTYtOGY4OC0zNDM2M2JjN2M0YzAiOnsiY3JlYXRlIjozMDAwMDAwMDAwMDAsImRlbGV0ZSI6MzAwMDAwMDAwMDAwLCJ1cGRhdGUiOjEyMDAwMDAwMDAwMH19",
          "dependencies": [
            "module.networking.aws_eip.eip",
            "module.networking.aws_nat_gateway.ngw",
            "module.networking.aws_route_table.private_rt",
            "module.networking.aws_subnet.private_subnet",
            "module.networking.aws_subnet.public_subnet",
            "module.networking.aws_vpc.vpc"
          ]
        }
      ]
    },
    {
      "module": "module.networking",
      "mode": "managed",
      "type": "aws_route_table_association",
      "name": "public_rta",
      "provider": "provider[\"registry.terraform.io/hashicorp/aws\"]",
      "instances": [
        {
          "schema_version": 0,
          "attributes": {
            "gateway_id": "",
            "id": "rtbassoc-0a80d7a2d4a8d0de0",
            "route_table_id": "rtb-018eb2e815f1c94f6",
            "subnet_id": "subnet-030af7d386902e59d",
            "timeouts": null
          },
          "sensitive_attributes": [],
          "identity_schema_version": 0,
          "private": "eyJlMmJmYjczMC1lY2FhLTExZTYtOGY4OC0zNDM2M2JjN2M0YzAiOnsiY3JlYXRlIjozMDAwMDAwMDAwMDAsImRlbGV0ZSI6MzAwMDAwMDAwMDAwLCJ1cGRhdGUiOjEyMDAwMDAwMDAwMH19",
          "dependencies": [
            "module.networking.aws_internet_gateway.igw",
            "module.networking.aws_route_table.public_rt",
            "module.networking.aws_subnet.public_subnet",
            "module.networking.aws_vpc.vpc"
          ]
        }
      ]
    },
    {
      "module": "module.networking",
      "mode": "managed",
      "type": "aws_subnet",
      "name": "private_subnet",
      "provider": "provider[\"registry.terraform.io/hashicorp/aws\"]",
      "instances": [
        {
          "schema_version": 1,
          "attributes": {
            "arn": "arn:aws:ec2:us-east-1:211945238188:subnet/subnet-0b5ac6de10a65e31e",
            "assign_ipv6_address_on_creation": false,
            "availability_zone": "us-east-1b",
            "availability_zone_id": "use1-az2",
            "cidr_block": "10.0.2.0/24",
            "customer_owned_ipv4_pool": "",
            "enable_dns64": false,
            "enable_lni_at_device_index": 0,
            "enable_resource_name_dns_a_record_on_launch": false,
            "enable_resource_name_dns_aaaa_record_on_launch": false,
            "id": "subnet-0b5ac6de10a65e31e",
            "ipv6_cidr_block": "",
            "ipv6_cidr_block_association_id": "",
            "ipv6_native": false,
            "map_customer_owned_ip_on_launch": false,
            "map_public_ip_on_launch": false,
            "outpost_arn": "",
            "owner_id": "211945238188",
            "private_dns_hostname_type_on_launch": "ip-name",
            "tags": {
              "Name": "private-subnet"
            },
            "tags_all": {
              "Name": "private-subnet"
            },
            "timeouts": null,
            "vpc_id": "vpc-08e58177a19a12ff2"
          },
          "sensitive_attributes": [],
          "identity_schema_version": 0,
          "private": "eyJlMmJmYjczMC1lY2FhLTExZTYtOGY4OC0zNDM2M2JjN2M0YzAiOnsiY3JlYXRlIjo2MDAwMDAwMDAwMDAsImRlbGV0ZSI6MTIwMDAwMDAwMDAwMH0sInNjaGVtYV92ZXJzaW9uIjoiMSJ9",
          "dependencies": [
            "module.networking.aws_vpc.vpc"
          ]
        }
      ]
    },
    {
      "module": "module.networking",
      "mode": "managed",
      "type": "aws_subnet",
      "name": "public_subnet",
      "provider": "provider[\"registry.terraform.io/hashicorp/aws\"]",
      "instances": [
        {
          "schema_version": 1,
          "attributes": {
            "arn": "arn:aws:ec2:us-east-1:211945238188:subnet/subnet-030af7d386902e59d",
            "assign_ipv6_address_on_creation": false,
            "availability_zone": "us-east-1b",
            "availability_zone_id": "use1-az2",
            "cidr_block": "10.0.1.0/24",
            "customer_owned_ipv4_pool": "",
            "enable_dns64": false,
            "enable_lni_at_device_index": 0,
            "enable_resource_name_dns_a_record_on_launch": false,
            "enable_resource_name_dns_aaaa_record_on_launch": false,
            "id": "subnet-030af7d386902e59d",
            "ipv6_cidr_block": "",
            "ipv6_cidr_block_association_id": "",
            "ipv6_native": false,
            "map_customer_owned_ip_on_launch": false,
            "map_public_ip_on_launch": true,
            "outpost_arn": "",
            "owner_id": "211945238188",
            "private_dns_hostname_type_on_launch": "ip-name",
            "tags": {
              "Name": "public-subnet"
            },
            "tags_all": {
              "Name": "public-subnet"
            },
            "timeouts": null,
            "vpc_id": "vpc-08e58177a19a12ff2"
          },
          "sensitive_attributes": [],
          "identity_schema_version": 0,
          "private": "eyJlMmJmYjczMC1lY2FhLTExZTYtOGY4OC0zNDM2M2JjN2M0YzAiOnsiY3JlYXRlIjo2MDAwMDAwMDAwMDAsImRlbGV0ZSI6MTIwMDAwMDAwMDAwMH0sInNjaGVtYV92ZXJzaW9uIjoiMSJ9",
          "dependencies": [
            "module.networking.aws_vpc.vpc"
          ]
        }
      ]
    },
    {
      "module": "module.networking",
      "mode": "managed",
      "type": "aws_vpc",
      "name": "vpc",
      "provider": "provider[\"registry.terraform.io/hashicorp/aws\"]",
      "instances": [
        {
          "schema_version": 1,
          "attributes": {
            "arn": "arn:aws:ec2:us-east-1:211945238188:vpc/vpc-08e58177a19a12ff2",
            "assign_generated_ipv6_cidr_block": false,
            "cidr_block": "10.0.0.0/16",
            "default_network_acl_id": "acl-036829a0f05d13bc4",
            "default_route_table_id": "rtb-0a5d45966febdeb36",
            "default_security_group_id": "sg-01838854605d701ea",
            "dhcp_options_id": "dopt-01c65b9cb0d88c459",
            "enable_dns_hostnames": true,
            "enable_dns_support": true,
            "enable_network_address_usage_metrics": false,
            "id": "vpc-08e58177a19a12ff2",
            "instance_tenancy": "default",
            "ipv4_ipam_pool_id": null,
            "ipv4_netmask_length": null,
            "ipv6_association_id": "",
            "ipv6_cidr_block": "",
            "ipv6_cidr_block_network_border_group": "",
            "ipv6_ipam_pool_id": "",
            "ipv6_netmask_length": 0,
            "main_route_table_id": "rtb-0a5d45966febdeb36",
            "owner_id": "211945238188",
            "tags": {
              "Name": "main-vpc"
            },
            "tags_all": {
              "Name": "main-vpc"
            }
          },
          "sensitive_attributes": [],
          "identity_schema_version": 0,
          "private": "eyJzY2hlbWFfdmVyc2lvbiI6IjEifQ=="
        }
      ]
    },
    {
      "module": "module.production",
      "mode": "managed",
      "type": "aws_security_group",
      "name": "private_sg",
      "provider": "provider[\"registry.terraform.io/hashicorp/aws\"]",
      "instances": [
        {
          "schema_version": 1,
          "attributes": {
            "arn": "arn:aws:ec2:us-east-1:211945238188:security-group/sg-0dd57f4340f7fbd2c",
            "description": "Managed by Terraform",
            "egress": [
              {
                "cidr_blocks": [
                  "0.0.0.0/0"
                ],
                "description": "",
                "from_port": 0,
                "ipv6_cidr_blocks": [],
                "prefix_list_ids": [],
                "protocol": "-1",
                "security_groups": [],
                "self": false,
                "to_port": 0
              }
            ],
            "id": "sg-0dd57f4340f7fbd2c",
            "ingress": [
              {
                "cidr_blocks": [],
                "description": "",
                "from_port": 22,
                "ipv6_cidr_blocks": [],
                "prefix_list_ids": [],
                "protocol": "tcp",
                "security_groups": [
                  "sg-058b3d66870b4c739"
                ],
                "self": false,
                "to_port": 22
              }
            ],
            "name": "private_sg",
            "name_prefix": "",
            "owner_id": "211945238188",
            "revoke_rules_on_delete": false,
            "tags": {
              "Name": "private-ec2-sg"
            },
            "tags_all": {
              "Name": "private-ec2-sg"
            },
            "timeouts": null,
            "vpc_id": "vpc-08e58177a19a12ff2"
          },
          "sensitive_attributes": [],
          "identity_schema_version": 0,
          "private": "eyJlMmJmYjczMC1lY2FhLTExZTYtOGY4OC0zNDM2M2JjN2M0YzAiOnsiY3JlYXRlIjo2MDAwMDAwMDAwMDAsImRlbGV0ZSI6OTAwMDAwMDAwMDAwfSwic2NoZW1hX3ZlcnNpb24iOiIxIn0=",
          "dependencies": [
            "module.networking.aws_vpc.vpc",
            "module.production.aws_security_group.public_sg"
          ]
        }
      ]
    },
    {
      "module": "module.production",
      "mode": "managed",
      "type": "aws_security_group",
      "name": "public_sg",
      "provider": "provider[\"registry.terraform.io/hashicorp/aws\"]",
      "instances": [
        {
          "schema_version": 1,
          "attributes": {
            "arn": "arn:aws:ec2:us-east-1:211945238188:security-group/sg-058b3d66870b4c739",
            "description": "Managed by Terraform",
            "egress": [
              {
                "cidr_blocks": [
                  "0.0.0.0/0"
                ],
                "description": "",
                "from_port": 0,
                "ipv6_cidr_blocks": [],
                "prefix_list_ids": [],
                "protocol": "-1",
                "security_groups": [],
                "self": false,
                "to_port": 0
              }
            ],
            "id": "sg-058b3d66870b4c739",
            "ingress": [
              {
                "cidr_blocks": [
                  "0.0.0.0/0"
                ],
                "description": "",
                "from_port": 22,
                "ipv6_cidr_blocks": [],
                "prefix_list_ids": [],
                "protocol": "tcp",
                "security_groups": [],
                "self": false,
                "to_port": 22
              }
            ],
            "name": "public_sg",
            "name_prefix": "",
            "owner_id": "211945238188",
            "revoke_rules_on_delete": false,
            "tags": {
              "Name": "bastion-sg"
            },
            "tags_all": {
              "Name": "bastion-sg"
            },
            "timeouts": null,
            "vpc_id": "vpc-08e58177a19a12ff2"
          },
          "sensitive_attributes": [],
          "identity_schema_version": 0,
          "private": "eyJlMmJmYjczMC1lY2FhLTExZTYtOGY4OC0zNDM2M2JjN2M0YzAiOnsiY3JlYXRlIjo2MDAwMDAwMDAwMDAsImRlbGV0ZSI6OTAwMDAwMDAwMDAwfSwic2NoZW1hX3ZlcnNpb24iOiIxIn0=",
          "dependencies": [
            "module.networking.aws_vpc.vpc"
          ]
        }
      ]
    }
  ],
  "check_results": null
}
