{
  "version": 4,
  "terraform_version": "1.15.1",
  "serial": 54,
  "lineage": "f971b680-caae-4d0a-8c8f-7b2843f5474a",
  "outputs": {},
  "resources": [
    {
      "mode": "managed",
      "type": "aws_key_pair",
      "name": "kp_public",
      "provider": "provider[\"registry.terraform.io/hashicorp/aws\"]",
      "instances": [
        {
          "schema_version": 1,
          "attributes": {
            "arn": "arn:aws:ec2:us-east-1:211945238188:key-pair/terraform-kp",
            "fingerprint": "ec:2a:96:f0:5d:d9:8b:63:8c:fa:db:d9:0b:55:c8:29",
            "id": "terraform-kp",
            "key_name": "terraform-kp",
            "key_name_prefix": "",
            "key_pair_id": "key-0599825ca79f7c0c6",
            "key_type": "rsa",
            "public_key": "ssh-rsa AAAAB3NzaC1yc2EAAAADAQABAAABAQC0LyJ0lck1VQjw3kS/OOb+Hmm5udfWFfnZ4aDQGgieStmMORAW+gD/+Sg2aJ5BT0FOcA402bwud9A8yLaAMo539Hd1uHpGYJgX19fe5hE5D3aZaTiNwK3NeqBIge0ihpvN51G6Ygx8Mk/zNTH41XcLuXDwuXu9vwMFeq3VnZmWP6Yogsof915HdGW+jFWIWpoNRQVss2UVFLefMiQhQu3ihrN3pIjwLm7Cua2w8SBusTxzhIK/500e5cxkH15nCg3T0CelWD/pg0L8OTAVXRgg8ESK6VRWGFB6JplnVCdGcKUEa5eElPgvpliBMbAkC5zh/xSzzFhW6h6NNgyGpAkj",
            "tags": null,
            "tags_all": {}
          },
          "sensitive_attributes": [],
          "identity_schema_version": 0,
          "private": "eyJzY2hlbWFfdmVyc2lvbiI6IjEifQ==",
          "dependencies": [
            "tls_private_key.kp"
          ]
        }
      ]
    },
    {
      "mode": "managed",
      "type": "local_file",
      "name": "kp_private",
      "provider": "provider[\"registry.terraform.io/hashicorp/local\"]",
      "instances": [
        {
          "schema_version": 0,
          "attributes": {
            "content": "-----BEGIN RSA PRIVATE KEY-----\nMIIEpAIBAAKCAQEAtC8idJXJNVUI8N5Evzjm/h5pubnX1hX52eGg0BoInkrZjDkQ\nFvoA//koNmieQU9BTnAONNm8LnfQPMi2gDKOd/R3dbh6RmCYF9fX3uYROQ92mWk4\njcCtzXqgSIHtIoabzedRumIMfDJP8zUx+NV3C7lw8Ll7vb8DBXqt1Z2Zlj+mKILK\nH/deR3RlvoxViFqaDUUFbLNlFRS3nzIkIULt4oazd6SI8C5uwrmtsPEgbrE8c4SC\nv+dNHuXMZB9eZwoN09AnpVg/6YNC/DkwFV0YIPBEiulUVhhQeiaZZ1QnRnClBGuX\nhJT4L6ZYgTGwJAuc4f8Us8xYVuoejTYMhqQJIwIDAQABAoIBAQCCDW9aJO7ozqq4\naEXIm8Kmcr8u7cOq44vGRsOy0MedsTraqilB3Esydt0egF6Rlyn0+o5WeT4JcDNe\nXCTV3SfVzx8WWgPvnjLJKuLGINsXi2C4FClcr1EDedoM27KUdAIrGSZ1V+XZEtuA\nGMor56+YR84MAmUdLKx6nPSxtaIwviMV4VQEw0mAge+omKnIQGhf8Dniw+6ABGRD\nr/NL1hogM8bfcPw7irS+sYjirtXnjt2OPRacs1HoD9zH33CczrRwAs3MjoEh/YeO\nNBHOwtbM6QkUxYLy1AaJ9TPmMqAAQX3yl1I78Wkm6+Hb3jKA2oTYoxtOZTL7Bnoe\nSdkGr5FJAoGBAMXrZHElYIkkVNl4TgzhC6OB75lCfpjS8DbvXPSBoJCP6zEaE0wB\nFDdEk0sPHGHPneuwjQpbbcmz5xII/J7L8LfkjJgHjfiAQ6rUMVL3/EXVaWFGtsfQ\nbE39AI0S+MQPStW4JteK7+n1AdhhbqodMOdsyf4hc4XrUEwikHFbPBJ1AoGBAOkP\nYVN2sDD+q+1DkAokFEc6i/WZwJYYnhXYJR1gMCr38pChUINjj9O4zYS4fKFGnQxW\nj/1i2JYvNfff7UKE0mDxql3pTnHyNa1A48LBFHCkyr9zjG0ZRXUQj1O152t9qvEd\n1pdbd5QmjwsdRECz2KB5mMEewwomqrIN+S+khYo3AoGAQAOjqAjr0U+j9fa4X+gG\nCKuFIG/mXG2Vbl87FIY8taUm7+m8JhAPRtTyQwuvJV+ud0XSSHBL8Toz2Zx4gK/7\nuq68XovK+n4Z5M3e6jP1L20YOXNSuQwLi6nyHK7vMRK1JKz8Oyjf8i7hmufgkDsC\nz0dbicut/rmebhGb4F4e7uUCgYEA4vjQjylKxBxxsbsXv1iNyySwg3q+fS7yXlHH\nK4muv1oECGih8aN3wfj7ZiMJdUNA1XBEAMBQMEtAIuwYs6yI+lLA2X7Kn9wD/Hvy\nlIvXbTCAJ93PR7zR0QVUoHDKNPwJC5NEltlEZqr6qhdRjjXYZcimRIXB6tPnb0p+\ngLCYQRcCgYAA5tlJrwBz86rxA9CitFJ6fXxhgo6FWQjWf/ApDR1NYGUB3qVAaokT\ntB6W+C/YC8bWPgqr96MNzNG+k0F189bvdRP8xPxqzj58MACBhKbHk84ySP6Zvn1c\n3IXD6ayJYIj0+wfXTmZRSVlJjfxzBX8/OmBZabLm0a5wqchAgHkIPQ==\n-----END RSA PRIVATE KEY-----\n",
            "content_base64": null,
            "content_base64sha256": "dqoRK9VcF6DwVA8mZzrf52QUja+fe0utKlw6FdE88j8=",
            "content_base64sha512": "INXm9l+mEqlvH31QMvtwCP6YBbfSKtFMtiPTNHuFAe/xxR6kvzgbrB9IaID6QWT/gzpnRchNZW4EvebWgF0hTA==",
            "content_md5": "c9c7a4efab90e8adf5d7909dda652cfa",
            "content_sha1": "99e44c08b81da5152414ad84b9b042bf015bb0f7",
            "content_sha256": "76aa112bd55c17a0f0540f26673adfe764148daf9f7b4bad2a5c3a15d13cf23f",
            "content_sha512": "20d5e6f65fa612a96f1f7d5032fb7008fe9805b7d22ad14cb623d3347b8501eff1c51ea4bf381bac1f486880fa4164ff833a6745c84d656e04bde6d6805d214c",
            "directory_permission": "0777",
            "file_permission": "0600",
            "filename": "./kp.pem",
            "id": "99e44c08b81da5152414ad84b9b042bf015bb0f7",
            "sensitive_content": null,
            "source": null
          },
          "sensitive_attributes": [
            [
              {
                "type": "get_attr",
                "value": "content"
              }
            ],
            [
              {
                "type": "get_attr",
                "value": "sensitive_content"
              }
            ]
          ],
          "identity_schema_version": 0,
          "dependencies": [
            "tls_private_key.kp"
          ]
        }
      ]
    },
    {
      "mode": "managed",
      "type": "tls_private_key",
      "name": "kp",
      "provider": "provider[\"registry.terraform.io/hashicorp/tls\"]",
      "instances": [
        {
          "schema_version": 1,
          "attributes": {
            "algorithm": "RSA",
            "ecdsa_curve": "P224",
            "id": "e38667ec89035c888d6dfb83ffa3e1d958fc5747",
            "private_key_openssh": "-----BEGIN OPENSSH PRIVATE KEY-----\nb3BlbnNzaC1rZXktdjEAAAAABG5vbmUAAAAEbm9uZQAAAAAAAAABAAABFwAAAAdz\nc2gtcnNhAAAAAwEAAQAAAQEAtC8idJXJNVUI8N5Evzjm/h5pubnX1hX52eGg0BoI\nnkrZjDkQFvoA//koNmieQU9BTnAONNm8LnfQPMi2gDKOd/R3dbh6RmCYF9fX3uYR\nOQ92mWk4jcCtzXqgSIHtIoabzedRumIMfDJP8zUx+NV3C7lw8Ll7vb8DBXqt1Z2Z\nlj+mKILKH/deR3RlvoxViFqaDUUFbLNlFRS3nzIkIULt4oazd6SI8C5uwrmtsPEg\nbrE8c4SCv+dNHuXMZB9eZwoN09AnpVg/6YNC/DkwFV0YIPBEiulUVhhQeiaZZ1Qn\nRnClBGuXhJT4L6ZYgTGwJAuc4f8Us8xYVuoejTYMhqQJIwAAA7i1C5f4tQuX+AAA\nAAdzc2gtcnNhAAABAQC0LyJ0lck1VQjw3kS/OOb+Hmm5udfWFfnZ4aDQGgieStmM\nORAW+gD/+Sg2aJ5BT0FOcA402bwud9A8yLaAMo539Hd1uHpGYJgX19fe5hE5D3aZ\naTiNwK3NeqBIge0ihpvN51G6Ygx8Mk/zNTH41XcLuXDwuXu9vwMFeq3VnZmWP6Yo\ngsof915HdGW+jFWIWpoNRQVss2UVFLefMiQhQu3ihrN3pIjwLm7Cua2w8SBusTxz\nhIK/500e5cxkH15nCg3T0CelWD/pg0L8OTAVXRgg8ESK6VRWGFB6JplnVCdGcKUE\na5eElPgvpliBMbAkC5zh/xSzzFhW6h6NNgyGpAkjAAAAAwEAAQAAAQEAgg1vWiTu\n6M6quGhFyJvCpnK/Lu3DquOLxkbDstDHnbE62qopQdxLMnbdHoBekZcp9PqOVnk+\nCXAzXlwk1d0n1c8fFloD754yySrixiDbF4tguBQpXK9RA3naDNuylHQCKxkmdVfl\n2RLbgBjKK+evmEfODAJlHSysepz0sbWiML4jFeFUBMNJgIHvqJipyEBoX/A54sPu\ngARkQ6/zS9YaIDPG33D8O4q0vrGI4q7V547djj0WnLNR6A/cx99wnM60cALNzI6B\nIf2HjjQRzsLWzOkJFMWC8tQGifUz5jKgAEF98pdSO/FpJuvh294ygNqE2KMbTmUy\n+wZ6HknZBq+RSQAAAIAA5tlJrwBz86rxA9CitFJ6fXxhgo6FWQjWf/ApDR1NYGUB\n3qVAaokTtB6W+C/YC8bWPgqr96MNzNG+k0F189bvdRP8xPxqzj58MACBhKbHk84y\nSP6Zvn1c3IXD6ayJYIj0+wfXTmZRSVlJjfxzBX8/OmBZabLm0a5wqchAgHkIPQAA\nAIEAxetkcSVgiSRU2XhODOELo4HvmUJ+mNLwNu9c9IGgkI/rMRoTTAEUN0STSw8c\nYc+d67CNClttybPnEgj8nsvwt+SMmAeN+IBDqtQxUvf8RdVpYUa2x9BsTf0AjRL4\nxA9K1bgm14rv6fUB2GFuqh0w52zJ/iFzhetQTCKQcVs8EnUAAACBAOkPYVN2sDD+\nq+1DkAokFEc6i/WZwJYYnhXYJR1gMCr38pChUINjj9O4zYS4fKFGnQxWj/1i2JYv\nNfff7UKE0mDxql3pTnHyNa1A48LBFHCkyr9zjG0ZRXUQj1O152t9qvEd1pdbd5Qm\njwsdRECz2KB5mMEewwomqrIN+S+khYo3AAAAAAEC\n-----END OPENSSH PRIVATE KEY-----\n",
            "private_key_pem": "-----BEGIN RSA PRIVATE KEY-----\nMIIEpAIBAAKCAQEAtC8idJXJNVUI8N5Evzjm/h5pubnX1hX52eGg0BoInkrZjDkQ\nFvoA//koNmieQU9BTnAONNm8LnfQPMi2gDKOd/R3dbh6RmCYF9fX3uYROQ92mWk4\njcCtzXqgSIHtIoabzedRumIMfDJP8zUx+NV3C7lw8Ll7vb8DBXqt1Z2Zlj+mKILK\nH/deR3RlvoxViFqaDUUFbLNlFRS3nzIkIULt4oazd6SI8C5uwrmtsPEgbrE8c4SC\nv+dNHuXMZB9eZwoN09AnpVg/6YNC/DkwFV0YIPBEiulUVhhQeiaZZ1QnRnClBGuX\nhJT4L6ZYgTGwJAuc4f8Us8xYVuoejTYMhqQJIwIDAQABAoIBAQCCDW9aJO7ozqq4\naEXIm8Kmcr8u7cOq44vGRsOy0MedsTraqilB3Esydt0egF6Rlyn0+o5WeT4JcDNe\nXCTV3SfVzx8WWgPvnjLJKuLGINsXi2C4FClcr1EDedoM27KUdAIrGSZ1V+XZEtuA\nGMor56+YR84MAmUdLKx6nPSxtaIwviMV4VQEw0mAge+omKnIQGhf8Dniw+6ABGRD\nr/NL1hogM8bfcPw7irS+sYjirtXnjt2OPRacs1HoD9zH33CczrRwAs3MjoEh/YeO\nNBHOwtbM6QkUxYLy1AaJ9TPmMqAAQX3yl1I78Wkm6+Hb3jKA2oTYoxtOZTL7Bnoe\nSdkGr5FJAoGBAMXrZHElYIkkVNl4TgzhC6OB75lCfpjS8DbvXPSBoJCP6zEaE0wB\nFDdEk0sPHGHPneuwjQpbbcmz5xII/J7L8LfkjJgHjfiAQ6rUMVL3/EXVaWFGtsfQ\nbE39AI0S+MQPStW4JteK7+n1AdhhbqodMOdsyf4hc4XrUEwikHFbPBJ1AoGBAOkP\nYVN2sDD+q+1DkAokFEc6i/WZwJYYnhXYJR1gMCr38pChUINjj9O4zYS4fKFGnQxW\nj/1i2JYvNfff7UKE0mDxql3pTnHyNa1A48LBFHCkyr9zjG0ZRXUQj1O152t9qvEd\n1pdbd5QmjwsdRECz2KB5mMEewwomqrIN+S+khYo3AoGAQAOjqAjr0U+j9fa4X+gG\nCKuFIG/mXG2Vbl87FIY8taUm7+m8JhAPRtTyQwuvJV+ud0XSSHBL8Toz2Zx4gK/7\nuq68XovK+n4Z5M3e6jP1L20YOXNSuQwLi6nyHK7vMRK1JKz8Oyjf8i7hmufgkDsC\nz0dbicut/rmebhGb4F4e7uUCgYEA4vjQjylKxBxxsbsXv1iNyySwg3q+fS7yXlHH\nK4muv1oECGih8aN3wfj7ZiMJdUNA1XBEAMBQMEtAIuwYs6yI+lLA2X7Kn9wD/Hvy\nlIvXbTCAJ93PR7zR0QVUoHDKNPwJC5NEltlEZqr6qhdRjjXYZcimRIXB6tPnb0p+\ngLCYQRcCgYAA5tlJrwBz86rxA9CitFJ6fXxhgo6FWQjWf/ApDR1NYGUB3qVAaokT\ntB6W+C/YC8bWPgqr96MNzNG+k0F189bvdRP8xPxqzj58MACBhKbHk84ySP6Zvn1c\n3IXD6ayJYIj0+wfXTmZRSVlJjfxzBX8/OmBZabLm0a5wqchAgHkIPQ==\n-----END RSA PRIVATE KEY-----\n",
            "private_key_pem_pkcs8": "-----BEGIN PRIVATE KEY-----\nMIIEvgIBADANBgkqhkiG9w0BAQEFAASCBKgwggSkAgEAAoIBAQC0LyJ0lck1VQjw\n3kS/OOb+Hmm5udfWFfnZ4aDQGgieStmMORAW+gD/+Sg2aJ5BT0FOcA402bwud9A8\nyLaAMo539Hd1uHpGYJgX19fe5hE5D3aZaTiNwK3NeqBIge0ihpvN51G6Ygx8Mk/z\nNTH41XcLuXDwuXu9vwMFeq3VnZmWP6Yogsof915HdGW+jFWIWpoNRQVss2UVFLef\nMiQhQu3ihrN3pIjwLm7Cua2w8SBusTxzhIK/500e5cxkH15nCg3T0CelWD/pg0L8\nOTAVXRgg8ESK6VRWGFB6JplnVCdGcKUEa5eElPgvpliBMbAkC5zh/xSzzFhW6h6N\nNgyGpAkjAgMBAAECggEBAIINb1ok7ujOqrhoRcibwqZyvy7tw6rji8ZGw7LQx52x\nOtqqKUHcSzJ23R6AXpGXKfT6jlZ5PglwM15cJNXdJ9XPHxZaA++eMskq4sYg2xeL\nYLgUKVyvUQN52gzbspR0AisZJnVX5dkS24AYyivnr5hHzgwCZR0srHqc9LG1ojC+\nIxXhVATDSYCB76iYqchAaF/wOeLD7oAEZEOv80vWGiAzxt9w/DuKtL6xiOKu1eeO\n3Y49FpyzUegP3MffcJzOtHACzcyOgSH9h440Ec7C1szpCRTFgvLUBon1M+YyoABB\nffKXUjvxaSbr4dveMoDahNijG05lMvsGeh5J2QavkUkCgYEAxetkcSVgiSRU2XhO\nDOELo4HvmUJ+mNLwNu9c9IGgkI/rMRoTTAEUN0STSw8cYc+d67CNClttybPnEgj8\nnsvwt+SMmAeN+IBDqtQxUvf8RdVpYUa2x9BsTf0AjRL4xA9K1bgm14rv6fUB2GFu\nqh0w52zJ/iFzhetQTCKQcVs8EnUCgYEA6Q9hU3awMP6r7UOQCiQURzqL9ZnAlhie\nFdglHWAwKvfykKFQg2OP07jNhLh8oUadDFaP/WLYli8199/tQoTSYPGqXelOcfI1\nrUDjwsEUcKTKv3OMbRlFdRCPU7Xna32q8R3Wl1t3lCaPCx1EQLPYoHmYwR7DCiaq\nsg35L6SFijcCgYBAA6OoCOvRT6P19rhf6AYIq4Ugb+ZcbZVuXzsUhjy1pSbv6bwm\nEA9G1PJDC68lX653RdJIcEvxOjPZnHiAr/u6rrxei8r6fhnkzd7qM/UvbRg5c1K5\nDAuLqfIcru8xErUkrPw7KN/yLuGa5+CQOwLPR1uJy63+uZ5uEZvgXh7u5QKBgQDi\n+NCPKUrEHHGxuxe/WI3LJLCDer59LvJeUccria6/WgQIaKHxo3fB+PtmIwl1Q0DV\ncEQAwFAwS0Ai7BizrIj6UsDZfsqf3AP8e/KUi9dtMIAn3c9HvNHRBVSgcMo0/AkL\nk0SW2URmqvqqF1GONdhlyKZEhcHq0+dvSn6AsJhBFwKBgADm2UmvAHPzqvED0KK0\nUnp9fGGCjoVZCNZ/8CkNHU1gZQHepUBqiRO0Hpb4L9gLxtY+Cqv3ow3M0b6TQXXz\n1u91E/zE/GrOPnwwAIGEpseTzjJI/pm+fVzchcPprIlgiPT7B9dOZlFJWUmN/HMF\nfz86YFlpsubRrnCpyECAeQg9\n-----END PRIVATE KEY-----\n",
            "public_key_fingerprint_md5": "83:8a:b3:f4:74:fb:39:ab:4e:8c:c0:3e:db:99:70:75",
            "public_key_fingerprint_sha256": "SHA256:AJAFSd2GPvI2bILg2tGfvEtOWgBhaGeUM9gNHDaABDE",
            "public_key_openssh": "ssh-rsa AAAAB3NzaC1yc2EAAAADAQABAAABAQC0LyJ0lck1VQjw3kS/OOb+Hmm5udfWFfnZ4aDQGgieStmMORAW+gD/+Sg2aJ5BT0FOcA402bwud9A8yLaAMo539Hd1uHpGYJgX19fe5hE5D3aZaTiNwK3NeqBIge0ihpvN51G6Ygx8Mk/zNTH41XcLuXDwuXu9vwMFeq3VnZmWP6Yogsof915HdGW+jFWIWpoNRQVss2UVFLefMiQhQu3ihrN3pIjwLm7Cua2w8SBusTxzhIK/500e5cxkH15nCg3T0CelWD/pg0L8OTAVXRgg8ESK6VRWGFB6JplnVCdGcKUEa5eElPgvpliBMbAkC5zh/xSzzFhW6h6NNgyGpAkj\n",
            "public_key_pem": "-----BEGIN PUBLIC KEY-----\nMIIBIjANBgkqhkiG9w0BAQEFAAOCAQ8AMIIBCgKCAQEAtC8idJXJNVUI8N5Evzjm\n/h5pubnX1hX52eGg0BoInkrZjDkQFvoA//koNmieQU9BTnAONNm8LnfQPMi2gDKO\nd/R3dbh6RmCYF9fX3uYROQ92mWk4jcCtzXqgSIHtIoabzedRumIMfDJP8zUx+NV3\nC7lw8Ll7vb8DBXqt1Z2Zlj+mKILKH/deR3RlvoxViFqaDUUFbLNlFRS3nzIkIULt\n4oazd6SI8C5uwrmtsPEgbrE8c4SCv+dNHuXMZB9eZwoN09AnpVg/6YNC/DkwFV0Y\nIPBEiulUVhhQeiaZZ1QnRnClBGuXhJT4L6ZYgTGwJAuc4f8Us8xYVuoejTYMhqQJ\nIwIDAQAB\n-----END PUBLIC KEY-----\n",
            "rsa_bits": 2048
          },
          "sensitive_attributes": [
            [
              {
                "type": "get_attr",
                "value": "private_key_openssh"
              }
            ],
            [
              {
                "type": "get_attr",
                "value": "private_key_pem"
              }
            ],
            [
              {
                "type": "get_attr",
                "value": "private_key_pem_pkcs8"
              }
            ]
          ],
          "identity_schema_version": 0
        }
      ]
    },
    {
      "module": "module.networking",
      "mode": "managed",
      "type": "aws_eip",
      "name": "eip",
      "provider": "provider[\"registry.terraform.io/hashicorp/aws\"]",
      "instances": [
        {
          "schema_version": 0,
          "attributes": {
            "address": null,
            "allocation_id": "eipalloc-0d5a62a74d73adc66",
            "associate_with_private_ip": null,
            "association_id": "",
            "carrier_ip": "",
            "customer_owned_ip": "",
            "customer_owned_ipv4_pool": "",
            "domain": "vpc",
            "id": "eipalloc-0d5a62a74d73adc66",
            "instance": "",
            "network_border_group": "us-east-1",
            "network_interface": "",
            "private_dns": null,
            "private_ip": "",
            "public_dns": "ec2-98-85-63-25.compute-1.amazonaws.com",
            "public_ip": "98.85.63.25",
            "public_ipv4_pool": "amazon",
            "tags": {
              "Name": "nat-eip"
            },
            "tags_all": {
              "Name": "nat-eip"
            },
            "timeouts": null,
            "vpc": true
          },
          "sensitive_attributes": [],
          "identity_schema_version": 0,
          "private": "eyJlMmJmYjczMC1lY2FhLTExZTYtOGY4OC0zNDM2M2JjN2M0YzAiOnsiZGVsZXRlIjoxODAwMDAwMDAwMDAsInJlYWQiOjkwMDAwMDAwMDAwMCwidXBkYXRlIjozMDAwMDAwMDAwMDB9fQ=="
        }
      ]
    },
    {
      "module": "module.networking",
      "mode": "managed",
      "type": "aws_internet_gateway",
      "name": "igw",
      "provider": "provider[\"registry.terraform.io/hashicorp/aws\"]",
      "instances": [
        {
          "schema_version": 0,
          "attributes": {
            "arn": "arn:aws:ec2:us-east-1:211945238188:internet-gateway/igw-06f2d53dbd474e3de",
            "id": "igw-06f2d53dbd474e3de",
            "owner_id": "211945238188",
            "tags": {
              "Name": "main-igw"
            },
            "tags_all": {
              "Name": "main-igw"
            },
            "timeouts": null,
            "vpc_id": "vpc-0275983b213edd599"
          },
          "sensitive_attributes": [],
          "identity_schema_version": 0,
          "private": "eyJlMmJmYjczMC1lY2FhLTExZTYtOGY4OC0zNDM2M2JjN2M0YzAiOnsiY3JlYXRlIjoxMjAwMDAwMDAwMDAwLCJkZWxldGUiOjEyMDAwMDAwMDAwMDAsInVwZGF0ZSI6MTIwMDAwMDAwMDAwMH19",
          "dependencies": [
            "module.networking.aws_vpc.vpc"
          ]
        }
      ]
    },
    {
      "module": "module.networking",
      "mode": "managed",
      "type": "aws_nat_gateway",
      "name": "ngw",
      "provider": "provider[\"registry.terraform.io/hashicorp/aws\"]",
      "instances": [
        {
          "schema_version": 0,
          "attributes": {
            "allocation_id": "eipalloc-0d5a62a74d73adc66",
            "association_id": "eipassoc-0ade8e1cf5e820cc2",
            "connectivity_type": "public",
            "id": "nat-0c22adfc2b94277d6",
            "network_interface_id": "eni-0e84eb9f2a3717977",
            "private_ip": "10.0.1.227",
            "public_ip": "98.85.63.25",
            "secondary_allocation_ids": null,
            "secondary_private_ip_address_count": 0,
            "secondary_private_ip_addresses": [],
            "subnet_id": "subnet-0079468263a1e0628",
            "tags": null,
            "tags_all": {},
            "timeouts": null
          },
          "sensitive_attributes": [],
          "identity_schema_version": 0,
          "private": "eyJlMmJmYjczMC1lY2FhLTExZTYtOGY4OC0zNDM2M2JjN2M0YzAiOnsiY3JlYXRlIjo2MDAwMDAwMDAwMDAsImRlbGV0ZSI6MTgwMDAwMDAwMDAwMCwidXBkYXRlIjo2MDAwMDAwMDAwMDB9fQ==",
          "dependencies": [
            "module.networking.aws_eip.eip",
            "module.networking.aws_subnet.public_subnet",
            "module.networking.aws_vpc.vpc"
          ]
        }
      ]
    },
    {
      "module": "module.networking",
      "mode": "managed",
      "type": "aws_route_table",
      "name": "private_rt",
      "provider": "provider[\"registry.terraform.io/hashicorp/aws\"]",
      "instances": [
        {
          "schema_version": 0,
          "attributes": {
            "arn": "arn:aws:ec2:us-east-1:211945238188:route-table/rtb-0b3f1be1f35cfcf1b",
            "id": "rtb-0b3f1be1f35cfcf1b",
            "owner_id": "211945238188",
            "propagating_vgws": [],
            "route": [
              {
                "carrier_gateway_id": "",
                "cidr_block": "0.0.0.0/0",
                "core_network_arn": "",
                "destination_prefix_list_id": "",
                "egress_only_gateway_id": "",
                "gateway_id": "",
                "ipv6_cidr_block": "",
                "local_gateway_id": "",
                "nat_gateway_id": "nat-0c22adfc2b94277d6",
                "network_interface_id": "",
                "transit_gateway_id": "",
                "vpc_endpoint_id": "",
                "vpc_peering_connection_id": ""
              }
            ],
            "tags": {
              "Name": "private-rt"
            },
            "tags_all": {
              "Name": "private-rt"
            },
            "timeouts": null,
            "vpc_id": "vpc-0275983b213edd599"
          },
          "sensitive_attributes": [],
          "identity_schema_version": 0,
          "private": "eyJlMmJmYjczMC1lY2FhLTExZTYtOGY4OC0zNDM2M2JjN2M0YzAiOnsiY3JlYXRlIjozMDAwMDAwMDAwMDAsImRlbGV0ZSI6MzAwMDAwMDAwMDAwLCJ1cGRhdGUiOjEyMDAwMDAwMDAwMH19",
          "dependencies": [
            "module.networking.aws_eip.eip",
            "module.networking.aws_nat_gateway.ngw",
            "module.networking.aws_subnet.public_subnet",
            "module.networking.aws_vpc.vpc"
          ]
        }
      ]
    },
    {
      "module": "module.networking",
      "mode": "managed",
      "type": "aws_route_table",
      "name": "public_rt",
      "provider": "provider[\"registry.terraform.io/hashicorp/aws\"]",
      "instances": [
        {
          "schema_version": 0,
          "attributes": {
            "arn": "arn:aws:ec2:us-east-1:211945238188:route-table/rtb-07e75311d5cd1e785",
            "id": "rtb-07e75311d5cd1e785",
            "owner_id": "211945238188",
            "propagating_vgws": [],
            "route": [
              {
                "carrier_gateway_id": "",
                "cidr_block": "0.0.0.0/0",
                "core_network_arn": "",
                "destination_prefix_list_id": "",
                "egress_only_gateway_id": "",
                "gateway_id": "igw-06f2d53dbd474e3de",
                "ipv6_cidr_block": "",
                "local_gateway_id": "",
                "nat_gateway_id": "",
                "network_interface_id": "",
                "transit_gateway_id": "",
                "vpc_endpoint_id": "",
                "vpc_peering_connection_id": ""
              }
            ],
            "tags": {
              "Name": "public-rt"
            },
            "tags_all": {
              "Name": "public-rt"
            },
            "timeouts": null,
            "vpc_id": "vpc-0275983b213edd599"
          },
          "sensitive_attributes": [],
          "identity_schema_version": 0,
          "private": "eyJlMmJmYjczMC1lY2FhLTExZTYtOGY4OC0zNDM2M2JjN2M0YzAiOnsiY3JlYXRlIjozMDAwMDAwMDAwMDAsImRlbGV0ZSI6MzAwMDAwMDAwMDAwLCJ1cGRhdGUiOjEyMDAwMDAwMDAwMH19",
          "dependencies": [
            "module.networking.aws_internet_gateway.igw",
            "module.networking.aws_vpc.vpc"
          ]
        }
      ]
    },
    {
      "module": "module.networking",
      "mode": "managed",
      "type": "aws_route_table_association",
      "name": "private_rta",
      "provider": "provider[\"registry.terraform.io/hashicorp/aws\"]",
      "instances": [
        {
          "schema_version": 0,
          "attributes": {
            "gateway_id": "",
            "id": "rtbassoc-05cafca8128be21be",
            "route_table_id": "rtb-0b3f1be1f35cfcf1b",
            "subnet_id": "subnet-06c285e1ec5ee8018",
            "timeouts": null
          },
          "sensitive_attributes": [],
          "identity_schema_version": 0,
          "private": "eyJlMmJmYjczMC1lY2FhLTExZTYtOGY4OC0zNDM2M2JjN2M0YzAiOnsiY3JlYXRlIjozMDAwMDAwMDAwMDAsImRlbGV0ZSI6MzAwMDAwMDAwMDAwLCJ1cGRhdGUiOjEyMDAwMDAwMDAwMH19",
          "dependencies": [
            "module.networking.aws_eip.eip",
            "module.networking.aws_nat_gateway.ngw",
            "module.networking.aws_route_table.private_rt",
            "module.networking.aws_subnet.private_subnet",
            "module.networking.aws_subnet.public_subnet",
            "module.networking.aws_vpc.vpc"
          ]
        }
      ]
    },
    {
      "module": "module.networking",
      "mode": "managed",
      "type": "aws_route_table_association",
      "name": "public_rta",
      "provider": "provider[\"registry.terraform.io/hashicorp/aws\"]",
      "instances": [
        {
          "schema_version": 0,
          "attributes": {
            "gateway_id": "",
            "id": "rtbassoc-06b6022e0627b7d35",
            "route_table_id": "rtb-07e75311d5cd1e785",
            "subnet_id": "subnet-0079468263a1e0628",
            "timeouts": null
          },
          "sensitive_attributes": [],
          "identity_schema_version": 0,
          "private": "eyJlMmJmYjczMC1lY2FhLTExZTYtOGY4OC0zNDM2M2JjN2M0YzAiOnsiY3JlYXRlIjozMDAwMDAwMDAwMDAsImRlbGV0ZSI6MzAwMDAwMDAwMDAwLCJ1cGRhdGUiOjEyMDAwMDAwMDAwMH19",
          "dependencies": [
            "module.networking.aws_internet_gateway.igw",
            "module.networking.aws_route_table.public_rt",
            "module.networking.aws_subnet.public_subnet",
            "module.networking.aws_vpc.vpc"
          ]
        }
      ]
    },
    {
      "module": "module.networking",
      "mode": "managed",
      "type": "aws_subnet",
      "name": "private_subnet",
      "provider": "provider[\"registry.terraform.io/hashicorp/aws\"]",
      "instances": [
        {
          "schema_version": 1,
          "attributes": {
            "arn": "arn:aws:ec2:us-east-1:211945238188:subnet/subnet-06c285e1ec5ee8018",
            "assign_ipv6_address_on_creation": false,
            "availability_zone": "us-east-1e",
            "availability_zone_id": "use1-az3",
            "cidr_block": "10.0.2.0/24",
            "customer_owned_ipv4_pool": "",
            "enable_dns64": false,
            "enable_lni_at_device_index": 0,
            "enable_resource_name_dns_a_record_on_launch": false,
            "enable_resource_name_dns_aaaa_record_on_launch": false,
            "id": "subnet-06c285e1ec5ee8018",
            "ipv6_cidr_block": "",
            "ipv6_cidr_block_association_id": "",
            "ipv6_native": false,
            "map_customer_owned_ip_on_launch": false,
            "map_public_ip_on_launch": false,
            "outpost_arn": "",
            "owner_id": "211945238188",
            "private_dns_hostname_type_on_launch": "ip-name",
            "tags": {
              "Name": "private-subnet"
            },
            "tags_all": {
              "Name": "private-subnet"
            },
            "timeouts": null,
            "vpc_id": "vpc-0275983b213edd599"
          },
          "sensitive_attributes": [],
          "identity_schema_version": 0,
          "private": "eyJlMmJmYjczMC1lY2FhLTExZTYtOGY4OC0zNDM2M2JjN2M0YzAiOnsiY3JlYXRlIjo2MDAwMDAwMDAwMDAsImRlbGV0ZSI6MTIwMDAwMDAwMDAwMH0sInNjaGVtYV92ZXJzaW9uIjoiMSJ9",
          "dependencies": [
            "module.networking.aws_vpc.vpc"
          ]
        }
      ]
    },
    {
      "module": "module.networking",
      "mode": "managed",
      "type": "aws_subnet",
      "name": "public_subnet",
      "provider": "provider[\"registry.terraform.io/hashicorp/aws\"]",
      "instances": [
        {
          "schema_version": 1,
          "attributes": {
            "arn": "arn:aws:ec2:us-east-1:211945238188:subnet/subnet-0079468263a1e0628",
            "assign_ipv6_address_on_creation": false,
            "availability_zone": "us-east-1e",
            "availability_zone_id": "use1-az3",
            "cidr_block": "10.0.1.0/24",
            "customer_owned_ipv4_pool": "",
            "enable_dns64": false,
            "enable_lni_at_device_index": 0,
            "enable_resource_name_dns_a_record_on_launch": false,
            "enable_resource_name_dns_aaaa_record_on_launch": false,
            "id": "subnet-0079468263a1e0628",
            "ipv6_cidr_block": "",
            "ipv6_cidr_block_association_id": "",
            "ipv6_native": false,
            "map_customer_owned_ip_on_launch": false,
            "map_public_ip_on_launch": true,
            "outpost_arn": "",
            "owner_id": "211945238188",
            "private_dns_hostname_type_on_launch": "ip-name",
            "tags": {
              "Name": "public-subnet"
            },
            "tags_all": {
              "Name": "public-subnet"
            },
            "timeouts": null,
            "vpc_id": "vpc-0275983b213edd599"
          },
          "sensitive_attributes": [],
          "identity_schema_version": 0,
          "private": "eyJlMmJmYjczMC1lY2FhLTExZTYtOGY4OC0zNDM2M2JjN2M0YzAiOnsiY3JlYXRlIjo2MDAwMDAwMDAwMDAsImRlbGV0ZSI6MTIwMDAwMDAwMDAwMH0sInNjaGVtYV92ZXJzaW9uIjoiMSJ9",
          "dependencies": [
            "module.networking.aws_vpc.vpc"
          ]
        }
      ]
    },
    {
      "module": "module.networking",
      "mode": "managed",
      "type": "aws_vpc",
      "name": "vpc",
      "provider": "provider[\"registry.terraform.io/hashicorp/aws\"]",
      "instances": [
        {
          "schema_version": 1,
          "attributes": {
            "arn": "arn:aws:ec2:us-east-1:211945238188:vpc/vpc-0275983b213edd599",
            "assign_generated_ipv6_cidr_block": false,
            "cidr_block": "10.0.0.0/16",
            "default_network_acl_id": "acl-09d237801f289965b",
            "default_route_table_id": "rtb-03d9851db6b533587",
            "default_security_group_id": "sg-0f868df7a010a62cf",
            "dhcp_options_id": "dopt-01c65b9cb0d88c459",
            "enable_dns_hostnames": true,
            "enable_dns_support": true,
            "enable_network_address_usage_metrics": false,
            "id": "vpc-0275983b213edd599",
            "instance_tenancy": "default",
            "ipv4_ipam_pool_id": null,
            "ipv4_netmask_length": null,
            "ipv6_association_id": "",
            "ipv6_cidr_block": "",
            "ipv6_cidr_block_network_border_group": "",
            "ipv6_ipam_pool_id": "",
            "ipv6_netmask_length": 0,
            "main_route_table_id": "rtb-03d9851db6b533587",
            "owner_id": "211945238188",
            "tags": {
              "Name": "main-vpc"
            },
            "tags_all": {
              "Name": "main-vpc"
            }
          },
          "sensitive_attributes": [],
          "identity_schema_version": 0,
          "private": "eyJzY2hlbWFfdmVyc2lvbiI6IjEifQ=="
        }
      ]
    },
    {
      "module": "module.production",
      "mode": "managed",
      "type": "aws_security_group",
      "name": "private_sg",
      "provider": "provider[\"registry.terraform.io/hashicorp/aws\"]",
      "instances": [
        {
          "schema_version": 1,
          "attributes": {
            "arn": "arn:aws:ec2:us-east-1:211945238188:security-group/sg-057bd9b619eaebddd",
            "description": "Managed by Terraform",
            "egress": [
              {
                "cidr_blocks": [
                  "0.0.0.0/0"
                ],
                "description": "",
                "from_port": 0,
                "ipv6_cidr_blocks": [],
                "prefix_list_ids": [],
                "protocol": "-1",
                "security_groups": [],
                "self": false,
                "to_port": 0
              }
            ],
            "id": "sg-057bd9b619eaebddd",
            "ingress": [
              {
                "cidr_blocks": [],
                "description": "",
                "from_port": 22,
                "ipv6_cidr_blocks": [],
                "prefix_list_ids": [],
                "protocol": "tcp",
                "security_groups": [
                  "sg-04b01122f8b06313b"
                ],
                "self": false,
                "to_port": 22
              }
            ],
            "name": "private_sg",
            "name_prefix": "",
            "owner_id": "211945238188",
            "revoke_rules_on_delete": false,
            "tags": {
              "Name": "private-ec2-sg"
            },
            "tags_all": {
              "Name": "private-ec2-sg"
            },
            "timeouts": null,
            "vpc_id": "vpc-0275983b213edd599"
          },
          "sensitive_attributes": [],
          "identity_schema_version": 0,
          "private": "eyJlMmJmYjczMC1lY2FhLTExZTYtOGY4OC0zNDM2M2JjN2M0YzAiOnsiY3JlYXRlIjo2MDAwMDAwMDAwMDAsImRlbGV0ZSI6OTAwMDAwMDAwMDAwfSwic2NoZW1hX3ZlcnNpb24iOiIxIn0=",
          "dependencies": [
            "module.networking.aws_vpc.vpc",
            "module.production.aws_security_group.public_sg"
          ]
        }
      ]
    },
    {
      "module": "module.production",
      "mode": "managed",
      "type": "aws_security_group",
      "name": "public_sg",
      "provider": "provider[\"registry.terraform.io/hashicorp/aws\"]",
      "instances": [
        {
          "schema_version": 1,
          "attributes": {
            "arn": "arn:aws:ec2:us-east-1:211945238188:security-group/sg-04b01122f8b06313b",
            "description": "Managed by Terraform",
            "egress": [
              {
                "cidr_blocks": [
                  "0.0.0.0/0"
                ],
                "description": "",
                "from_port": 0,
                "ipv6_cidr_blocks": [],
                "prefix_list_ids": [],
                "protocol": "-1",
                "security_groups": [],
                "self": false,
                "to_port": 0
              }
            ],
            "id": "sg-04b01122f8b06313b",
            "ingress": [
              {
                "cidr_blocks": [
                  "0.0.0.0/0"
                ],
                "description": "",
                "from_port": 22,
                "ipv6_cidr_blocks": [],
                "prefix_list_ids": [],
                "protocol": "tcp",
                "security_groups": [],
                "self": false,
                "to_port": 22
              }
            ],
            "name": "public_sg",
            "name_prefix": "",
            "owner_id": "211945238188",
            "revoke_rules_on_delete": false,
            "tags": {
              "Name": "bastion-sg"
            },
            "tags_all": {
              "Name": "bastion-sg"
            },
            "timeouts": null,
            "vpc_id": "vpc-0275983b213edd599"
          },
          "sensitive_attributes": [],
          "identity_schema_version": 0,
          "private": "eyJlMmJmYjczMC1lY2FhLTExZTYtOGY4OC0zNDM2M2JjN2M0YzAiOnsiY3JlYXRlIjo2MDAwMDAwMDAwMDAsImRlbGV0ZSI6OTAwMDAwMDAwMDAwfSwic2NoZW1hX3ZlcnNpb24iOiIxIn0=",
          "dependencies": [
            "module.networking.aws_vpc.vpc"
          ]
        }
      ]
    }
  ],
  "check_results": null
}
